// !$*UTF8*$!
{
	archiveVersion = 1;
	classes = {
	};
	objectVersion = 46;
	objects = {

/* Begin PBXBuildFile section */
		D7455E1D1A49198F00A52006 /* AppDelegate.swift in Sources */ = {isa = PBXBuildFile; fileRef = D7455E1C1A49198F00A52006 /* AppDelegate.swift */; };
		D7455E1F1A49198F00A52006 /* ViewController.swift in Sources */ = {isa = PBXBuildFile; fileRef = D7455E1E1A49198F00A52006 /* ViewController.swift */; };
		D7455E221A49198F00A52006 /* Main.storyboard in Resources */ = {isa = PBXBuildFile; fileRef = D7455E201A49198F00A52006 /* Main.storyboard */; };
		D7455E241A49198F00A52006 /* Images.xcassets in Resources */ = {isa = PBXBuildFile; fileRef = D7455E231A49198F00A52006 /* Images.xcassets */; };
		D7455E271A49198F00A52006 /* LaunchScreen.xib in Resources */ = {isa = PBXBuildFile; fileRef = D7455E251A49198F00A52006 /* LaunchScreen.xib */; };
		D7455E331A49198F00A52006 /* Demo_AppTests.swift in Sources */ = {isa = PBXBuildFile; fileRef = D7455E321A49198F00A52006 /* Demo_AppTests.swift */; };
/* End PBXBuildFile section */

/* Begin PBXContainerItemProxy section */
		D7455E2D1A49198F00A52006 /* PBXContainerItemProxy */ = {
			isa = PBXContainerItemProxy;
			containerPortal = D7455E0F1A49198F00A52006 /* Project object */;
			proxyType = 1;
			remoteGlobalIDString = D7455E161A49198F00A52006;
			remoteInfo = "Demo App";
		};
/* End PBXContainerItemProxy section */

/* Begin PBXFileReference section */
		D7455E171A49198F00A52006 /* Demo App.app */ = {isa = PBXFileReference; explicitFileType = wrapper.application; includeInIndex = 0; path = "Demo App.app"; sourceTree = BUILT_PRODUCTS_DIR; };
		D7455E1B1A49198F00A52006 /* Info.plist */ = {isa = PBXFileReference; lastKnownFileType = text.plist.xml; path = Info.plist; sourceTree = "<group>"; };
		D7455E1C1A49198F00A52006 /* AppDelegate.swift */ = {isa = PBXFileReference; lastKnownFileType = sourcecode.swift; path = AppDelegate.swift; sourceTree = "<group>"; };
		D7455E1E1A49198F00A52006 /* ViewController.swift */ = {isa = PBXFileReference; lastKnownFileType = sourcecode.swift; path = ViewController.swift; sourceTree = "<group>"; };
		D7455E211A49198F00A52006 /* Base */ = {isa = PBXFileReference; lastKnownFileType = file.storyboard; name = Base; path = Base.lproj/Main.storyboard; sourceTree = "<group>"; };
		D7455E231A49198F00A52006 /* Images.xcassets */ = {isa = PBXFileReference; lastKnownFileType = folder.assetcatalog; path = Images.xcassets; sourceTree = "<group>"; };
		D7455E261A49198F00A52006 /* Base */ = {isa = PBXFileReference; lastKnownFileType = file.xib; name = Base; path = Base.lproj/LaunchScreen.xib; sourceTree = "<group>"; };
		D7455E2C1A49198F00A52006 /* Demo AppTests.xctest */ = {isa = PBXFileReference; explicitFileType = wrapper.cfbundle; includeInIndex = 0; path = "Demo AppTests.xctest"; sourceTree = BUILT_PRODUCTS_DIR; };
		D7455E311A49198F00A52006 /* Info.plist */ = {isa = PBXFileReference; lastKnownFileType = text.plist.xml; path = Info.plist; sourceTree = "<group>"; };
		D7455E321A49198F00A52006 /* Demo_AppTests.swift */ = {isa = PBXFileReference; lastKnownFileType = sourcecode.swift; path = Demo_AppTests.swift; sourceTree = "<group>"; };
/* End PBXFileReference section */

/* Begin PBXFrameworksBuildPhase section */
		D7455E141A49198F00A52006 /* Frameworks */ = {
			isa = PBXFrameworksBuildPhase;
			buildActionMask = 2147483647;
			files = (
			);
			runOnlyForDeploymentPostprocessing = 0;
		};
		D7455E291A49198F00A52006 /* Frameworks */ = {
			isa = PBXFrameworksBuildPhase;
			buildActionMask = 2147483647;
			files = (
			);
			runOnlyForDeploymentPostprocessing = 0;
		};
/* End PBXFrameworksBuildPhase section */

/* Begin PBXGroup section */
		D7455E0E1A49198F00A52006 = {
			isa = PBXGroup;
			children = (
				D7455E191A49198F00A52006 /* Demo App */,
				D7455E2F1A49198F00A52006 /* Demo AppTests */,
				D7455E181A49198F00A52006 /* Products */,
			);
			sourceTree = "<group>";
		};
		D7455E181A49198F00A52006 /* Products */ = {
			isa = PBXGroup;
			children = (
				D7455E171A49198F00A52006 /* Demo App.app */,
				D7455E2C1A49198F00A52006 /* Demo AppTests.xctest */,
			);
			name = Products;
			sourceTree = "<group>";
		};
		D7455E191A49198F00A52006 /* Demo App */ = {
			isa = PBXGroup;
			children = (
				D7455E1C1A49198F00A52006 /* AppDelegate.swift */,
				D7455E1E1A49198F00A52006 /* ViewController.swift */,
				D7455E201A49198F00A52006 /* Main.storyboard */,
				D7455E231A49198F00A52006 /* Images.xcassets */,
				D7455E251A49198F00A52006 /* LaunchScreen.xib */,
				D7455E1A1A49198F00A52006 /* Supporting Files */,
			);
			path = "Demo App";
			sourceTree = "<group>";
		};
		D7455E1A1A49198F00A52006 /* Supporting Files */ = {
			isa = PBXGroup;
			children = (
				D7455E1B1A49198F00A52006 /* Info.plist */,
			);
			name = "Supporting Files";
			sourceTree = "<group>";
		};
		D7455E2F1A49198F00A52006 /* Demo AppTests */ = {
			isa = PBXGroup;
			children = (
				D7455E321A49198F00A52006 /* Demo_AppTests.swift */,
				D7455E301A49198F00A52006 /* Supporting Files */,
			);
			path = "Demo AppTests";
			sourceTree = "<group>";
		};
		D7455E301A49198F00A52006 /* Supporting Files */ = {
			isa = PBXGroup;
			children = (
				D7455E311A49198F00A52006 /* Info.plist */,
			);
			name = "Supporting Files";
			sourceTree = "<group>";
		};
/* End PBXGroup section */

/* Begin PBXNativeTarget section */
		D7455E161A49198F00A52006 /* Demo App */ = {
			isa = PBXNativeTarget;
			buildConfigurationList = D7455E361A49198F00A52006 /* Build configuration list for PBXNativeTarget "Demo App" */;
			buildPhases = (
				D7455E131A49198F00A52006 /* Sources */,
				D7455E141A49198F00A52006 /* Frameworks */,
				D7455E151A49198F00A52006 /* Resources */,
			);
			buildRules = (
			);
			dependencies = (
			);
			name = "Demo App";
			productName = "Demo App";
			productReference = D7455E171A49198F00A52006 /* Demo App.app */;
			productType = "com.apple.product-type.application";
		};
		D7455E2B1A49198F00A52006 /* Demo AppTests */ = {
			isa = PBXNativeTarget;
			buildConfigurationList = D7455E391A49198F00A52006 /* Build configuration list for PBXNativeTarget "Demo AppTests" */;
			buildPhases = (
				D7455E281A49198F00A52006 /* Sources */,
				D7455E291A49198F00A52006 /* Frameworks */,
				D7455E2A1A49198F00A52006 /* Resources */,
			);
			buildRules = (
			);
			dependencies = (
				D7455E2E1A49198F00A52006 /* PBXTargetDependency */,
			);
			name = "Demo AppTests";
			productName = "Demo AppTests";
			productReference = D7455E2C1A49198F00A52006 /* Demo AppTests.xctest */;
			productType = "com.apple.product-type.bundle.unit-test";
		};
/* End PBXNativeTarget section */

/* Begin PBXProject section */
		D7455E0F1A49198F00A52006 /* Project object */ = {
			isa = PBXProject;
			attributes = {
				LastUpgradeCheck = 0610;
				ORGANIZATIONNAME = "Mohan Dhar";
				TargetAttributes = {
					D7455E161A49198F00A52006 = {
						CreatedOnToolsVersion = 6.1.1;
					};
					D7455E2B1A49198F00A52006 = {
						CreatedOnToolsVersion = 6.1.1;
						TestTargetID = D7455E161A49198F00A52006;
					};
				};
			};
			buildConfigurationList = D7455E121A49198F00A52006 /* Build configuration list for PBXProject "Demo App" */;
			compatibilityVersion = "Xcode 3.2";
			developmentRegion = English;
			hasScannedForEncodings = 0;
			knownRegions = (
				en,
				Base,
			);
			mainGroup = D7455E0E1A49198F00A52006;
			productRefGroup = D7455E181A49198F00A52006 /* Products */;
			projectDirPath = "";
			projectRoot = "";
			targets = (
				D7455E161A49198F00A52006 /* Demo App */,
				D7455E2B1A49198F00A52006 /* Demo AppTests */,
			);
		};
/* End PBXProject section */

/* Begin PBXResourcesBuildPhase section */
		D7455E151A49198F00A52006 /* Resources */ = {
			isa = PBXResourcesBuildPhase;
			buildActionMask = 2147483647;
			files = (
				D7455E221A49198F00A52006 /* Main.storyboard in Resources */,
				D7455E271A49198F00A52006 /* LaunchScreen.xib in Resources */,
				D7455E241A49198F00A52006 /* Images.xcassets in Resources */,
			);
			runOnlyForDeploymentPostprocessing = 0;
		};
		D7455E2A1A49198F00A52006 /* Resources */ = {
			isa = PBXResourcesBuildPhase;
			buildActionMask = 2147483647;
			files = (
			);
			runOnlyForDeploymentPostprocessing = 0;
		};
/* End PBXResourcesBuildPhase section */

/* Begin PBXSourcesBuildPhase section */
		D7455E131A49198F00A52006 /* Sources */ = {
			isa = PBXSourcesBuildPhase;
			buildActionMask = 2147483647;
			files = (
				D7455E1F1A49198F00A52006 /* ViewController.swift in Sources */,
				D7455E1D1A49198F00A52006 /* AppDelegate.swift in Sources */,
			);
			runOnlyForDeploymentPostprocessing = 0;
		};
		D7455E281A49198F00A52006 /* Sources */ = {
			isa = PBXSourcesBuildPhase;
			buildActionMask = 2147483647;
			files = (
				D7455E331A49198F00A52006 /* Demo_AppTests.swift in Sources */,
			);
			runOnlyForDeploymentPostprocessing = 0;
		};
/* End PBXSourcesBuildPhase section */

/* Begin PBXTargetDependency section */
		D7455E2E1A49198F00A52006 /* PBXTargetDependency */ = {
			isa = PBXTargetDependency;
			target = D7455E161A49198F00A52006 /* Demo App */;
			targetProxy = D7455E2D1A49198F00A52006 /* PBXContainerItemProxy */;
		};
/* End PBXTargetDependency section */

/* Begin PBXVariantGroup section */
		D7455E201A49198F00A52006 /* Main.storyboard */ = {
			isa = PBXVariantGroup;
			children = (
				D7455E211A49198F00A52006 /* Base */,
			);
			name = Main.storyboard;
			sourceTree = "<group>";
		};
		D7455E251A49198F00A52006 /* LaunchScreen.xib */ = {
			isa = PBXVariantGroup;
			children = (
				D7455E261A49198F00A52006 /* Base */,
			);
			name = LaunchScreen.xib;
			sourceTree = "<group>";
		};
/* End PBXVariantGroup section */

/* Begin XCBuildConfiguration section */
		D7455E341A49198F00A52006 /* Debug */ = {
			isa = XCBuildConfiguration;
			buildSettings = {
				ALWAYS_SEARCH_USER_PATHS = NO;
				CLANG_CXX_LANGUAGE_STANDARD = "gnu++0x";
				CLANG_CXX_LIBRARY = "libc++";
				CLANG_ENABLE_MODULES = YES;
				CLANG_ENABLE_OBJC_ARC = YES;
				CLANG_WARN_BOOL_CONVERSION = YES;
				CLANG_WARN_CONSTANT_CONVERSION = YES;
				CLANG_WARN_DIRECT_OBJC_ISA_USAGE = YES_ERROR;
				CLANG_WARN_EMPTY_BODY = YES;
				CLANG_WARN_ENUM_CONVERSION = YES;
				CLANG_WARN_INT_CONVERSION = YES;
				CLANG_WARN_OBJC_ROOT_CLASS = YES_ERROR;
				CLANG_WARN_UNREACHABLE_CODE = YES;
				CLANG_WARN__DUPLICATE_METHOD_MATCH = YES;
				"CODE_SIGN_IDENTITY[sdk=iphoneos*]" = "iPhone Developer";
				COPY_PHASE_STRIP = NO;
				ENABLE_STRICT_OBJC_MSGSEND = YES;
				GCC_C_LANGUAGE_STANDARD = gnu99;
				GCC_DYNAMIC_NO_PIC = NO;
				GCC_OPTIMIZATION_LEVEL = 0;
				GCC_PREPROCESSOR_DEFINITIONS = (
					"DEBUG=1",
					"$(inherited)",
				);
				GCC_SYMBOLS_PRIVATE_EXTERN = NO;
				GCC_WARN_64_TO_32_BIT_CONVERSION = YES;
				GCC_WARN_ABOUT_RETURN_TYPE = YES_ERROR;
				GCC_WARN_UNDECLARED_SELECTOR = YES;
				GCC_WARN_UNINITIALIZED_AUTOS = YES_AGGRESSIVE;
				GCC_WARN_UNUSED_FUNCTION = YES;
				GCC_WARN_UNUSED_VARIABLE = YES;
				IPHONEOS_DEPLOYMENT_TARGET = 8.1;
				MTL_ENABLE_DEBUG_INFO = YES;
				ONLY_ACTIVE_ARCH = YES;
				SDKROOT = iphoneos;
				SWIFT_OPTIMIZATION_LEVEL = "-Onone";
			};
			name = Debug;
		};
		D7455E351A49198F00A52006 /* Release */ = {
			isa = XCBuildConfiguration;
			buildSettings = {
				ALWAYS_SEARCH_USER_PATHS = NO;
				CLANG_CXX_LANGUAGE_STANDARD = "gnu++0x";
				CLANG_CXX_LIBRARY = "libc++";
				CLANG_ENABLE_MODULES = YES;
				CLANG_ENABLE_OBJC_ARC = YES;
				CLANG_WARN_BOOL_CONVERSION = YES;
				CLANG_WARN_CONSTANT_CONVERSION = YES;
				CLANG_WARN_DIRECT_OBJC_ISA_USAGE = YES_ERROR;
				CLANG_WARN_EMPTY_BODY = YES;
				CLANG_WARN_ENUM_CONVERSION = YES;
				CLANG_WARN_INT_CONVERSION = YES;
				CLANG_WARN_OBJC_ROOT_CLASS = YES_ERROR;
				CLANG_WARN_UNREACHABLE_CODE = YES;
				CLANG_WARN__DUPLICATE_METHOD_MATCH = YES;
				"CODE_SIGN_IDENTITY[sdk=iphoneos*]" = "iPhone Developer";
				COPY_PHASE_STRIP = YES;
				ENABLE_NS_ASSERTIONS = NO;
				ENABLE_STRICT_OBJC_MSGSEND = YES;
				GCC_C_LANGUAGE_STANDARD = gnu99;
				GCC_WARN_64_TO_32_BIT_CONVERSION = YES;
				GCC_WARN_ABOUT_RETURN_TYPE = YES_ERROR;
				GCC_WARN_UNDECLARED_SELECTOR = YES;
				GCC_WARN_UNINITIALIZED_AUTOS = YES_AGGRESSIVE;
				GCC_WARN_UNUSED_FUNCTION = YES;
				GCC_WARN_UNUSED_VARIABLE = YES;
				IPHONEOS_DEPLOYMENT_TARGET = 8.1;
				MTL_ENABLE_DEBUG_INFO = NO;
				SDKROOT = iphoneos;
				VALIDATE_PRODUCT = YES;
			};
			name = Release;
		};
		D7455E371A49198F00A52006 /* Debug */ = {
			isa = XCBuildConfiguration;
			buildSettings = {
				ASSETCATALOG_COMPILER_APPICON_NAME = AppIcon;
				INFOPLIST_FILE = "Demo App/Info.plist";
				LD_RUNPATH_SEARCH_PATHS = "$(inherited) @executable_path/Frameworks";
				PRODUCT_NAME = "$(TARGET_NAME)";
			};
			name = Debug;
		};
		D7455E381A49198F00A52006 /* Release */ = {
			isa = XCBuildConfiguration;
			buildSettings = {
				ASSETCATALOG_COMPILER_APPICON_NAME = AppIcon;
				INFOPLIST_FILE = "Demo App/Info.plist";
				LD_RUNPATH_SEARCH_PATHS = "$(inherited) @executable_path/Frameworks";
				PRODUCT_NAME = "$(TARGET_NAME)";
			};
			name = Release;
		};
		D7455E3A1A49198F00A52006 /* Debug */ = {
			isa = XCBuildConfiguration;
			buildSettings = {
				BUNDLE_LOADER = "$(TEST_HOST)";
				FRAMEWORK_SEARCH_PATHS = (
					"$(SDKROOT)/Developer/Library/Frameworks",
					"$(inherited)",
				);
				GCC_PREPROCESSOR_DEFINITIONS = (
					"DEBUG=1",
					"$(inherited)",
				);
				INFOPLIST_FILE = "Demo AppTests/Info.plist";
				LD_RUNPATH_SEARCH_PATHS = "$(inherited) @executable_path/Frameworks @loader_path/Frameworks";
				PRODUCT_NAME = "$(TARGET_NAME)";
				TEST_HOST = "$(BUILT_PRODUCTS_DIR)/Demo App.app/Demo App";
			};
			name = Debug;
		};
		D7455E3B1A49198F00A52006 /* Release */ = {
			isa = XCBuildConfiguration;
			buildSettings = {
				BUNDLE_LOADER = "$(TEST_HOST)";
				FRAMEWORK_SEARCH_PATHS = (
					"$(SDKROOT)/Developer/Library/Frameworks",
					"$(inherited)",
				);
				INFOPLIST_FILE = "Demo AppTests/Info.plist";
				LD_RUNPATH_SEARCH_PATHS = "$(inherited) @executable_path/Frameworks @loader_path/Frameworks";
				PRODUCT_NAME = "$(TARGET_NAME)";
				TEST_HOST = "$(BUILT_PRODUCTS_DIR)/Demo App.app/Demo App";
			};
			name = Release;
		};
/* End XCBuildConfiguration section */

/* Begin XCConfigurationList section */
		D7455E121A49198F00A52006 /* Build configuration list for PBXProject "Demo App" */ = {
			isa = XCConfigurationList;
			buildConfigurations = (
				D7455E341A49198F00A52006 /* Debug */,
				D7455E351A49198F00A52006 /* Release */,
			);
			defaultConfigurationIsVisible = 0;
			defaultConfigurationName = Release;
		};
		D7455E361A49198F00A52006 /* Build configuration list for PBXNativeTarget "Demo App" */ = {
			isa = XCConfigurationList;
			buildConfigurations = (
				D7455E371A49198F00A52006 /* Debug */,
				D7455E381A49198F00A52006 /* Release */,
			);
			defaultConfigurationIsVisible = 0;
		};
		D7455E391A49198F00A52006 /* Build configuration list for PBXNativeTarget "Demo AppTests" */ = {
			isa = XCConfigurationList;
			buildConfigurations = (
				D7455E3A1A49198F00A52006 /* Debug */,
				D7455E3B1A49198F00A52006 /* Release */,
			);
			defaultConfigurationIsVisible = 0;
		};
/* End XCConfigurationList section */
	};
	rootObject = D7455E0F1A49198F00A52006 /* Project object */;
}
