// !$*UTF8*$!
{
	archiveVersion = 1;
	classes = {
	};
	objectVersion = 46;
	objects = {

/* Begin PBXBuildFile section */
		D708DCDF1A4A3AF100AEEEA9 /* AppDelegate.swift in Sources */ = {isa = PBXBuildFile; fileRef = D708DCDE1A4A3AF100AEEEA9 /* AppDelegate.swift */; };
		D708DCE11A4A3AF100AEEEA9 /* ViewController.swift in Sources */ = {isa = PBXBuildFile; fileRef = D708DCE01A4A3AF100AEEEA9 /* ViewController.swift */; };
		D708DCE41A4A3AF100AEEEA9 /* Main.storyboard in Resources */ = {isa = PBXBuildFile; fileRef = D708DCE21A4A3AF100AEEEA9 /* Main.storyboard */; };
		D708DCE61A4A3AF100AEEEA9 /* Images.xcassets in Resources */ = {isa = PBXBuildFile; fileRef = D708DCE51A4A3AF100AEEEA9 /* Images.xcassets */; };
		D708DCE91A4A3AF100AEEEA9 /* LaunchScreen.xib in Resources */ = {isa = PBXBuildFile; fileRef = D708DCE71A4A3AF100AEEEA9 /* LaunchScreen.xib */; };
		D708DCF51A4A3AF100AEEEA9 /* Table_ViewsTests.swift in Sources */ = {isa = PBXBuildFile; fileRef = D708DCF41A4A3AF100AEEEA9 /* Table_ViewsTests.swift */; };
/* End PBXBuildFile section */

/* Begin PBXContainerItemProxy section */
		D708DCEF1A4A3AF100AEEEA9 /* PBXContainerItemProxy */ = {
			isa = PBXContainerItemProxy;
			containerPortal = D708DCD11A4A3AF100AEEEA9 /* Project object */;
			proxyType = 1;
			remoteGlobalIDString = D708DCD81A4A3AF100AEEEA9;
			remoteInfo = "Table Views";
		};
/* End PBXContainerItemProxy section */

/* Begin PBXFileReference section */
		D708DCD91A4A3AF100AEEEA9 /* Table Views.app */ = {isa = PBXFileReference; explicitFileType = wrapper.application; includeInIndex = 0; path = "Table Views.app"; sourceTree = BUILT_PRODUCTS_DIR; };
		D708DCDD1A4A3AF100AEEEA9 /* Info.plist */ = {isa = PBXFileReference; lastKnownFileType = text.plist.xml; path = Info.plist; sourceTree = "<group>"; };
		D708DCDE1A4A3AF100AEEEA9 /* AppDelegate.swift */ = {isa = PBXFileReference; lastKnownFileType = sourcecode.swift; path = AppDelegate.swift; sourceTree = "<group>"; };
		D708DCE01A4A3AF100AEEEA9 /* ViewController.swift */ = {isa = PBXFileReference; lastKnownFileType = sourcecode.swift; path = ViewController.swift; sourceTree = "<group>"; };
		D708DCE31A4A3AF100AEEEA9 /* Base */ = {isa = PBXFileReference; lastKnownFileType = file.storyboard; name = Base; path = Base.lproj/Main.storyboard; sourceTree = "<group>"; };
		D708DCE51A4A3AF100AEEEA9 /* Images.xcassets */ = {isa = PBXFileReference; lastKnownFileType = folder.assetcatalog; path = Images.xcassets; sourceTree = "<group>"; };
		D708DCE81A4A3AF100AEEEA9 /* Base */ = {isa = PBXFileReference; lastKnownFileType = file.xib; name = Base; path = Base.lproj/LaunchScreen.xib; sourceTree = "<group>"; };
		D708DCEE1A4A3AF100AEEEA9 /* Table ViewsTests.xctest */ = {isa = PBXFileReference; explicitFileType = wrapper.cfbundle; includeInIndex = 0; path = "Table ViewsTests.xctest"; sourceTree = BUILT_PRODUCTS_DIR; };
		D708DCF31A4A3AF100AEEEA9 /* Info.plist */ = {isa = PBXFileReference; lastKnownFileType = text.plist.xml; path = Info.plist; sourceTree = "<group>"; };
		D708DCF41A4A3AF100AEEEA9 /* Table_ViewsTests.swift */ = {isa = PBXFileReference; lastKnownFileType = sourcecode.swift; path = Table_ViewsTests.swift; sourceTree = "<group>"; };
/* End PBXFileReference section */

/* Begin PBXFrameworksBuildPhase section */
		D708DCD61A4A3AF100AEEEA9 /* Frameworks */ = {
			isa = PBXFrameworksBuildPhase;
			buildActionMask = 2147483647;
			files = (
			);
			runOnlyForDeploymentPostprocessing = 0;
		};
		D708DCEB1A4A3AF100AEEEA9 /* Frameworks */ = {
			isa = PBXFrameworksBuildPhase;
			buildActionMask = 2147483647;
			files = (
			);
			runOnlyForDeploymentPostprocessing = 0;
		};
/* End PBXFrameworksBuildPhase section */

/* Begin PBXGroup section */
		D708DCD01A4A3AF100AEEEA9 = {
			isa = PBXGroup;
			children = (
				D708DCDB1A4A3AF100AEEEA9 /* Table Views */,
				D708DCF11A4A3AF100AEEEA9 /* Table ViewsTests */,
				D708DCDA1A4A3AF100AEEEA9 /* Products */,
			);
			sourceTree = "<group>";
		};
		D708DCDA1A4A3AF100AEEEA9 /* Products */ = {
			isa = PBXGroup;
			children = (
				D708DCD91A4A3AF100AEEEA9 /* Table Views.app */,
				D708DCEE1A4A3AF100AEEEA9 /* Table ViewsTests.xctest */,
			);
			name = Products;
			sourceTree = "<group>";
		};
		D708DCDB1A4A3AF100AEEEA9 /* Table Views */ = {
			isa = PBXGroup;
			children = (
				D708DCDE1A4A3AF100AEEEA9 /* AppDelegate.swift */,
				D708DCE01A4A3AF100AEEEA9 /* ViewController.swift */,
				D708DCE21A4A3AF100AEEEA9 /* Main.storyboard */,
				D708DCE51A4A3AF100AEEEA9 /* Images.xcassets */,
				D708DCE71A4A3AF100AEEEA9 /* LaunchScreen.xib */,
				D708DCDC1A4A3AF100AEEEA9 /* Supporting Files */,
			);
			path = "Table Views";
			sourceTree = "<group>";
		};
		D708DCDC1A4A3AF100AEEEA9 /* Supporting Files */ = {
			isa = PBXGroup;
			children = (
				D708DCDD1A4A3AF100AEEEA9 /* Info.plist */,
			);
			name = "Supporting Files";
			sourceTree = "<group>";
		};
		D708DCF11A4A3AF100AEEEA9 /* Table ViewsTests */ = {
			isa = PBXGroup;
			children = (
				D708DCF41A4A3AF100AEEEA9 /* Table_ViewsTests.swift */,
				D708DCF21A4A3AF100AEEEA9 /* Supporting Files */,
			);
			path = "Table ViewsTests";
			sourceTree = "<group>";
		};
		D708DCF21A4A3AF100AEEEA9 /* Supporting Files */ = {
			isa = PBXGroup;
			children = (
				D708DCF31A4A3AF100AEEEA9 /* Info.plist */,
			);
			name = "Supporting Files";
			sourceTree = "<group>";
		};
/* End PBXGroup section */

/* Begin PBXNativeTarget section */
		D708DCD81A4A3AF100AEEEA9 /* Table Views */ = {
			isa = PBXNativeTarget;
			buildConfigurationList = D708DCF81A4A3AF100AEEEA9 /* Build configuration list for PBXNativeTarget "Table Views" */;
			buildPhases = (
				D708DCD51A4A3AF100AEEEA9 /* Sources */,
				D708DCD61A4A3AF100AEEEA9 /* Frameworks */,
				D708DCD71A4A3AF100AEEEA9 /* Resources */,
			);
			buildRules = (
			);
			dependencies = (
			);
			name = "Table Views";
			productName = "Table Views";
			productReference = D708DCD91A4A3AF100AEEEA9 /* Table Views.app */;
			productType = "com.apple.product-type.application";
		};
		D708DCED1A4A3AF100AEEEA9 /* Table ViewsTests */ = {
			isa = PBXNativeTarget;
			buildConfigurationList = D708DCFB1A4A3AF100AEEEA9 /* Build configuration list for PBXNativeTarget "Table ViewsTests" */;
			buildPhases = (
				D708DCEA1A4A3AF100AEEEA9 /* Sources */,
				D708DCEB1A4A3AF100AEEEA9 /* Frameworks */,
				D708DCEC1A4A3AF100AEEEA9 /* Resources */,
			);
			buildRules = (
			);
			dependencies = (
				D708DCF01A4A3AF100AEEEA9 /* PBXTargetDependency */,
			);
			name = "Table ViewsTests";
			productName = "Table ViewsTests";
			productReference = D708DCEE1A4A3AF100AEEEA9 /* Table ViewsTests.xctest */;
			productType = "com.apple.product-type.bundle.unit-test";
		};
/* End PBXNativeTarget section */

/* Begin PBXProject section */
		D708DCD11A4A3AF100AEEEA9 /* Project object */ = {
			isa = PBXProject;
			attributes = {
				LastUpgradeCheck = 0610;
				ORGANIZATIONNAME = "Mohan Dhar";
				TargetAttributes = {
					D708DCD81A4A3AF100AEEEA9 = {
						CreatedOnToolsVersion = 6.1.1;
					};
					D708DCED1A4A3AF100AEEEA9 = {
						CreatedOnToolsVersion = 6.1.1;
						TestTargetID = D708DCD81A4A3AF100AEEEA9;
					};
				};
			};
			buildConfigurationList = D708DCD41A4A3AF100AEEEA9 /* Build configuration list for PBXProject "Table Views" */;
			compatibilityVersion = "Xcode 3.2";
			developmentRegion = English;
			hasScannedForEncodings = 0;
			knownRegions = (
				en,
				Base,
			);
			mainGroup = D708DCD01A4A3AF100AEEEA9;
			productRefGroup = D708DCDA1A4A3AF100AEEEA9 /* Products */;
			projectDirPath = "";
			projectRoot = "";
			targets = (
				D708DCD81A4A3AF100AEEEA9 /* Table Views */,
				D708DCED1A4A3AF100AEEEA9 /* Table ViewsTests */,
			);
		};
/* End PBXProject section */

/* Begin PBXResourcesBuildPhase section */
		D708DCD71A4A3AF100AEEEA9 /* Resources */ = {
			isa = PBXResourcesBuildPhase;
			buildActionMask = 2147483647;
			files = (
				D708DCE41A4A3AF100AEEEA9 /* Main.storyboard in Resources */,
				D708DCE91A4A3AF100AEEEA9 /* LaunchScreen.xib in Resources */,
				D708DCE61A4A3AF100AEEEA9 /* Images.xcassets in Resources */,
			);
			runOnlyForDeploymentPostprocessing = 0;
		};
		D708DCEC1A4A3AF100AEEEA9 /* Resources */ = {
			isa = PBXResourcesBuildPhase;
			buildActionMask = 2147483647;
			files = (
			);
			runOnlyForDeploymentPostprocessing = 0;
		};
/* End PBXResourcesBuildPhase section */

/* Begin PBXSourcesBuildPhase section */
		D708DCD51A4A3AF100AEEEA9 /* Sources */ = {
			isa = PBXSourcesBuildPhase;
			buildActionMask = 2147483647;
			files = (
				D708DCE11A4A3AF100AEEEA9 /* ViewController.swift in Sources */,
				D708DCDF1A4A3AF100AEEEA9 /* AppDelegate.swift in Sources */,
			);
			runOnlyForDeploymentPostprocessing = 0;
		};
		D708DCEA1A4A3AF100AEEEA9 /* Sources */ = {
			isa = PBXSourcesBuildPhase;
			buildActionMask = 2147483647;
			files = (
				D708DCF51A4A3AF100AEEEA9 /* Table_ViewsTests.swift in Sources */,
			);
			runOnlyForDeploymentPostprocessing = 0;
		};
/* End PBXSourcesBuildPhase section */

/* Begin PBXTargetDependency section */
		D708DCF01A4A3AF100AEEEA9 /* PBXTargetDependency */ = {
			isa = PBXTargetDependency;
			target = D708DCD81A4A3AF100AEEEA9 /* Table Views */;
			targetProxy = D708DCEF1A4A3AF100AEEEA9 /* PBXContainerItemProxy */;
		};
/* End PBXTargetDependency section */

/* Begin PBXVariantGroup section */
		D708DCE21A4A3AF100AEEEA9 /* Main.storyboard */ = {
			isa = PBXVariantGroup;
			children = (
				D708DCE31A4A3AF100AEEEA9 /* Base */,
			);
			name = Main.storyboard;
			sourceTree = "<group>";
		};
		D708DCE71A4A3AF100AEEEA9 /* LaunchScreen.xib */ = {
			isa = PBXVariantGroup;
			children = (
				D708DCE81A4A3AF100AEEEA9 /* Base */,
			);
			name = LaunchScreen.xib;
			sourceTree = "<group>";
		};
/* End PBXVariantGroup section */

/* Begin XCBuildConfiguration section */
		D708DCF61A4A3AF100AEEEA9 /* Debug */ = {
			isa = XCBuildConfiguration;
			buildSettings = {
				ALWAYS_SEARCH_USER_PATHS = NO;
				CLANG_CXX_LANGUAGE_STANDARD = "gnu++0x";
				CLANG_CXX_LIBRARY = "libc++";
				CLANG_ENABLE_MODULES = YES;
				CLANG_ENABLE_OBJC_ARC = YES;
				CLANG_WARN_BOOL_CONVERSION = YES;
				CLANG_WARN_CONSTANT_CONVERSION = YES;
				CLANG_WARN_DIRECT_OBJC_ISA_USAGE = YES_ERROR;
				CLANG_WARN_EMPTY_BODY = YES;
				CLANG_WARN_ENUM_CONVERSION = YES;
				CLANG_WARN_INT_CONVERSION = YES;
				CLANG_WARN_OBJC_ROOT_CLASS = YES_ERROR;
				CLANG_WARN_UNREACHABLE_CODE = YES;
				CLANG_WARN__DUPLICATE_METHOD_MATCH = YES;
				"CODE_SIGN_IDENTITY[sdk=iphoneos*]" = "iPhone Developer";
				COPY_PHASE_STRIP = NO;
				ENABLE_STRICT_OBJC_MSGSEND = YES;
				GCC_C_LANGUAGE_STANDARD = gnu99;
				GCC_DYNAMIC_NO_PIC = NO;
				GCC_OPTIMIZATION_LEVEL = 0;
				GCC_PREPROCESSOR_DEFINITIONS = (
					"DEBUG=1",
					"$(inherited)",
				);
				GCC_SYMBOLS_PRIVATE_EXTERN = NO;
				GCC_WARN_64_TO_32_BIT_CONVERSION = YES;
				GCC_WARN_ABOUT_RETURN_TYPE = YES_ERROR;
				GCC_WARN_UNDECLARED_SELECTOR = YES;
				GCC_WARN_UNINITIALIZED_AUTOS = YES_AGGRESSIVE;
				GCC_WARN_UNUSED_FUNCTION = YES;
				GCC_WARN_UNUSED_VARIABLE = YES;
				IPHONEOS_DEPLOYMENT_TARGET = 8.1;
				MTL_ENABLE_DEBUG_INFO = YES;
				ONLY_ACTIVE_ARCH = YES;
				SDKROOT = iphoneos;
				SWIFT_OPTIMIZATION_LEVEL = "-Onone";
			};
			name = Debug;
		};
		D708DCF71A4A3AF100AEEEA9 /* Release */ = {
			isa = XCBuildConfiguration;
			buildSettings = {
				ALWAYS_SEARCH_USER_PATHS = NO;
				CLANG_CXX_LANGUAGE_STANDARD = "gnu++0x";
				CLANG_CXX_LIBRARY = "libc++";
				CLANG_ENABLE_MODULES = YES;
				CLANG_ENABLE_OBJC_ARC = YES;
				CLANG_WARN_BOOL_CONVERSION = YES;
				CLANG_WARN_CONSTANT_CONVERSION = YES;
				CLANG_WARN_DIRECT_OBJC_ISA_USAGE = YES_ERROR;
				CLANG_WARN_EMPTY_BODY = YES;
				CLANG_WARN_ENUM_CONVERSION = YES;
				CLANG_WARN_INT_CONVERSION = YES;
				CLANG_WARN_OBJC_ROOT_CLASS = YES_ERROR;
				CLANG_WARN_UNREACHABLE_CODE = YES;
				CLANG_WARN__DUPLICATE_METHOD_MATCH = YES;
				"CODE_SIGN_IDENTITY[sdk=iphoneos*]" = "iPhone Developer";
				COPY_PHASE_STRIP = YES;
				ENABLE_NS_ASSERTIONS = NO;
				ENABLE_STRICT_OBJC_MSGSEND = YES;
				GCC_C_LANGUAGE_STANDARD = gnu99;
				GCC_WARN_64_TO_32_BIT_CONVERSION = YES;
				GCC_WARN_ABOUT_RETURN_TYPE = YES_ERROR;
				GCC_WARN_UNDECLARED_SELECTOR = YES;
				GCC_WARN_UNINITIALIZED_AUTOS = YES_AGGRESSIVE;
				GCC_WARN_UNUSED_FUNCTION = YES;
				GCC_WARN_UNUSED_VARIABLE = YES;
				IPHONEOS_DEPLOYMENT_TARGET = 8.1;
				MTL_ENABLE_DEBUG_INFO = NO;
				SDKROOT = iphoneos;
				VALIDATE_PRODUCT = YES;
			};
			name = Release;
		};
		D708DCF91A4A3AF100AEEEA9 /* Debug */ = {
			isa = XCBuildConfiguration;
			buildSettings = {
				ASSETCATALOG_COMPILER_APPICON_NAME = AppIcon;
				INFOPLIST_FILE = "Table Views/Info.plist";
				LD_RUNPATH_SEARCH_PATHS = "$(inherited) @executable_path/Frameworks";
				PRODUCT_NAME = "$(TARGET_NAME)";
			};
			name = Debug;
		};
		D708DCFA1A4A3AF100AEEEA9 /* Release */ = {
			isa = XCBuildConfiguration;
			buildSettings = {
				ASSETCATALOG_COMPILER_APPICON_NAME = AppIcon;
				INFOPLIST_FILE = "Table Views/Info.plist";
				LD_RUNPATH_SEARCH_PATHS = "$(inherited) @executable_path/Frameworks";
				PRODUCT_NAME = "$(TARGET_NAME)";
			};
			name = Release;
		};
		D708DCFC1A4A3AF100AEEEA9 /* Debug */ = {
			isa = XCBuildConfiguration;
			buildSettings = {
				BUNDLE_LOADER = "$(TEST_HOST)";
				FRAMEWORK_SEARCH_PATHS = (
					"$(SDKROOT)/Developer/Library/Frameworks",
					"$(inherited)",
				);
				GCC_PREPROCESSOR_DEFINITIONS = (
					"DEBUG=1",
					"$(inherited)",
				);
				INFOPLIST_FILE = "Table ViewsTests/Info.plist";
				LD_RUNPATH_SEARCH_PATHS = "$(inherited) @executable_path/Frameworks @loader_path/Frameworks";
				PRODUCT_NAME = "$(TARGET_NAME)";
				TEST_HOST = "$(BUILT_PRODUCTS_DIR)/Table Views.app/Table Views";
			};
			name = Debug;
		};
		D708DCFD1A4A3AF100AEEEA9 /* Release */ = {
			isa = XCBuildConfiguration;
			buildSettings = {
				BUNDLE_LOADER = "$(TEST_HOST)";
				FRAMEWORK_SEARCH_PATHS = (
					"$(SDKROOT)/Developer/Library/Frameworks",
					"$(inherited)",
				);
				INFOPLIST_FILE = "Table ViewsTests/Info.plist";
				LD_RUNPATH_SEARCH_PATHS = "$(inherited) @executable_path/Frameworks @loader_path/Frameworks";
				PRODUCT_NAME = "$(TARGET_NAME)";
				TEST_HOST = "$(BUILT_PRODUCTS_DIR)/Table Views.app/Table Views";
			};
			name = Release;
		};
/* End XCBuildConfiguration section */

/* Begin XCConfigurationList section */
		D708DCD41A4A3AF100AEEEA9 /* Build configuration list for PBXProject "Table Views" */ = {
			isa = XCConfigurationList;
			buildConfigurations = (
				D708DCF61A4A3AF100AEEEA9 /* Debug */,
				D708DCF71A4A3AF100AEEEA9 /* Release */,
			);
			defaultConfigurationIsVisible = 0;
			defaultConfigurationName = Release;
		};
		D708DCF81A4A3AF100AEEEA9 /* Build configuration list for PBXNativeTarget "Table Views" */ = {
			isa = XCConfigurationList;
			buildConfigurations = (
				D708DCF91A4A3AF100AEEEA9 /* Debug */,
				D708DCFA1A4A3AF100AEEEA9 /* Release */,
			);
			defaultConfigurationIsVisible = 0;
		};
		D708DCFB1A4A3AF100AEEEA9 /* Build configuration list for PBXNativeTarget "Table ViewsTests" */ = {
			isa = XCConfigurationList;
			buildConfigurations = (
				D708DCFC1A4A3AF100AEEEA9 /* Debug */,
				D708DCFD1A4A3AF100AEEEA9 /* Release */,
			);
			defaultConfigurationIsVisible = 0;
		};
/* End XCConfigurationList section */
	};
	rootObject = D708DCD11A4A3AF100AEEEA9 /* Project object */;
}
