// !$*UTF8*$!
{
	archiveVersion = 1;
	classes = {
	};
	objectVersion = 46;
	objects = {

/* Begin PBXBuildFile section */
		D708DD3B1A4A3F7C00AEEEA9 /* AppDelegate.swift in Sources */ = {isa = PBXBuildFile; fileRef = D708DD3A1A4A3F7C00AEEEA9 /* AppDelegate.swift */; };
		D708DD3D1A4A3F7C00AEEEA9 /* FirstViewController.swift in Sources */ = {isa = PBXBuildFile; fileRef = D708DD3C1A4A3F7C00AEEEA9 /* FirstViewController.swift */; };
		D708DD3F1A4A3F7C00AEEEA9 /* SecondViewController.swift in Sources */ = {isa = PBXBuildFile; fileRef = D708DD3E1A4A3F7C00AEEEA9 /* SecondViewController.swift */; };
		D708DD421A4A3F7C00AEEEA9 /* Main.storyboard in Resources */ = {isa = PBXBuildFile; fileRef = D708DD401A4A3F7C00AEEEA9 /* Main.storyboard */; };
		D708DD441A4A3F7C00AEEEA9 /* Images.xcassets in Resources */ = {isa = PBXBuildFile; fileRef = D708DD431A4A3F7C00AEEEA9 /* Images.xcassets */; };
		D708DD471A4A3F7C00AEEEA9 /* LaunchScreen.xib in Resources */ = {isa = PBXBuildFile; fileRef = D708DD451A4A3F7C00AEEEA9 /* LaunchScreen.xib */; };
		D708DD531A4A3F7C00AEEEA9 /* Tabbed_ApplTests.swift in Sources */ = {isa = PBXBuildFile; fileRef = D708DD521A4A3F7C00AEEEA9 /* Tabbed_ApplTests.swift */; };
/* End PBXBuildFile section */

/* Begin PBXContainerItemProxy section */
		D708DD4D1A4A3F7C00AEEEA9 /* PBXContainerItemProxy */ = {
			isa = PBXContainerItemProxy;
			containerPortal = D708DD2D1A4A3F7C00AEEEA9 /* Project object */;
			proxyType = 1;
			remoteGlobalIDString = D708DD341A4A3F7C00AEEEA9;
			remoteInfo = "Tabbed Appl";
		};
/* End PBXContainerItemProxy section */

/* Begin PBXFileReference section */
		D708DD351A4A3F7C00AEEEA9 /* Tabbed Appl.app */ = {isa = PBXFileReference; explicitFileType = wrapper.application; includeInIndex = 0; path = "Tabbed Appl.app"; sourceTree = BUILT_PRODUCTS_DIR; };
		D708DD391A4A3F7C00AEEEA9 /* Info.plist */ = {isa = PBXFileReference; lastKnownFileType = text.plist.xml; path = Info.plist; sourceTree = "<group>"; };
		D708DD3A1A4A3F7C00AEEEA9 /* AppDelegate.swift */ = {isa = PBXFileReference; lastKnownFileType = sourcecode.swift; path = AppDelegate.swift; sourceTree = "<group>"; };
		D708DD3C1A4A3F7C00AEEEA9 /* FirstViewController.swift */ = {isa = PBXFileReference; lastKnownFileType = sourcecode.swift; path = FirstViewController.swift; sourceTree = "<group>"; };
		D708DD3E1A4A3F7C00AEEEA9 /* SecondViewController.swift */ = {isa = PBXFileReference; lastKnownFileType = sourcecode.swift; path = SecondViewController.swift; sourceTree = "<group>"; };
		D708DD411A4A3F7C00AEEEA9 /* Base */ = {isa = PBXFileReference; lastKnownFileType = file.storyboard; name = Base; path = Base.lproj/Main.storyboard; sourceTree = "<group>"; };
		D708DD431A4A3F7C00AEEEA9 /* Images.xcassets */ = {isa = PBXFileReference; lastKnownFileType = folder.assetcatalog; path = Images.xcassets; sourceTree = "<group>"; };
		D708DD461A4A3F7C00AEEEA9 /* Base */ = {isa = PBXFileReference; lastKnownFileType = file.xib; name = Base; path = Base.lproj/LaunchScreen.xib; sourceTree = "<group>"; };
		D708DD4C1A4A3F7C00AEEEA9 /* Tabbed ApplTests.xctest */ = {isa = PBXFileReference; explicitFileType = wrapper.cfbundle; includeInIndex = 0; path = "Tabbed ApplTests.xctest"; sourceTree = BUILT_PRODUCTS_DIR; };
		D708DD511A4A3F7C00AEEEA9 /* Info.plist */ = {isa = PBXFileReference; lastKnownFileType = text.plist.xml; path = Info.plist; sourceTree = "<group>"; };
		D708DD521A4A3F7C00AEEEA9 /* Tabbed_ApplTests.swift */ = {isa = PBXFileReference; lastKnownFileType = sourcecode.swift; path = Tabbed_ApplTests.swift; sourceTree = "<group>"; };
/* End PBXFileReference section */

/* Begin PBXFrameworksBuildPhase section */
		D708DD321A4A3F7C00AEEEA9 /* Frameworks */ = {
			isa = PBXFrameworksBuildPhase;
			buildActionMask = 2147483647;
			files = (
			);
			runOnlyForDeploymentPostprocessing = 0;
		};
		D708DD491A4A3F7C00AEEEA9 /* Frameworks */ = {
			isa = PBXFrameworksBuildPhase;
			buildActionMask = 2147483647;
			files = (
			);
			runOnlyForDeploymentPostprocessing = 0;
		};
/* End PBXFrameworksBuildPhase section */

/* Begin PBXGroup section */
		D708DD2C1A4A3F7C00AEEEA9 = {
			isa = PBXGroup;
			children = (
				D708DD371A4A3F7C00AEEEA9 /* Tabbed Appl */,
				D708DD4F1A4A3F7C00AEEEA9 /* Tabbed ApplTests */,
				D708DD361A4A3F7C00AEEEA9 /* Products */,
			);
			sourceTree = "<group>";
		};
		D708DD361A4A3F7C00AEEEA9 /* Products */ = {
			isa = PBXGroup;
			children = (
				D708DD351A4A3F7C00AEEEA9 /* Tabbed Appl.app */,
				D708DD4C1A4A3F7C00AEEEA9 /* Tabbed ApplTests.xctest */,
			);
			name = Products;
			sourceTree = "<group>";
		};
		D708DD371A4A3F7C00AEEEA9 /* Tabbed Appl */ = {
			isa = PBXGroup;
			children = (
				D708DD3A1A4A3F7C00AEEEA9 /* AppDelegate.swift */,
				D708DD3C1A4A3F7C00AEEEA9 /* FirstViewController.swift */,
				D708DD3E1A4A3F7C00AEEEA9 /* SecondViewController.swift */,
				D708DD401A4A3F7C00AEEEA9 /* Main.storyboard */,
				D708DD431A4A3F7C00AEEEA9 /* Images.xcassets */,
				D708DD451A4A3F7C00AEEEA9 /* LaunchScreen.xib */,
				D708DD381A4A3F7C00AEEEA9 /* Supporting Files */,
			);
			path = "Tabbed Appl";
			sourceTree = "<group>";
		};
		D708DD381A4A3F7C00AEEEA9 /* Supporting Files */ = {
			isa = PBXGroup;
			children = (
				D708DD391A4A3F7C00AEEEA9 /* Info.plist */,
			);
			name = "Supporting Files";
			sourceTree = "<group>";
		};
		D708DD4F1A4A3F7C00AEEEA9 /* Tabbed ApplTests */ = {
			isa = PBXGroup;
			children = (
				D708DD521A4A3F7C00AEEEA9 /* Tabbed_ApplTests.swift */,
				D708DD501A4A3F7C00AEEEA9 /* Supporting Files */,
			);
			path = "Tabbed ApplTests";
			sourceTree = "<group>";
		};
		D708DD501A4A3F7C00AEEEA9 /* Supporting Files */ = {
			isa = PBXGroup;
			children = (
				D708DD511A4A3F7C00AEEEA9 /* Info.plist */,
			);
			name = "Supporting Files";
			sourceTree = "<group>";
		};
/* End PBXGroup section */

/* Begin PBXNativeTarget section */
		D708DD341A4A3F7C00AEEEA9 /* Tabbed Appl */ = {
			isa = PBXNativeTarget;
			buildConfigurationList = D708DD561A4A3F7C00AEEEA9 /* Build configuration list for PBXNativeTarget "Tabbed Appl" */;
			buildPhases = (
				D708DD311A4A3F7C00AEEEA9 /* Sources */,
				D708DD321A4A3F7C00AEEEA9 /* Frameworks */,
				D708DD331A4A3F7C00AEEEA9 /* Resources */,
			);
			buildRules = (
			);
			dependencies = (
			);
			name = "Tabbed Appl";
			productName = "Tabbed Appl";
			productReference = D708DD351A4A3F7C00AEEEA9 /* Tabbed Appl.app */;
			productType = "com.apple.product-type.application";
		};
		D708DD4B1A4A3F7C00AEEEA9 /* Tabbed ApplTests */ = {
			isa = PBXNativeTarget;
			buildConfigurationList = D708DD591A4A3F7C00AEEEA9 /* Build configuration list for PBXNativeTarget "Tabbed ApplTests" */;
			buildPhases = (
				D708DD481A4A3F7C00AEEEA9 /* Sources */,
				D708DD491A4A3F7C00AEEEA9 /* Frameworks */,
				D708DD4A1A4A3F7C00AEEEA9 /* Resources */,
			);
			buildRules = (
			);
			dependencies = (
				D708DD4E1A4A3F7C00AEEEA9 /* PBXTargetDependency */,
			);
			name = "Tabbed ApplTests";
			productName = "Tabbed ApplTests";
			productReference = D708DD4C1A4A3F7C00AEEEA9 /* Tabbed ApplTests.xctest */;
			productType = "com.apple.product-type.bundle.unit-test";
		};
/* End PBXNativeTarget section */

/* Begin PBXProject section */
		D708DD2D1A4A3F7C00AEEEA9 /* Project object */ = {
			isa = PBXProject;
			attributes = {
				LastUpgradeCheck = 0610;
				ORGANIZATIONNAME = "Mohan Dhar";
				TargetAttributes = {
					D708DD341A4A3F7C00AEEEA9 = {
						CreatedOnToolsVersion = 6.1.1;
					};
					D708DD4B1A4A3F7C00AEEEA9 = {
						CreatedOnToolsVersion = 6.1.1;
						TestTargetID = D708DD341A4A3F7C00AEEEA9;
					};
				};
			};
			buildConfigurationList = D708DD301A4A3F7C00AEEEA9 /* Build configuration list for PBXProject "Tabbed Appl" */;
			compatibilityVersion = "Xcode 3.2";
			developmentRegion = English;
			hasScannedForEncodings = 0;
			knownRegions = (
				en,
				Base,
			);
			mainGroup = D708DD2C1A4A3F7C00AEEEA9;
			productRefGroup = D708DD361A4A3F7C00AEEEA9 /* Products */;
			projectDirPath = "";
			projectRoot = "";
			targets = (
				D708DD341A4A3F7C00AEEEA9 /* Tabbed Appl */,
				D708DD4B1A4A3F7C00AEEEA9 /* Tabbed ApplTests */,
			);
		};
/* End PBXProject section */

/* Begin PBXResourcesBuildPhase section */
		D708DD331A4A3F7C00AEEEA9 /* Resources */ = {
			isa = PBXResourcesBuildPhase;
			buildActionMask = 2147483647;
			files = (
				D708DD421A4A3F7C00AEEEA9 /* Main.storyboard in Resources */,
				D708DD471A4A3F7C00AEEEA9 /* LaunchScreen.xib in Resources */,
				D708DD441A4A3F7C00AEEEA9 /* Images.xcassets in Resources */,
			);
			runOnlyForDeploymentPostprocessing = 0;
		};
		D708DD4A1A4A3F7C00AEEEA9 /* Resources */ = {
			isa = PBXResourcesBuildPhase;
			buildActionMask = 2147483647;
			files = (
			);
			runOnlyForDeploymentPostprocessing = 0;
		};
/* End PBXResourcesBuildPhase section */

/* Begin PBXSourcesBuildPhase section */
		D708DD311A4A3F7C00AEEEA9 /* Sources */ = {
			isa = PBXSourcesBuildPhase;
			buildActionMask = 2147483647;
			files = (
				D708DD3F1A4A3F7C00AEEEA9 /* SecondViewController.swift in Sources */,
				D708DD3B1A4A3F7C00AEEEA9 /* AppDelegate.swift in Sources */,
				D708DD3D1A4A3F7C00AEEEA9 /* FirstViewController.swift in Sources */,
			);
			runOnlyForDeploymentPostprocessing = 0;
		};
		D708DD481A4A3F7C00AEEEA9 /* Sources */ = {
			isa = PBXSourcesBuildPhase;
			buildActionMask = 2147483647;
			files = (
				D708DD531A4A3F7C00AEEEA9 /* Tabbed_ApplTests.swift in Sources */,
			);
			runOnlyForDeploymentPostprocessing = 0;
		};
/* End PBXSourcesBuildPhase section */

/* Begin PBXTargetDependency section */
		D708DD4E1A4A3F7C00AEEEA9 /* PBXTargetDependency */ = {
			isa = PBXTargetDependency;
			target = D708DD341A4A3F7C00AEEEA9 /* Tabbed Appl */;
			targetProxy = D708DD4D1A4A3F7C00AEEEA9 /* PBXContainerItemProxy */;
		};
/* End PBXTargetDependency section */

/* Begin PBXVariantGroup section */
		D708DD401A4A3F7C00AEEEA9 /* Main.storyboard */ = {
			isa = PBXVariantGroup;
			children = (
				D708DD411A4A3F7C00AEEEA9 /* Base */,
			);
			name = Main.storyboard;
			sourceTree = "<group>";
		};
		D708DD451A4A3F7C00AEEEA9 /* LaunchScreen.xib */ = {
			isa = PBXVariantGroup;
			children = (
				D708DD461A4A3F7C00AEEEA9 /* Base */,
			);
			name = LaunchScreen.xib;
			sourceTree = "<group>";
		};
/* End PBXVariantGroup section */

/* Begin XCBuildConfiguration section */
		D708DD541A4A3F7C00AEEEA9 /* Debug */ = {
			isa = XCBuildConfiguration;
			buildSettings = {
				ALWAYS_SEARCH_USER_PATHS = NO;
				CLANG_CXX_LANGUAGE_STANDARD = "gnu++0x";
				CLANG_CXX_LIBRARY = "libc++";
				CLANG_ENABLE_MODULES = YES;
				CLANG_ENABLE_OBJC_ARC = YES;
				CLANG_WARN_BOOL_CONVERSION = YES;
				CLANG_WARN_CONSTANT_CONVERSION = YES;
				CLANG_WARN_DIRECT_OBJC_ISA_USAGE = YES_ERROR;
				CLANG_WARN_EMPTY_BODY = YES;
				CLANG_WARN_ENUM_CONVERSION = YES;
				CLANG_WARN_INT_CONVERSION = YES;
				CLANG_WARN_OBJC_ROOT_CLASS = YES_ERROR;
				CLANG_WARN_UNREACHABLE_CODE = YES;
				CLANG_WARN__DUPLICATE_METHOD_MATCH = YES;
				"CODE_SIGN_IDENTITY[sdk=iphoneos*]" = "iPhone Developer";
				COPY_PHASE_STRIP = NO;
				ENABLE_STRICT_OBJC_MSGSEND = YES;
				GCC_C_LANGUAGE_STANDARD = gnu99;
				GCC_DYNAMIC_NO_PIC = NO;
				GCC_OPTIMIZATION_LEVEL = 0;
				GCC_PREPROCESSOR_DEFINITIONS = (
					"DEBUG=1",
					"$(inherited)",
				);
				GCC_SYMBOLS_PRIVATE_EXTERN = NO;
				GCC_WARN_64_TO_32_BIT_CONVERSION = YES;
				GCC_WARN_ABOUT_RETURN_TYPE = YES_ERROR;
				GCC_WARN_UNDECLARED_SELECTOR = YES;
				GCC_WARN_UNINITIALIZED_AUTOS = YES_AGGRESSIVE;
				GCC_WARN_UNUSED_FUNCTION = YES;
				GCC_WARN_UNUSED_VARIABLE = YES;
				IPHONEOS_DEPLOYMENT_TARGET = 8.1;
				MTL_ENABLE_DEBUG_INFO = YES;
				ONLY_ACTIVE_ARCH = YES;
				SDKROOT = iphoneos;
				SWIFT_OPTIMIZATION_LEVEL = "-Onone";
			};
			name = Debug;
		};
		D708DD551A4A3F7C00AEEEA9 /* Release */ = {
			isa = XCBuildConfiguration;
			buildSettings = {
				ALWAYS_SEARCH_USER_PATHS = NO;
				CLANG_CXX_LANGUAGE_STANDARD = "gnu++0x";
				CLANG_CXX_LIBRARY = "libc++";
				CLANG_ENABLE_MODULES = YES;
				CLANG_ENABLE_OBJC_ARC = YES;
				CLANG_WARN_BOOL_CONVERSION = YES;
				CLANG_WARN_CONSTANT_CONVERSION = YES;
				CLANG_WARN_DIRECT_OBJC_ISA_USAGE = YES_ERROR;
				CLANG_WARN_EMPTY_BODY = YES;
				CLANG_WARN_ENUM_CONVERSION = YES;
				CLANG_WARN_INT_CONVERSION = YES;
				CLANG_WARN_OBJC_ROOT_CLASS = YES_ERROR;
				CLANG_WARN_UNREACHABLE_CODE = YES;
				CLANG_WARN__DUPLICATE_METHOD_MATCH = YES;
				"CODE_SIGN_IDENTITY[sdk=iphoneos*]" = "iPhone Developer";
				COPY_PHASE_STRIP = YES;
				ENABLE_NS_ASSERTIONS = NO;
				ENABLE_STRICT_OBJC_MSGSEND = YES;
				GCC_C_LANGUAGE_STANDARD = gnu99;
				GCC_WARN_64_TO_32_BIT_CONVERSION = YES;
				GCC_WARN_ABOUT_RETURN_TYPE = YES_ERROR;
				GCC_WARN_UNDECLARED_SELECTOR = YES;
				GCC_WARN_UNINITIALIZED_AUTOS = YES_AGGRESSIVE;
				GCC_WARN_UNUSED_FUNCTION = YES;
				GCC_WARN_UNUSED_VARIABLE = YES;
				IPHONEOS_DEPLOYMENT_TARGET = 8.1;
				MTL_ENABLE_DEBUG_INFO = NO;
				SDKROOT = iphoneos;
				VALIDATE_PRODUCT = YES;
			};
			name = Release;
		};
		D708DD571A4A3F7C00AEEEA9 /* Debug */ = {
			isa = XCBuildConfiguration;
			buildSettings = {
				ASSETCATALOG_COMPILER_APPICON_NAME = AppIcon;
				INFOPLIST_FILE = "Tabbed Appl/Info.plist";
				LD_RUNPATH_SEARCH_PATHS = "$(inherited) @executable_path/Frameworks";
				PRODUCT_NAME = "$(TARGET_NAME)";
			};
			name = Debug;
		};
		D708DD581A4A3F7C00AEEEA9 /* Release */ = {
			isa = XCBuildConfiguration;
			buildSettings = {
				ASSETCATALOG_COMPILER_APPICON_NAME = AppIcon;
				INFOPLIST_FILE = "Tabbed Appl/Info.plist";
				LD_RUNPATH_SEARCH_PATHS = "$(inherited) @executable_path/Frameworks";
				PRODUCT_NAME = "$(TARGET_NAME)";
			};
			name = Release;
		};
		D708DD5A1A4A3F7C00AEEEA9 /* Debug */ = {
			isa = XCBuildConfiguration;
			buildSettings = {
				BUNDLE_LOADER = "$(TEST_HOST)";
				FRAMEWORK_SEARCH_PATHS = (
					"$(SDKROOT)/Developer/Library/Frameworks",
					"$(inherited)",
				);
				GCC_PREPROCESSOR_DEFINITIONS = (
					"DEBUG=1",
					"$(inherited)",
				);
				INFOPLIST_FILE = "Tabbed ApplTests/Info.plist";
				LD_RUNPATH_SEARCH_PATHS = "$(inherited) @executable_path/Frameworks @loader_path/Frameworks";
				PRODUCT_NAME = "$(TARGET_NAME)";
				TEST_HOST = "$(BUILT_PRODUCTS_DIR)/Tabbed Appl.app/Tabbed Appl";
			};
			name = Debug;
		};
		D708DD5B1A4A3F7C00AEEEA9 /* Release */ = {
			isa = XCBuildConfiguration;
			buildSettings = {
				BUNDLE_LOADER = "$(TEST_HOST)";
				FRAMEWORK_SEARCH_PATHS = (
					"$(SDKROOT)/Developer/Library/Frameworks",
					"$(inherited)",
				);
				INFOPLIST_FILE = "Tabbed ApplTests/Info.plist";
				LD_RUNPATH_SEARCH_PATHS = "$(inherited) @executable_path/Frameworks @loader_path/Frameworks";
				PRODUCT_NAME = "$(TARGET_NAME)";
				TEST_HOST = "$(BUILT_PRODUCTS_DIR)/Tabbed Appl.app/Tabbed Appl";
			};
			name = Release;
		};
/* End XCBuildConfiguration section */

/* Begin XCConfigurationList section */
		D708DD301A4A3F7C00AEEEA9 /* Build configuration list for PBXProject "Tabbed Appl" */ = {
			isa = XCConfigurationList;
			buildConfigurations = (
				D708DD541A4A3F7C00AEEEA9 /* Debug */,
				D708DD551A4A3F7C00AEEEA9 /* Release */,
			);
			defaultConfigurationIsVisible = 0;
			defaultConfigurationName = Release;
		};
		D708DD561A4A3F7C00AEEEA9 /* Build configuration list for PBXNativeTarget "Tabbed Appl" */ = {
			isa = XCConfigurationList;
			buildConfigurations = (
				D708DD571A4A3F7C00AEEEA9 /* Debug */,
				D708DD581A4A3F7C00AEEEA9 /* Release */,
			);
			defaultConfigurationIsVisible = 0;
		};
		D708DD591A4A3F7C00AEEEA9 /* Build configuration list for PBXNativeTarget "Tabbed ApplTests" */ = {
			isa = XCConfigurationList;
			buildConfigurations = (
				D708DD5A1A4A3F7C00AEEEA9 /* Debug */,
				D708DD5B1A4A3F7C00AEEEA9 /* Release */,
			);
			defaultConfigurationIsVisible = 0;
		};
/* End XCConfigurationList section */
	};
	rootObject = D708DD2D1A4A3F7C00AEEEA9 /* Project object */;
}
