// !$*UTF8*$!
{
	archiveVersion = 1;
	classes = {
	};
	objectVersion = 46;
	objects = {

/* Begin PBXBuildFile section */
		D70FD5491B1EE8B200C14756 /* AppDelegate.swift in Sources */ = {isa = PBXBuildFile; fileRef = D70FD5481B1EE8B200C14756 /* AppDelegate.swift */; };
		D70FD54E1B1EE8B200C14756 /* Main.storyboard in Resources */ = {isa = PBXBuildFile; fileRef = D70FD54C1B1EE8B200C14756 /* Main.storyboard */; };
		D70FD5501B1EE8B200C14756 /* Images.xcassets in Resources */ = {isa = PBXBuildFile; fileRef = D70FD54F1B1EE8B200C14756 /* Images.xcassets */; };
		D70FD5531B1EE8B200C14756 /* LaunchScreen.xib in Resources */ = {isa = PBXBuildFile; fileRef = D70FD5511B1EE8B200C14756 /* LaunchScreen.xib */; };
		D70FD55F1B1EE8B200C14756 /* NYU_GPATests.swift in Sources */ = {isa = PBXBuildFile; fileRef = D70FD55E1B1EE8B200C14756 /* NYU_GPATests.swift */; };
		D70FD5691B1EE97100C14756 /* NYUTableViewController.swift in Sources */ = {isa = PBXBuildFile; fileRef = D70FD5681B1EE97100C14756 /* NYUTableViewController.swift */; };
		D70FD56B1B1EEE6B00C14756 /* NYUViewController.swift in Sources */ = {isa = PBXBuildFile; fileRef = D70FD56A1B1EEE6B00C14756 /* NYUViewController.swift */; };
		D71B45211B20C5F100A80FC7 /* EditViewController.swift in Sources */ = {isa = PBXBuildFile; fileRef = D71B45201B20C5F100A80FC7 /* EditViewController.swift */; };
		D7B3FB391B1F983B00F50A4E /* CalcGPAViewController.swift in Sources */ = {isa = PBXBuildFile; fileRef = D7B3FB381B1F983B00F50A4E /* CalcGPAViewController.swift */; };
		D7B3FB3D1B1FC9A800F50A4E /* EditCourseViewController.swift in Sources */ = {isa = PBXBuildFile; fileRef = D7B3FB3C1B1FC9A800F50A4E /* EditCourseViewController.swift */; };
/* End PBXBuildFile section */

/* Begin PBXContainerItemProxy section */
		D70FD5591B1EE8B200C14756 /* PBXContainerItemProxy */ = {
			isa = PBXContainerItemProxy;
			containerPortal = D70FD53B1B1EE8B200C14756 /* Project object */;
			proxyType = 1;
			remoteGlobalIDString = D70FD5421B1EE8B200C14756;
			remoteInfo = "NYU GPA";
		};
/* End PBXContainerItemProxy section */

/* Begin PBXFileReference section */
		D70FD5431B1EE8B200C14756 /* NYU GPA.app */ = {isa = PBXFileReference; explicitFileType = wrapper.application; includeInIndex = 0; path = "NYU GPA.app"; sourceTree = BUILT_PRODUCTS_DIR; };
		D70FD5471B1EE8B200C14756 /* Info.plist */ = {isa = PBXFileReference; lastKnownFileType = text.plist.xml; path = Info.plist; sourceTree = "<group>"; };
		D70FD5481B1EE8B200C14756 /* AppDelegate.swift */ = {isa = PBXFileReference; lastKnownFileType = sourcecode.swift; path = AppDelegate.swift; sourceTree = "<group>"; };
		D70FD54D1B1EE8B200C14756 /* Base */ = {isa = PBXFileReference; lastKnownFileType = file.storyboard; name = Base; path = Base.lproj/Main.storyboard; sourceTree = "<group>"; };
		D70FD54F1B1EE8B200C14756 /* Images.xcassets */ = {isa = PBXFileReference; lastKnownFileType = folder.assetcatalog; path = Images.xcassets; sourceTree = "<group>"; };
		D70FD5521B1EE8B200C14756 /* Base */ = {isa = PBXFileReference; lastKnownFileType = file.xib; name = Base; path = Base.lproj/LaunchScreen.xib; sourceTree = "<group>"; };
		D70FD5581B1EE8B200C14756 /* NYU GPATests.xctest */ = {isa = PBXFileReference; explicitFileType = wrapper.cfbundle; includeInIndex = 0; path = "NYU GPATests.xctest"; sourceTree = BUILT_PRODUCTS_DIR; };
		D70FD55D1B1EE8B200C14756 /* Info.plist */ = {isa = PBXFileReference; lastKnownFileType = text.plist.xml; path = Info.plist; sourceTree = "<group>"; };
		D70FD55E1B1EE8B200C14756 /* NYU_GPATests.swift */ = {isa = PBXFileReference; lastKnownFileType = sourcecode.swift; path = NYU_GPATests.swift; sourceTree = "<group>"; };
		D70FD5681B1EE97100C14756 /* NYUTableViewController.swift */ = {isa = PBXFileReference; fileEncoding = 4; lastKnownFileType = sourcecode.swift; path = NYUTableViewController.swift; sourceTree = "<group>"; };
		D70FD56A1B1EEE6B00C14756 /* NYUViewController.swift */ = {isa = PBXFileReference; fileEncoding = 4; lastKnownFileType = sourcecode.swift; path = NYUViewController.swift; sourceTree = "<group>"; };
		D71B45201B20C5F100A80FC7 /* EditViewController.swift */ = {isa = PBXFileReference; fileEncoding = 4; lastKnownFileType = sourcecode.swift; path = EditViewController.swift; sourceTree = "<group>"; };
		D7B3FB381B1F983B00F50A4E /* CalcGPAViewController.swift */ = {isa = PBXFileReference; fileEncoding = 4; lastKnownFileType = sourcecode.swift; path = CalcGPAViewController.swift; sourceTree = "<group>"; };
		D7B3FB3C1B1FC9A800F50A4E /* EditCourseViewController.swift */ = {isa = PBXFileReference; fileEncoding = 4; lastKnownFileType = sourcecode.swift; path = EditCourseViewController.swift; sourceTree = "<group>"; };
/* End PBXFileReference section */

/* Begin PBXFrameworksBuildPhase section */
		D70FD5401B1EE8B200C14756 /* Frameworks */ = {
			isa = PBXFrameworksBuildPhase;
			buildActionMask = 2147483647;
			files = (
			);
			runOnlyForDeploymentPostprocessing = 0;
		};
		D70FD5551B1EE8B200C14756 /* Frameworks */ = {
			isa = PBXFrameworksBuildPhase;
			buildActionMask = 2147483647;
			files = (
			);
			runOnlyForDeploymentPostprocessing = 0;
		};
/* End PBXFrameworksBuildPhase section */

/* Begin PBXGroup section */
		D70FD53A1B1EE8B200C14756 = {
			isa = PBXGroup;
			children = (
				D70FD5451B1EE8B200C14756 /* NYU GPA */,
				D70FD55B1B1EE8B200C14756 /* NYU GPATests */,
				D70FD5441B1EE8B200C14756 /* Products */,
			);
			sourceTree = "<group>";
		};
		D70FD5441B1EE8B200C14756 /* Products */ = {
			isa = PBXGroup;
			children = (
				D70FD5431B1EE8B200C14756 /* NYU GPA.app */,
				D70FD5581B1EE8B200C14756 /* NYU GPATests.xctest */,
			);
			name = Products;
			sourceTree = "<group>";
		};
		D70FD5451B1EE8B200C14756 /* NYU GPA */ = {
			isa = PBXGroup;
			children = (
				D70FD5481B1EE8B200C14756 /* AppDelegate.swift */,
				D7B3FB381B1F983B00F50A4E /* CalcGPAViewController.swift */,
				D70FD5681B1EE97100C14756 /* NYUTableViewController.swift */,
				D70FD56A1B1EEE6B00C14756 /* NYUViewController.swift */,
				D7B3FB3C1B1FC9A800F50A4E /* EditCourseViewController.swift */,
				D71B45201B20C5F100A80FC7 /* EditViewController.swift */,
				D70FD54C1B1EE8B200C14756 /* Main.storyboard */,
				D70FD54F1B1EE8B200C14756 /* Images.xcassets */,
				D70FD5511B1EE8B200C14756 /* LaunchScreen.xib */,
				D70FD5461B1EE8B200C14756 /* Supporting Files */,
			);
			path = "NYU GPA";
			sourceTree = "<group>";
		};
		D70FD5461B1EE8B200C14756 /* Supporting Files */ = {
			isa = PBXGroup;
			children = (
				D70FD5471B1EE8B200C14756 /* Info.plist */,
			);
			name = "Supporting Files";
			sourceTree = "<group>";
		};
		D70FD55B1B1EE8B200C14756 /* NYU GPATests */ = {
			isa = PBXGroup;
			children = (
				D70FD55E1B1EE8B200C14756 /* NYU_GPATests.swift */,
				D70FD55C1B1EE8B200C14756 /* Supporting Files */,
			);
			path = "NYU GPATests";
			sourceTree = "<group>";
		};
		D70FD55C1B1EE8B200C14756 /* Supporting Files */ = {
			isa = PBXGroup;
			children = (
				D70FD55D1B1EE8B200C14756 /* Info.plist */,
			);
			name = "Supporting Files";
			sourceTree = "<group>";
		};
/* End PBXGroup section */

/* Begin PBXNativeTarget section */
		D70FD5421B1EE8B200C14756 /* NYU GPA */ = {
			isa = PBXNativeTarget;
			buildConfigurationList = D70FD5621B1EE8B200C14756 /* Build configuration list for PBXNativeTarget "NYU GPA" */;
			buildPhases = (
				D70FD53F1B1EE8B200C14756 /* Sources */,
				D70FD5401B1EE8B200C14756 /* Frameworks */,
				D70FD5411B1EE8B200C14756 /* Resources */,
			);
			buildRules = (
			);
			dependencies = (
			);
			name = "NYU GPA";
			productName = "NYU GPA";
			productReference = D70FD5431B1EE8B200C14756 /* NYU GPA.app */;
			productType = "com.apple.product-type.application";
		};
		D70FD5571B1EE8B200C14756 /* NYU GPATests */ = {
			isa = PBXNativeTarget;
			buildConfigurationList = D70FD5651B1EE8B200C14756 /* Build configuration list for PBXNativeTarget "NYU GPATests" */;
			buildPhases = (
				D70FD5541B1EE8B200C14756 /* Sources */,
				D70FD5551B1EE8B200C14756 /* Frameworks */,
				D70FD5561B1EE8B200C14756 /* Resources */,
			);
			buildRules = (
			);
			dependencies = (
				D70FD55A1B1EE8B200C14756 /* PBXTargetDependency */,
			);
			name = "NYU GPATests";
			productName = "NYU GPATests";
			productReference = D70FD5581B1EE8B200C14756 /* NYU GPATests.xctest */;
			productType = "com.apple.product-type.bundle.unit-test";
		};
/* End PBXNativeTarget section */

/* Begin PBXProject section */
		D70FD53B1B1EE8B200C14756 /* Project object */ = {
			isa = PBXProject;
			attributes = {
				LastSwiftMigration = 0700;
				LastSwiftUpdateCheck = 0700;
				LastUpgradeCheck = 0610;
				ORGANIZATIONNAME = "Mohan Dhar";
				TargetAttributes = {
					D70FD5421B1EE8B200C14756 = {
						CreatedOnToolsVersion = 6.1.1;
					};
					D70FD5571B1EE8B200C14756 = {
						CreatedOnToolsVersion = 6.1.1;
						TestTargetID = D70FD5421B1EE8B200C14756;
					};
				};
			};
			buildConfigurationList = D70FD53E1B1EE8B200C14756 /* Build configuration list for PBXProject "NYU GPA" */;
			compatibilityVersion = "Xcode 3.2";
			developmentRegion = English;
			hasScannedForEncodings = 0;
			knownRegions = (
				en,
				Base,
			);
			mainGroup = D70FD53A1B1EE8B200C14756;
			productRefGroup = D70FD5441B1EE8B200C14756 /* Products */;
			projectDirPath = "";
			projectRoot = "";
			targets = (
				D70FD5421B1EE8B200C14756 /* NYU GPA */,
				D70FD5571B1EE8B200C14756 /* NYU GPATests */,
			);
		};
/* End PBXProject section */

/* Begin PBXResourcesBuildPhase section */
		D70FD5411B1EE8B200C14756 /* Resources */ = {
			isa = PBXResourcesBuildPhase;
			buildActionMask = 2147483647;
			files = (
				D70FD54E1B1EE8B200C14756 /* Main.storyboard in Resources */,
				D70FD5531B1EE8B200C14756 /* LaunchScreen.xib in Resources */,
				D70FD5501B1EE8B200C14756 /* Images.xcassets in Resources */,
			);
			runOnlyForDeploymentPostprocessing = 0;
		};
		D70FD5561B1EE8B200C14756 /* Resources */ = {
			isa = PBXResourcesBuildPhase;
			buildActionMask = 2147483647;
			files = (
			);
			runOnlyForDeploymentPostprocessing = 0;
		};
/* End PBXResourcesBuildPhase section */

/* Begin PBXSourcesBuildPhase section */
		D70FD53F1B1EE8B200C14756 /* Sources */ = {
			isa = PBXSourcesBuildPhase;
			buildActionMask = 2147483647;
			files = (
				D7B3FB3D1B1FC9A800F50A4E /* EditCourseViewController.swift in Sources */,
				D7B3FB391B1F983B00F50A4E /* CalcGPAViewController.swift in Sources */,
				D71B45211B20C5F100A80FC7 /* EditViewController.swift in Sources */,
				D70FD56B1B1EEE6B00C14756 /* NYUViewController.swift in Sources */,
				D70FD5691B1EE97100C14756 /* NYUTableViewController.swift in Sources */,
				D70FD5491B1EE8B200C14756 /* AppDelegate.swift in Sources */,
			);
			runOnlyForDeploymentPostprocessing = 0;
		};
		D70FD5541B1EE8B200C14756 /* Sources */ = {
			isa = PBXSourcesBuildPhase;
			buildActionMask = 2147483647;
			files = (
				D70FD55F1B1EE8B200C14756 /* NYU_GPATests.swift in Sources */,
			);
			runOnlyForDeploymentPostprocessing = 0;
		};
/* End PBXSourcesBuildPhase section */

/* Begin PBXTargetDependency section */
		D70FD55A1B1EE8B200C14756 /* PBXTargetDependency */ = {
			isa = PBXTargetDependency;
			target = D70FD5421B1EE8B200C14756 /* NYU GPA */;
			targetProxy = D70FD5591B1EE8B200C14756 /* PBXContainerItemProxy */;
		};
/* End PBXTargetDependency section */

/* Begin PBXVariantGroup section */
		D70FD54C1B1EE8B200C14756 /* Main.storyboard */ = {
			isa = PBXVariantGroup;
			children = (
				D70FD54D1B1EE8B200C14756 /* Base */,
			);
			name = Main.storyboard;
			sourceTree = "<group>";
		};
		D70FD5511B1EE8B200C14756 /* LaunchScreen.xib */ = {
			isa = PBXVariantGroup;
			children = (
				D70FD5521B1EE8B200C14756 /* Base */,
			);
			name = LaunchScreen.xib;
			sourceTree = "<group>";
		};
/* End PBXVariantGroup section */

/* Begin XCBuildConfiguration section */
		D70FD5601B1EE8B200C14756 /* Debug */ = {
			isa = XCBuildConfiguration;
			buildSettings = {
				ALWAYS_SEARCH_USER_PATHS = NO;
				CLANG_CXX_LANGUAGE_STANDARD = "gnu++0x";
				CLANG_CXX_LIBRARY = "libc++";
				CLANG_ENABLE_MODULES = YES;
				CLANG_ENABLE_OBJC_ARC = YES;
				CLANG_WARN_BOOL_CONVERSION = YES;
				CLANG_WARN_CONSTANT_CONVERSION = YES;
				CLANG_WARN_DIRECT_OBJC_ISA_USAGE = YES_ERROR;
				CLANG_WARN_EMPTY_BODY = YES;
				CLANG_WARN_ENUM_CONVERSION = YES;
				CLANG_WARN_INT_CONVERSION = YES;
				CLANG_WARN_OBJC_ROOT_CLASS = YES_ERROR;
				CLANG_WARN_UNREACHABLE_CODE = YES;
				CLANG_WARN__DUPLICATE_METHOD_MATCH = YES;
				"CODE_SIGN_IDENTITY[sdk=iphoneos*]" = "iPhone Developer";
				COPY_PHASE_STRIP = NO;
				ENABLE_STRICT_OBJC_MSGSEND = YES;
				GCC_C_LANGUAGE_STANDARD = gnu99;
				GCC_DYNAMIC_NO_PIC = NO;
				GCC_OPTIMIZATION_LEVEL = 0;
				GCC_PREPROCESSOR_DEFINITIONS = (
					"DEBUG=1",
					"$(inherited)",
				);
				GCC_SYMBOLS_PRIVATE_EXTERN = NO;
				GCC_WARN_64_TO_32_BIT_CONVERSION = YES;
				GCC_WARN_ABOUT_RETURN_TYPE = YES_ERROR;
				GCC_WARN_UNDECLARED_SELECTOR = YES;
				GCC_WARN_UNINITIALIZED_AUTOS = YES_AGGRESSIVE;
				GCC_WARN_UNUSED_FUNCTION = YES;
				GCC_WARN_UNUSED_VARIABLE = YES;
				IPHONEOS_DEPLOYMENT_TARGET = 8.1;
				MTL_ENABLE_DEBUG_INFO = YES;
				ONLY_ACTIVE_ARCH = YES;
				SDKROOT = iphoneos;
				SWIFT_OPTIMIZATION_LEVEL = "-Onone";
			};
			name = Debug;
		};
		D70FD5611B1EE8B200C14756 /* Release */ = {
			isa = XCBuildConfiguration;
			buildSettings = {
				ALWAYS_SEARCH_USER_PATHS = NO;
				CLANG_CXX_LANGUAGE_STANDARD = "gnu++0x";
				CLANG_CXX_LIBRARY = "libc++";
				CLANG_ENABLE_MODULES = YES;
				CLANG_ENABLE_OBJC_ARC = YES;
				CLANG_WARN_BOOL_CONVERSION = YES;
				CLANG_WARN_CONSTANT_CONVERSION = YES;
				CLANG_WARN_DIRECT_OBJC_ISA_USAGE = YES_ERROR;
				CLANG_WARN_EMPTY_BODY = YES;
				CLANG_WARN_ENUM_CONVERSION = YES;
				CLANG_WARN_INT_CONVERSION = YES;
				CLANG_WARN_OBJC_ROOT_CLASS = YES_ERROR;
				CLANG_WARN_UNREACHABLE_CODE = YES;
				CLANG_WARN__DUPLICATE_METHOD_MATCH = YES;
				"CODE_SIGN_IDENTITY[sdk=iphoneos*]" = "iPhone Developer";
				COPY_PHASE_STRIP = YES;
				ENABLE_NS_ASSERTIONS = NO;
				ENABLE_STRICT_OBJC_MSGSEND = YES;
				GCC_C_LANGUAGE_STANDARD = gnu99;
				GCC_WARN_64_TO_32_BIT_CONVERSION = YES;
				GCC_WARN_ABOUT_RETURN_TYPE = YES_ERROR;
				GCC_WARN_UNDECLARED_SELECTOR = YES;
				GCC_WARN_UNINITIALIZED_AUTOS = YES_AGGRESSIVE;
				GCC_WARN_UNUSED_FUNCTION = YES;
				GCC_WARN_UNUSED_VARIABLE = YES;
				IPHONEOS_DEPLOYMENT_TARGET = 8.1;
				MTL_ENABLE_DEBUG_INFO = NO;
				SDKROOT = iphoneos;
				VALIDATE_PRODUCT = YES;
			};
			name = Release;
		};
		D70FD5631B1EE8B200C14756 /* Debug */ = {
			isa = XCBuildConfiguration;
			buildSettings = {
				ASSETCATALOG_COMPILER_APPICON_NAME = AppIcon;
				INFOPLIST_FILE = "NYU GPA/Info.plist";
				LD_RUNPATH_SEARCH_PATHS = "$(inherited) @executable_path/Frameworks";
				PRODUCT_NAME = "$(TARGET_NAME)";
			};
			name = Debug;
		};
		D70FD5641B1EE8B200C14756 /* Release */ = {
			isa = XCBuildConfiguration;
			buildSettings = {
				ASSETCATALOG_COMPILER_APPICON_NAME = AppIcon;
				INFOPLIST_FILE = "NYU GPA/Info.plist";
				LD_RUNPATH_SEARCH_PATHS = "$(inherited) @executable_path/Frameworks";
				PRODUCT_NAME = "$(TARGET_NAME)";
			};
			name = Release;
		};
		D70FD5661B1EE8B200C14756 /* Debug */ = {
			isa = XCBuildConfiguration;
			buildSettings = {
				BUNDLE_LOADER = "$(TEST_HOST)";
				FRAMEWORK_SEARCH_PATHS = (
					"$(SDKROOT)/Developer/Library/Frameworks",
					"$(inherited)",
				);
				GCC_PREPROCESSOR_DEFINITIONS = (
					"DEBUG=1",
					"$(inherited)",
				);
				INFOPLIST_FILE = "NYU GPATests/Info.plist";
				LD_RUNPATH_SEARCH_PATHS = "$(inherited) @executable_path/Frameworks @loader_path/Frameworks";
				PRODUCT_NAME = "$(TARGET_NAME)";
				TEST_HOST = "$(BUILT_PRODUCTS_DIR)/NYU GPA.app/NYU GPA";
			};
			name = Debug;
		};
		D70FD5671B1EE8B200C14756 /* Release */ = {
			isa = XCBuildConfiguration;
			buildSettings = {
				BUNDLE_LOADER = "$(TEST_HOST)";
				FRAMEWORK_SEARCH_PATHS = (
					"$(SDKROOT)/Developer/Library/Frameworks",
					"$(inherited)",
				);
				INFOPLIST_FILE = "NYU GPATests/Info.plist";
				LD_RUNPATH_SEARCH_PATHS = "$(inherited) @executable_path/Frameworks @loader_path/Frameworks";
				PRODUCT_NAME = "$(TARGET_NAME)";
				TEST_HOST = "$(BUILT_PRODUCTS_DIR)/NYU GPA.app/NYU GPA";
			};
			name = Release;
		};
/* End XCBuildConfiguration section */

/* Begin XCConfigurationList section */
		D70FD53E1B1EE8B200C14756 /* Build configuration list for PBXProject "NYU GPA" */ = {
			isa = XCConfigurationList;
			buildConfigurations = (
				D70FD5601B1EE8B200C14756 /* Debug */,
				D70FD5611B1EE8B200C14756 /* Release */,
			);
			defaultConfigurationIsVisible = 0;
			defaultConfigurationName = Release;
		};
		D70FD5621B1EE8B200C14756 /* Build configuration list for PBXNativeTarget "NYU GPA" */ = {
			isa = XCConfigurationList;
			buildConfigurations = (
				D70FD5631B1EE8B200C14756 /* Debug */,
				D70FD5641B1EE8B200C14756 /* Release */,
			);
			defaultConfigurationIsVisible = 0;
			defaultConfigurationName = Release;
		};
		D70FD5651B1EE8B200C14756 /* Build configuration list for PBXNativeTarget "NYU GPATests" */ = {
			isa = XCConfigurationList;
			buildConfigurations = (
				D70FD5661B1EE8B200C14756 /* Debug */,
				D70FD5671B1EE8B200C14756 /* Release */,
			);
			defaultConfigurationIsVisible = 0;
			defaultConfigurationName = Release;
		};
/* End XCConfigurationList section */
	};
	rootObject = D70FD53B1B1EE8B200C14756 /* Project object */;
}
