// !$*UTF8*$!
{
	archiveVersion = 1;
	classes = {
	};
	objectVersion = 46;
	objects = {

/* Begin PBXBuildFile section */
		D7D2AB581B5226EA009F5F24 /* AppDelegate.swift in Sources */ = {isa = PBXBuildFile; fileRef = D7D2AB571B5226EA009F5F24 /* AppDelegate.swift */; };
		D7D2AB5A1B5226EA009F5F24 /* ViewController.swift in Sources */ = {isa = PBXBuildFile; fileRef = D7D2AB591B5226EA009F5F24 /* ViewController.swift */; };
		D7D2AB5D1B5226EA009F5F24 /* Main.storyboard in Resources */ = {isa = PBXBuildFile; fileRef = D7D2AB5B1B5226EA009F5F24 /* Main.storyboard */; };
		D7D2AB5F1B5226EA009F5F24 /* Assets.xcassets in Resources */ = {isa = PBXBuildFile; fileRef = D7D2AB5E1B5226EA009F5F24 /* Assets.xcassets */; };
		D7D2AB621B5226EA009F5F24 /* LaunchScreen.storyboard in Resources */ = {isa = PBXBuildFile; fileRef = D7D2AB601B5226EA009F5F24 /* LaunchScreen.storyboard */; };
		D7D2AB6D1B5226EA009F5F24 /* Test_ImageTests.swift in Sources */ = {isa = PBXBuildFile; fileRef = D7D2AB6C1B5226EA009F5F24 /* Test_ImageTests.swift */; };
		D7D2AB781B5226EA009F5F24 /* Test_ImageUITests.swift in Sources */ = {isa = PBXBuildFile; fileRef = D7D2AB771B5226EA009F5F24 /* Test_ImageUITests.swift */; };
/* End PBXBuildFile section */

/* Begin PBXContainerItemProxy section */
		D7D2AB691B5226EA009F5F24 /* PBXContainerItemProxy */ = {
			isa = PBXContainerItemProxy;
			containerPortal = D7D2AB4C1B5226EA009F5F24 /* Project object */;
			proxyType = 1;
			remoteGlobalIDString = D7D2AB531B5226EA009F5F24;
			remoteInfo = "Test Image";
		};
		D7D2AB741B5226EA009F5F24 /* PBXContainerItemProxy */ = {
			isa = PBXContainerItemProxy;
			containerPortal = D7D2AB4C1B5226EA009F5F24 /* Project object */;
			proxyType = 1;
			remoteGlobalIDString = D7D2AB531B5226EA009F5F24;
			remoteInfo = "Test Image";
		};
/* End PBXContainerItemProxy section */

/* Begin PBXFileReference section */
		D7D2AB541B5226EA009F5F24 /* Test Image.app */ = {isa = PBXFileReference; explicitFileType = wrapper.application; includeInIndex = 0; path = "Test Image.app"; sourceTree = BUILT_PRODUCTS_DIR; };
		D7D2AB571B5226EA009F5F24 /* AppDelegate.swift */ = {isa = PBXFileReference; lastKnownFileType = sourcecode.swift; path = AppDelegate.swift; sourceTree = "<group>"; };
		D7D2AB591B5226EA009F5F24 /* ViewController.swift */ = {isa = PBXFileReference; lastKnownFileType = sourcecode.swift; path = ViewController.swift; sourceTree = "<group>"; };
		D7D2AB5C1B5226EA009F5F24 /* Base */ = {isa = PBXFileReference; lastKnownFileType = file.storyboard; name = Base; path = Base.lproj/Main.storyboard; sourceTree = "<group>"; };
		D7D2AB5E1B5226EA009F5F24 /* Assets.xcassets */ = {isa = PBXFileReference; lastKnownFileType = folder.assetcatalog; path = Assets.xcassets; sourceTree = "<group>"; };
		D7D2AB611B5226EA009F5F24 /* Base */ = {isa = PBXFileReference; lastKnownFileType = file.storyboard; name = Base; path = Base.lproj/LaunchScreen.storyboard; sourceTree = "<group>"; };
		D7D2AB631B5226EA009F5F24 /* Info.plist */ = {isa = PBXFileReference; lastKnownFileType = text.plist.xml; path = Info.plist; sourceTree = "<group>"; };
		D7D2AB681B5226EA009F5F24 /* Test ImageTests.xctest */ = {isa = PBXFileReference; explicitFileType = wrapper.cfbundle; includeInIndex = 0; path = "Test ImageTests.xctest"; sourceTree = BUILT_PRODUCTS_DIR; };
		D7D2AB6C1B5226EA009F5F24 /* Test_ImageTests.swift */ = {isa = PBXFileReference; lastKnownFileType = sourcecode.swift; path = Test_ImageTests.swift; sourceTree = "<group>"; };
		D7D2AB6E1B5226EA009F5F24 /* Info.plist */ = {isa = PBXFileReference; lastKnownFileType = text.plist.xml; path = Info.plist; sourceTree = "<group>"; };
		D7D2AB731B5226EA009F5F24 /* Test ImageUITests.xctest */ = {isa = PBXFileReference; explicitFileType = wrapper.cfbundle; includeInIndex = 0; path = "Test ImageUITests.xctest"; sourceTree = BUILT_PRODUCTS_DIR; };
		D7D2AB771B5226EA009F5F24 /* Test_ImageUITests.swift */ = {isa = PBXFileReference; lastKnownFileType = sourcecode.swift; path = Test_ImageUITests.swift; sourceTree = "<group>"; };
		D7D2AB791B5226EA009F5F24 /* Info.plist */ = {isa = PBXFileReference; lastKnownFileType = text.plist.xml; path = Info.plist; sourceTree = "<group>"; };
/* End PBXFileReference section */

/* Begin PBXFrameworksBuildPhase section */
		D7D2AB511B5226EA009F5F24 /* Frameworks */ = {
			isa = PBXFrameworksBuildPhase;
			buildActionMask = 2147483647;
			files = (
			);
			runOnlyForDeploymentPostprocessing = 0;
		};
		D7D2AB651B5226EA009F5F24 /* Frameworks */ = {
			isa = PBXFrameworksBuildPhase;
			buildActionMask = 2147483647;
			files = (
			);
			runOnlyForDeploymentPostprocessing = 0;
		};
		D7D2AB701B5226EA009F5F24 /* Frameworks */ = {
			isa = PBXFrameworksBuildPhase;
			buildActionMask = 2147483647;
			files = (
			);
			runOnlyForDeploymentPostprocessing = 0;
		};
/* End PBXFrameworksBuildPhase section */

/* Begin PBXGroup section */
		D7D2AB4B1B5226EA009F5F24 = {
			isa = PBXGroup;
			children = (
				D7D2AB561B5226EA009F5F24 /* Test Image */,
				D7D2AB6B1B5226EA009F5F24 /* Test ImageTests */,
				D7D2AB761B5226EA009F5F24 /* Test ImageUITests */,
				D7D2AB551B5226EA009F5F24 /* Products */,
			);
			sourceTree = "<group>";
		};
		D7D2AB551B5226EA009F5F24 /* Products */ = {
			isa = PBXGroup;
			children = (
				D7D2AB541B5226EA009F5F24 /* Test Image.app */,
				D7D2AB681B5226EA009F5F24 /* Test ImageTests.xctest */,
				D7D2AB731B5226EA009F5F24 /* Test ImageUITests.xctest */,
			);
			name = Products;
			sourceTree = "<group>";
		};
		D7D2AB561B5226EA009F5F24 /* Test Image */ = {
			isa = PBXGroup;
			children = (
				D7D2AB571B5226EA009F5F24 /* AppDelegate.swift */,
				D7D2AB591B5226EA009F5F24 /* ViewController.swift */,
				D7D2AB5B1B5226EA009F5F24 /* Main.storyboard */,
				D7D2AB5E1B5226EA009F5F24 /* Assets.xcassets */,
				D7D2AB601B5226EA009F5F24 /* LaunchScreen.storyboard */,
				D7D2AB631B5226EA009F5F24 /* Info.plist */,
			);
			path = "Test Image";
			sourceTree = "<group>";
		};
		D7D2AB6B1B5226EA009F5F24 /* Test ImageTests */ = {
			isa = PBXGroup;
			children = (
				D7D2AB6C1B5226EA009F5F24 /* Test_ImageTests.swift */,
				D7D2AB6E1B5226EA009F5F24 /* Info.plist */,
			);
			path = "Test ImageTests";
			sourceTree = "<group>";
		};
		D7D2AB761B5226EA009F5F24 /* Test ImageUITests */ = {
			isa = PBXGroup;
			children = (
				D7D2AB771B5226EA009F5F24 /* Test_ImageUITests.swift */,
				D7D2AB791B5226EA009F5F24 /* Info.plist */,
			);
			path = "Test ImageUITests";
			sourceTree = "<group>";
		};
/* End PBXGroup section */

/* Begin PBXNativeTarget section */
		D7D2AB531B5226EA009F5F24 /* Test Image */ = {
			isa = PBXNativeTarget;
			buildConfigurationList = D7D2AB7C1B5226EA009F5F24 /* Build configuration list for PBXNativeTarget "Test Image" */;
			buildPhases = (
				D7D2AB501B5226EA009F5F24 /* Sources */,
				D7D2AB511B5226EA009F5F24 /* Frameworks */,
				D7D2AB521B5226EA009F5F24 /* Resources */,
			);
			buildRules = (
			);
			dependencies = (
			);
			name = "Test Image";
			productName = "Test Image";
			productReference = D7D2AB541B5226EA009F5F24 /* Test Image.app */;
			productType = "com.apple.product-type.application";
		};
		D7D2AB671B5226EA009F5F24 /* Test ImageTests */ = {
			isa = PBXNativeTarget;
			buildConfigurationList = D7D2AB7F1B5226EA009F5F24 /* Build configuration list for PBXNativeTarget "Test ImageTests" */;
			buildPhases = (
				D7D2AB641B5226EA009F5F24 /* Sources */,
				D7D2AB651B5226EA009F5F24 /* Frameworks */,
				D7D2AB661B5226EA009F5F24 /* Resources */,
			);
			buildRules = (
			);
			dependencies = (
				D7D2AB6A1B5226EA009F5F24 /* PBXTargetDependency */,
			);
			name = "Test ImageTests";
			productName = "Test ImageTests";
			productReference = D7D2AB681B5226EA009F5F24 /* Test ImageTests.xctest */;
			productType = "com.apple.product-type.bundle.unit-test";
		};
		D7D2AB721B5226EA009F5F24 /* Test ImageUITests */ = {
			isa = PBXNativeTarget;
			buildConfigurationList = D7D2AB821B5226EA009F5F24 /* Build configuration list for PBXNativeTarget "Test ImageUITests" */;
			buildPhases = (
				D7D2AB6F1B5226EA009F5F24 /* Sources */,
				D7D2AB701B5226EA009F5F24 /* Frameworks */,
				D7D2AB711B5226EA009F5F24 /* Resources */,
			);
			buildRules = (
			);
			dependencies = (
				D7D2AB751B5226EA009F5F24 /* PBXTargetDependency */,
			);
			name = "Test ImageUITests";
			productName = "Test ImageUITests";
			productReference = D7D2AB731B5226EA009F5F24 /* Test ImageUITests.xctest */;
			productType = "com.apple.product-type.bundle.ui-testing";
		};
/* End PBXNativeTarget section */

/* Begin PBXProject section */
		D7D2AB4C1B5226EA009F5F24 /* Project object */ = {
			isa = PBXProject;
			attributes = {
				LastUpgradeCheck = 0700;
				ORGANIZATIONNAME = "Mohan Dhar";
				TargetAttributes = {
					D7D2AB531B5226EA009F5F24 = {
						CreatedOnToolsVersion = 7.0;
					};
					D7D2AB671B5226EA009F5F24 = {
						CreatedOnToolsVersion = 7.0;
						TestTargetID = D7D2AB531B5226EA009F5F24;
					};
					D7D2AB721B5226EA009F5F24 = {
						CreatedOnToolsVersion = 7.0;
						TestTargetID = D7D2AB531B5226EA009F5F24;
					};
				};
			};
			buildConfigurationList = D7D2AB4F1B5226EA009F5F24 /* Build configuration list for PBXProject "Test Image" */;
			compatibilityVersion = "Xcode 3.2";
			developmentRegion = English;
			hasScannedForEncodings = 0;
			knownRegions = (
				en,
				Base,
			);
			mainGroup = D7D2AB4B1B5226EA009F5F24;
			productRefGroup = D7D2AB551B5226EA009F5F24 /* Products */;
			projectDirPath = "";
			projectRoot = "";
			targets = (
				D7D2AB531B5226EA009F5F24 /* Test Image */,
				D7D2AB671B5226EA009F5F24 /* Test ImageTests */,
				D7D2AB721B5226EA009F5F24 /* Test ImageUITests */,
			);
		};
/* End PBXProject section */

/* Begin PBXResourcesBuildPhase section */
		D7D2AB521B5226EA009F5F24 /* Resources */ = {
			isa = PBXResourcesBuildPhase;
			buildActionMask = 2147483647;
			files = (
				D7D2AB621B5226EA009F5F24 /* LaunchScreen.storyboard in Resources */,
				D7D2AB5F1B5226EA009F5F24 /* Assets.xcassets in Resources */,
				D7D2AB5D1B5226EA009F5F24 /* Main.storyboard in Resources */,
			);
			runOnlyForDeploymentPostprocessing = 0;
		};
		D7D2AB661B5226EA009F5F24 /* Resources */ = {
			isa = PBXResourcesBuildPhase;
			buildActionMask = 2147483647;
			files = (
			);
			runOnlyForDeploymentPostprocessing = 0;
		};
		D7D2AB711B5226EA009F5F24 /* Resources */ = {
			isa = PBXResourcesBuildPhase;
			buildActionMask = 2147483647;
			files = (
			);
			runOnlyForDeploymentPostprocessing = 0;
		};
/* End PBXResourcesBuildPhase section */

/* Begin PBXSourcesBuildPhase section */
		D7D2AB501B5226EA009F5F24 /* Sources */ = {
			isa = PBXSourcesBuildPhase;
			buildActionMask = 2147483647;
			files = (
				D7D2AB5A1B5226EA009F5F24 /* ViewController.swift in Sources */,
				D7D2AB581B5226EA009F5F24 /* AppDelegate.swift in Sources */,
			);
			runOnlyForDeploymentPostprocessing = 0;
		};
		D7D2AB641B5226EA009F5F24 /* Sources */ = {
			isa = PBXSourcesBuildPhase;
			buildActionMask = 2147483647;
			files = (
				D7D2AB6D1B5226EA009F5F24 /* Test_ImageTests.swift in Sources */,
			);
			runOnlyForDeploymentPostprocessing = 0;
		};
		D7D2AB6F1B5226EA009F5F24 /* Sources */ = {
			isa = PBXSourcesBuildPhase;
			buildActionMask = 2147483647;
			files = (
				D7D2AB781B5226EA009F5F24 /* Test_ImageUITests.swift in Sources */,
			);
			runOnlyForDeploymentPostprocessing = 0;
		};
/* End PBXSourcesBuildPhase section */

/* Begin PBXTargetDependency section */
		D7D2AB6A1B5226EA009F5F24 /* PBXTargetDependency */ = {
			isa = PBXTargetDependency;
			target = D7D2AB531B5226EA009F5F24 /* Test Image */;
			targetProxy = D7D2AB691B5226EA009F5F24 /* PBXContainerItemProxy */;
		};
		D7D2AB751B5226EA009F5F24 /* PBXTargetDependency */ = {
			isa = PBXTargetDependency;
			target = D7D2AB531B5226EA009F5F24 /* Test Image */;
			targetProxy = D7D2AB741B5226EA009F5F24 /* PBXContainerItemProxy */;
		};
/* End PBXTargetDependency section */

/* Begin PBXVariantGroup section */
		D7D2AB5B1B5226EA009F5F24 /* Main.storyboard */ = {
			isa = PBXVariantGroup;
			children = (
				D7D2AB5C1B5226EA009F5F24 /* Base */,
			);
			name = Main.storyboard;
			sourceTree = "<group>";
		};
		D7D2AB601B5226EA009F5F24 /* LaunchScreen.storyboard */ = {
			isa = PBXVariantGroup;
			children = (
				D7D2AB611B5226EA009F5F24 /* Base */,
			);
			name = LaunchScreen.storyboard;
			sourceTree = "<group>";
		};
/* End PBXVariantGroup section */

/* Begin XCBuildConfiguration section */
		D7D2AB7A1B5226EA009F5F24 /* Debug */ = {
			isa = XCBuildConfiguration;
			buildSettings = {
				ALWAYS_SEARCH_USER_PATHS = NO;
				CLANG_CXX_LANGUAGE_STANDARD = "gnu++0x";
				CLANG_CXX_LIBRARY = "libc++";
				CLANG_ENABLE_MODULES = YES;
				CLANG_ENABLE_OBJC_ARC = YES;
				CLANG_WARN_BOOL_CONVERSION = YES;
				CLANG_WARN_CONSTANT_CONVERSION = YES;
				CLANG_WARN_DIRECT_OBJC_ISA_USAGE = YES_ERROR;
				CLANG_WARN_EMPTY_BODY = YES;
				CLANG_WARN_ENUM_CONVERSION = YES;
				CLANG_WARN_INT_CONVERSION = YES;
				CLANG_WARN_OBJC_ROOT_CLASS = YES_ERROR;
				CLANG_WARN_UNREACHABLE_CODE = YES;
				CLANG_WARN__DUPLICATE_METHOD_MATCH = YES;
				"CODE_SIGN_IDENTITY[sdk=iphoneos*]" = "iPhone Developer";
				COPY_PHASE_STRIP = NO;
				DEBUG_INFORMATION_FORMAT = dwarf;
				ENABLE_STRICT_OBJC_MSGSEND = YES;
				ENABLE_TESTABILITY = YES;
				GCC_C_LANGUAGE_STANDARD = gnu99;
				GCC_DYNAMIC_NO_PIC = NO;
				GCC_NO_COMMON_BLOCKS = YES;
				GCC_OPTIMIZATION_LEVEL = 0;
				GCC_PREPROCESSOR_DEFINITIONS = (
					"DEBUG=1",
					"$(inherited)",
				);
				GCC_WARN_64_TO_32_BIT_CONVERSION = YES;
				GCC_WARN_ABOUT_RETURN_TYPE = YES_ERROR;
				GCC_WARN_UNDECLARED_SELECTOR = YES;
				GCC_WARN_UNINITIALIZED_AUTOS = YES_AGGRESSIVE;
				GCC_WARN_UNUSED_FUNCTION = YES;
				GCC_WARN_UNUSED_VARIABLE = YES;
				IPHONEOS_DEPLOYMENT_TARGET = 9.0;
				MTL_ENABLE_DEBUG_INFO = YES;
				ONLY_ACTIVE_ARCH = YES;
				SDKROOT = iphoneos;
				SWIFT_OPTIMIZATION_LEVEL = "-Onone";
				TARGETED_DEVICE_FAMILY = "1,2";
			};
			name = Debug;
		};
		D7D2AB7B1B5226EA009F5F24 /* Release */ = {
			isa = XCBuildConfiguration;
			buildSettings = {
				ALWAYS_SEARCH_USER_PATHS = NO;
				CLANG_CXX_LANGUAGE_STANDARD = "gnu++0x";
				CLANG_CXX_LIBRARY = "libc++";
				CLANG_ENABLE_MODULES = YES;
				CLANG_ENABLE_OBJC_ARC = YES;
				CLANG_WARN_BOOL_CONVERSION = YES;
				CLANG_WARN_CONSTANT_CONVERSION = YES;
				CLANG_WARN_DIRECT_OBJC_ISA_USAGE = YES_ERROR;
				CLANG_WARN_EMPTY_BODY = YES;
				CLANG_WARN_ENUM_CONVERSION = YES;
				CLANG_WARN_INT_CONVERSION = YES;
				CLANG_WARN_OBJC_ROOT_CLASS = YES_ERROR;
				CLANG_WARN_UNREACHABLE_CODE = YES;
				CLANG_WARN__DUPLICATE_METHOD_MATCH = YES;
				"CODE_SIGN_IDENTITY[sdk=iphoneos*]" = "iPhone Developer";
				COPY_PHASE_STRIP = NO;
				DEBUG_INFORMATION_FORMAT = "dwarf-with-dsym";
				ENABLE_NS_ASSERTIONS = NO;
				ENABLE_STRICT_OBJC_MSGSEND = YES;
				GCC_C_LANGUAGE_STANDARD = gnu99;
				GCC_NO_COMMON_BLOCKS = YES;
				GCC_WARN_64_TO_32_BIT_CONVERSION = YES;
				GCC_WARN_ABOUT_RETURN_TYPE = YES_ERROR;
				GCC_WARN_UNDECLARED_SELECTOR = YES;
				GCC_WARN_UNINITIALIZED_AUTOS = YES_AGGRESSIVE;
				GCC_WARN_UNUSED_FUNCTION = YES;
				GCC_WARN_UNUSED_VARIABLE = YES;
				IPHONEOS_DEPLOYMENT_TARGET = 9.0;
				MTL_ENABLE_DEBUG_INFO = NO;
				SDKROOT = iphoneos;
				TARGETED_DEVICE_FAMILY = "1,2";
				VALIDATE_PRODUCT = YES;
			};
			name = Release;
		};
		D7D2AB7D1B5226EA009F5F24 /* Debug */ = {
			isa = XCBuildConfiguration;
			buildSettings = {
				ASSETCATALOG_COMPILER_APPICON_NAME = AppIcon;
				INFOPLIST_FILE = "Test Image/Info.plist";
				LD_RUNPATH_SEARCH_PATHS = "$(inherited) @executable_path/Frameworks";
				PRODUCT_BUNDLE_IDENTIFIER = "self.com.Mohan.Test-Image";
				PRODUCT_NAME = "$(TARGET_NAME)";
			};
			name = Debug;
		};
		D7D2AB7E1B5226EA009F5F24 /* Release */ = {
			isa = XCBuildConfiguration;
			buildSettings = {
				ASSETCATALOG_COMPILER_APPICON_NAME = AppIcon;
				INFOPLIST_FILE = "Test Image/Info.plist";
				LD_RUNPATH_SEARCH_PATHS = "$(inherited) @executable_path/Frameworks";
				PRODUCT_BUNDLE_IDENTIFIER = "self.com.Mohan.Test-Image";
				PRODUCT_NAME = "$(TARGET_NAME)";
			};
			name = Release;
		};
		D7D2AB801B5226EA009F5F24 /* Debug */ = {
			isa = XCBuildConfiguration;
			buildSettings = {
				BUNDLE_LOADER = "$(TEST_HOST)";
				INFOPLIST_FILE = "Test ImageTests/Info.plist";
				LD_RUNPATH_SEARCH_PATHS = "$(inherited) @executable_path/Frameworks @loader_path/Frameworks";
				PRODUCT_BUNDLE_IDENTIFIER = "self.com.Mohan.Test-ImageTests";
				PRODUCT_NAME = "$(TARGET_NAME)";
				TEST_HOST = "$(BUILT_PRODUCTS_DIR)/Test Image.app/Test Image";
			};
			name = Debug;
		};
		D7D2AB811B5226EA009F5F24 /* Release */ = {
			isa = XCBuildConfiguration;
			buildSettings = {
				BUNDLE_LOADER = "$(TEST_HOST)";
				INFOPLIST_FILE = "Test ImageTests/Info.plist";
				LD_RUNPATH_SEARCH_PATHS = "$(inherited) @executable_path/Frameworks @loader_path/Frameworks";
				PRODUCT_BUNDLE_IDENTIFIER = "self.com.Mohan.Test-ImageTests";
				PRODUCT_NAME = "$(TARGET_NAME)";
				TEST_HOST = "$(BUILT_PRODUCTS_DIR)/Test Image.app/Test Image";
			};
			name = Release;
		};
		D7D2AB831B5226EA009F5F24 /* Debug */ = {
			isa = XCBuildConfiguration;
			buildSettings = {
				INFOPLIST_FILE = "Test ImageUITests/Info.plist";
				LD_RUNPATH_SEARCH_PATHS = "$(inherited) @executable_path/Frameworks @loader_path/Frameworks";
				PRODUCT_BUNDLE_IDENTIFIER = "self.com.Mohan.Test-ImageUITests";
				PRODUCT_NAME = "$(TARGET_NAME)";
				TEST_TARGET_NAME = "Test Image";
				USES_XCTRUNNER = YES;
			};
			name = Debug;
		};
		D7D2AB841B5226EA009F5F24 /* Release */ = {
			isa = XCBuildConfiguration;
			buildSettings = {
				INFOPLIST_FILE = "Test ImageUITests/Info.plist";
				LD_RUNPATH_SEARCH_PATHS = "$(inherited) @executable_path/Frameworks @loader_path/Frameworks";
				PRODUCT_BUNDLE_IDENTIFIER = "self.com.Mohan.Test-ImageUITests";
				PRODUCT_NAME = "$(TARGET_NAME)";
				TEST_TARGET_NAME = "Test Image";
				USES_XCTRUNNER = YES;
			};
			name = Release;
		};
/* End XCBuildConfiguration section */

/* Begin XCConfigurationList section */
		D7D2AB4F1B5226EA009F5F24 /* Build configuration list for PBXProject "Test Image" */ = {
			isa = XCConfigurationList;
			buildConfigurations = (
				D7D2AB7A1B5226EA009F5F24 /* Debug */,
				D7D2AB7B1B5226EA009F5F24 /* Release */,
			);
			defaultConfigurationIsVisible = 0;
			defaultConfigurationName = Release;
		};
		D7D2AB7C1B5226EA009F5F24 /* Build configuration list for PBXNativeTarget "Test Image" */ = {
			isa = XCConfigurationList;
			buildConfigurations = (
				D7D2AB7D1B5226EA009F5F24 /* Debug */,
				D7D2AB7E1B5226EA009F5F24 /* Release */,
			);
			defaultConfigurationIsVisible = 0;
		};
		D7D2AB7F1B5226EA009F5F24 /* Build configuration list for PBXNativeTarget "Test ImageTests" */ = {
			isa = XCConfigurationList;
			buildConfigurations = (
				D7D2AB801B5226EA009F5F24 /* Debug */,
				D7D2AB811B5226EA009F5F24 /* Release */,
			);
			defaultConfigurationIsVisible = 0;
		};
		D7D2AB821B5226EA009F5F24 /* Build configuration list for PBXNativeTarget "Test ImageUITests" */ = {
			isa = XCConfigurationList;
			buildConfigurations = (
				D7D2AB831B5226EA009F5F24 /* Debug */,
				D7D2AB841B5226EA009F5F24 /* Release */,
			);
			defaultConfigurationIsVisible = 0;
		};
/* End XCConfigurationList section */
	};
	rootObject = D7D2AB4C1B5226EA009F5F24 /* Project object */;
}
