// !$*UTF8*$!
{
	archiveVersion = 1;
	classes = {
	};
	objectVersion = 46;
	objects = {

/* Begin PBXBuildFile section */
		D7325D6A1B0E2A8500A1FDD8 /* AppDelegate.swift in Sources */ = {isa = PBXBuildFile; fileRef = D7325D691B0E2A8500A1FDD8 /* AppDelegate.swift */; };
		D7325D6C1B0E2A8500A1FDD8 /* ViewController.swift in Sources */ = {isa = PBXBuildFile; fileRef = D7325D6B1B0E2A8500A1FDD8 /* ViewController.swift */; };
		D7325D6F1B0E2A8500A1FDD8 /* Main.storyboard in Resources */ = {isa = PBXBuildFile; fileRef = D7325D6D1B0E2A8500A1FDD8 /* Main.storyboard */; };
		D7325D711B0E2A8500A1FDD8 /* Images.xcassets in Resources */ = {isa = PBXBuildFile; fileRef = D7325D701B0E2A8500A1FDD8 /* Images.xcassets */; };
		D7325D741B0E2A8500A1FDD8 /* LaunchScreen.xib in Resources */ = {isa = PBXBuildFile; fileRef = D7325D721B0E2A8500A1FDD8 /* LaunchScreen.xib */; };
		D7325D801B0E2A8500A1FDD8 /* Memorable_PlacesTests.swift in Sources */ = {isa = PBXBuildFile; fileRef = D7325D7F1B0E2A8500A1FDD8 /* Memorable_PlacesTests.swift */; };
		D7325D8A1B0E2CD800A1FDD8 /* TableViewController.swift in Sources */ = {isa = PBXBuildFile; fileRef = D7325D891B0E2CD800A1FDD8 /* TableViewController.swift */; };
		D7325D8C1B0E2EEE00A1FDD8 /* CoreLocation.framework in Frameworks */ = {isa = PBXBuildFile; fileRef = D7325D8B1B0E2EEE00A1FDD8 /* CoreLocation.framework */; };
/* End PBXBuildFile section */

/* Begin PBXContainerItemProxy section */
		D7325D7A1B0E2A8500A1FDD8 /* PBXContainerItemProxy */ = {
			isa = PBXContainerItemProxy;
			containerPortal = D7325D5C1B0E2A8500A1FDD8 /* Project object */;
			proxyType = 1;
			remoteGlobalIDString = D7325D631B0E2A8500A1FDD8;
			remoteInfo = "Memorable Places";
		};
/* End PBXContainerItemProxy section */

/* Begin PBXFileReference section */
		D7325D641B0E2A8500A1FDD8 /* Memorable Places.app */ = {isa = PBXFileReference; explicitFileType = wrapper.application; includeInIndex = 0; path = "Memorable Places.app"; sourceTree = BUILT_PRODUCTS_DIR; };
		D7325D681B0E2A8500A1FDD8 /* Info.plist */ = {isa = PBXFileReference; lastKnownFileType = text.plist.xml; path = Info.plist; sourceTree = "<group>"; };
		D7325D691B0E2A8500A1FDD8 /* AppDelegate.swift */ = {isa = PBXFileReference; lastKnownFileType = sourcecode.swift; path = AppDelegate.swift; sourceTree = "<group>"; };
		D7325D6B1B0E2A8500A1FDD8 /* ViewController.swift */ = {isa = PBXFileReference; lastKnownFileType = sourcecode.swift; path = ViewController.swift; sourceTree = "<group>"; };
		D7325D6E1B0E2A8500A1FDD8 /* Base */ = {isa = PBXFileReference; lastKnownFileType = file.storyboard; name = Base; path = Base.lproj/Main.storyboard; sourceTree = "<group>"; };
		D7325D701B0E2A8500A1FDD8 /* Images.xcassets */ = {isa = PBXFileReference; lastKnownFileType = folder.assetcatalog; path = Images.xcassets; sourceTree = "<group>"; };
		D7325D731B0E2A8500A1FDD8 /* Base */ = {isa = PBXFileReference; lastKnownFileType = file.xib; name = Base; path = Base.lproj/LaunchScreen.xib; sourceTree = "<group>"; };
		D7325D791B0E2A8500A1FDD8 /* Memorable PlacesTests.xctest */ = {isa = PBXFileReference; explicitFileType = wrapper.cfbundle; includeInIndex = 0; path = "Memorable PlacesTests.xctest"; sourceTree = BUILT_PRODUCTS_DIR; };
		D7325D7E1B0E2A8500A1FDD8 /* Info.plist */ = {isa = PBXFileReference; lastKnownFileType = text.plist.xml; path = Info.plist; sourceTree = "<group>"; };
		D7325D7F1B0E2A8500A1FDD8 /* Memorable_PlacesTests.swift */ = {isa = PBXFileReference; lastKnownFileType = sourcecode.swift; path = Memorable_PlacesTests.swift; sourceTree = "<group>"; };
		D7325D891B0E2CD800A1FDD8 /* TableViewController.swift */ = {isa = PBXFileReference; fileEncoding = 4; lastKnownFileType = sourcecode.swift; path = TableViewController.swift; sourceTree = "<group>"; };
		D7325D8B1B0E2EEE00A1FDD8 /* CoreLocation.framework */ = {isa = PBXFileReference; lastKnownFileType = wrapper.framework; name = CoreLocation.framework; path = System/Library/Frameworks/CoreLocation.framework; sourceTree = SDKROOT; };
/* End PBXFileReference section */

/* Begin PBXFrameworksBuildPhase section */
		D7325D611B0E2A8500A1FDD8 /* Frameworks */ = {
			isa = PBXFrameworksBuildPhase;
			buildActionMask = 2147483647;
			files = (
				D7325D8C1B0E2EEE00A1FDD8 /* CoreLocation.framework in Frameworks */,
			);
			runOnlyForDeploymentPostprocessing = 0;
		};
		D7325D761B0E2A8500A1FDD8 /* Frameworks */ = {
			isa = PBXFrameworksBuildPhase;
			buildActionMask = 2147483647;
			files = (
			);
			runOnlyForDeploymentPostprocessing = 0;
		};
/* End PBXFrameworksBuildPhase section */

/* Begin PBXGroup section */
		D7325D5B1B0E2A8500A1FDD8 = {
			isa = PBXGroup;
			children = (
				D7325D8B1B0E2EEE00A1FDD8 /* CoreLocation.framework */,
				D7325D661B0E2A8500A1FDD8 /* Memorable Places */,
				D7325D7C1B0E2A8500A1FDD8 /* Memorable PlacesTests */,
				D7325D651B0E2A8500A1FDD8 /* Products */,
			);
			sourceTree = "<group>";
		};
		D7325D651B0E2A8500A1FDD8 /* Products */ = {
			isa = PBXGroup;
			children = (
				D7325D641B0E2A8500A1FDD8 /* Memorable Places.app */,
				D7325D791B0E2A8500A1FDD8 /* Memorable PlacesTests.xctest */,
			);
			name = Products;
			sourceTree = "<group>";
		};
		D7325D661B0E2A8500A1FDD8 /* Memorable Places */ = {
			isa = PBXGroup;
			children = (
				D7325D691B0E2A8500A1FDD8 /* AppDelegate.swift */,
				D7325D6B1B0E2A8500A1FDD8 /* ViewController.swift */,
				D7325D891B0E2CD800A1FDD8 /* TableViewController.swift */,
				D7325D6D1B0E2A8500A1FDD8 /* Main.storyboard */,
				D7325D701B0E2A8500A1FDD8 /* Images.xcassets */,
				D7325D721B0E2A8500A1FDD8 /* LaunchScreen.xib */,
				D7325D671B0E2A8500A1FDD8 /* Supporting Files */,
			);
			path = "Memorable Places";
			sourceTree = "<group>";
		};
		D7325D671B0E2A8500A1FDD8 /* Supporting Files */ = {
			isa = PBXGroup;
			children = (
				D7325D681B0E2A8500A1FDD8 /* Info.plist */,
			);
			name = "Supporting Files";
			sourceTree = "<group>";
		};
		D7325D7C1B0E2A8500A1FDD8 /* Memorable PlacesTests */ = {
			isa = PBXGroup;
			children = (
				D7325D7F1B0E2A8500A1FDD8 /* Memorable_PlacesTests.swift */,
				D7325D7D1B0E2A8500A1FDD8 /* Supporting Files */,
			);
			path = "Memorable PlacesTests";
			sourceTree = "<group>";
		};
		D7325D7D1B0E2A8500A1FDD8 /* Supporting Files */ = {
			isa = PBXGroup;
			children = (
				D7325D7E1B0E2A8500A1FDD8 /* Info.plist */,
			);
			name = "Supporting Files";
			sourceTree = "<group>";
		};
/* End PBXGroup section */

/* Begin PBXNativeTarget section */
		D7325D631B0E2A8500A1FDD8 /* Memorable Places */ = {
			isa = PBXNativeTarget;
			buildConfigurationList = D7325D831B0E2A8500A1FDD8 /* Build configuration list for PBXNativeTarget "Memorable Places" */;
			buildPhases = (
				D7325D601B0E2A8500A1FDD8 /* Sources */,
				D7325D611B0E2A8500A1FDD8 /* Frameworks */,
				D7325D621B0E2A8500A1FDD8 /* Resources */,
			);
			buildRules = (
			);
			dependencies = (
			);
			name = "Memorable Places";
			productName = "Memorable Places";
			productReference = D7325D641B0E2A8500A1FDD8 /* Memorable Places.app */;
			productType = "com.apple.product-type.application";
		};
		D7325D781B0E2A8500A1FDD8 /* Memorable PlacesTests */ = {
			isa = PBXNativeTarget;
			buildConfigurationList = D7325D861B0E2A8500A1FDD8 /* Build configuration list for PBXNativeTarget "Memorable PlacesTests" */;
			buildPhases = (
				D7325D751B0E2A8500A1FDD8 /* Sources */,
				D7325D761B0E2A8500A1FDD8 /* Frameworks */,
				D7325D771B0E2A8500A1FDD8 /* Resources */,
			);
			buildRules = (
			);
			dependencies = (
				D7325D7B1B0E2A8500A1FDD8 /* PBXTargetDependency */,
			);
			name = "Memorable PlacesTests";
			productName = "Memorable PlacesTests";
			productReference = D7325D791B0E2A8500A1FDD8 /* Memorable PlacesTests.xctest */;
			productType = "com.apple.product-type.bundle.unit-test";
		};
/* End PBXNativeTarget section */

/* Begin PBXProject section */
		D7325D5C1B0E2A8500A1FDD8 /* Project object */ = {
			isa = PBXProject;
			attributes = {
				LastUpgradeCheck = 0610;
				ORGANIZATIONNAME = "Mohan Dhar";
				TargetAttributes = {
					D7325D631B0E2A8500A1FDD8 = {
						CreatedOnToolsVersion = 6.1.1;
					};
					D7325D781B0E2A8500A1FDD8 = {
						CreatedOnToolsVersion = 6.1.1;
						TestTargetID = D7325D631B0E2A8500A1FDD8;
					};
				};
			};
			buildConfigurationList = D7325D5F1B0E2A8500A1FDD8 /* Build configuration list for PBXProject "Memorable Places" */;
			compatibilityVersion = "Xcode 3.2";
			developmentRegion = English;
			hasScannedForEncodings = 0;
			knownRegions = (
				en,
				Base,
			);
			mainGroup = D7325D5B1B0E2A8500A1FDD8;
			productRefGroup = D7325D651B0E2A8500A1FDD8 /* Products */;
			projectDirPath = "";
			projectRoot = "";
			targets = (
				D7325D631B0E2A8500A1FDD8 /* Memorable Places */,
				D7325D781B0E2A8500A1FDD8 /* Memorable PlacesTests */,
			);
		};
/* End PBXProject section */

/* Begin PBXResourcesBuildPhase section */
		D7325D621B0E2A8500A1FDD8 /* Resources */ = {
			isa = PBXResourcesBuildPhase;
			buildActionMask = 2147483647;
			files = (
				D7325D6F1B0E2A8500A1FDD8 /* Main.storyboard in Resources */,
				D7325D741B0E2A8500A1FDD8 /* LaunchScreen.xib in Resources */,
				D7325D711B0E2A8500A1FDD8 /* Images.xcassets in Resources */,
			);
			runOnlyForDeploymentPostprocessing = 0;
		};
		D7325D771B0E2A8500A1FDD8 /* Resources */ = {
			isa = PBXResourcesBuildPhase;
			buildActionMask = 2147483647;
			files = (
			);
			runOnlyForDeploymentPostprocessing = 0;
		};
/* End PBXResourcesBuildPhase section */

/* Begin PBXSourcesBuildPhase section */
		D7325D601B0E2A8500A1FDD8 /* Sources */ = {
			isa = PBXSourcesBuildPhase;
			buildActionMask = 2147483647;
			files = (
				D7325D6C1B0E2A8500A1FDD8 /* ViewController.swift in Sources */,
				D7325D8A1B0E2CD800A1FDD8 /* TableViewController.swift in Sources */,
				D7325D6A1B0E2A8500A1FDD8 /* AppDelegate.swift in Sources */,
			);
			runOnlyForDeploymentPostprocessing = 0;
		};
		D7325D751B0E2A8500A1FDD8 /* Sources */ = {
			isa = PBXSourcesBuildPhase;
			buildActionMask = 2147483647;
			files = (
				D7325D801B0E2A8500A1FDD8 /* Memorable_PlacesTests.swift in Sources */,
			);
			runOnlyForDeploymentPostprocessing = 0;
		};
/* End PBXSourcesBuildPhase section */

/* Begin PBXTargetDependency section */
		D7325D7B1B0E2A8500A1FDD8 /* PBXTargetDependency */ = {
			isa = PBXTargetDependency;
			target = D7325D631B0E2A8500A1FDD8 /* Memorable Places */;
			targetProxy = D7325D7A1B0E2A8500A1FDD8 /* PBXContainerItemProxy */;
		};
/* End PBXTargetDependency section */

/* Begin PBXVariantGroup section */
		D7325D6D1B0E2A8500A1FDD8 /* Main.storyboard */ = {
			isa = PBXVariantGroup;
			children = (
				D7325D6E1B0E2A8500A1FDD8 /* Base */,
			);
			name = Main.storyboard;
			sourceTree = "<group>";
		};
		D7325D721B0E2A8500A1FDD8 /* LaunchScreen.xib */ = {
			isa = PBXVariantGroup;
			children = (
				D7325D731B0E2A8500A1FDD8 /* Base */,
			);
			name = LaunchScreen.xib;
			sourceTree = "<group>";
		};
/* End PBXVariantGroup section */

/* Begin XCBuildConfiguration section */
		D7325D811B0E2A8500A1FDD8 /* Debug */ = {
			isa = XCBuildConfiguration;
			buildSettings = {
				ALWAYS_SEARCH_USER_PATHS = NO;
				CLANG_CXX_LANGUAGE_STANDARD = "gnu++0x";
				CLANG_CXX_LIBRARY = "libc++";
				CLANG_ENABLE_MODULES = YES;
				CLANG_ENABLE_OBJC_ARC = YES;
				CLANG_WARN_BOOL_CONVERSION = YES;
				CLANG_WARN_CONSTANT_CONVERSION = YES;
				CLANG_WARN_DIRECT_OBJC_ISA_USAGE = YES_ERROR;
				CLANG_WARN_EMPTY_BODY = YES;
				CLANG_WARN_ENUM_CONVERSION = YES;
				CLANG_WARN_INT_CONVERSION = YES;
				CLANG_WARN_OBJC_ROOT_CLASS = YES_ERROR;
				CLANG_WARN_UNREACHABLE_CODE = YES;
				CLANG_WARN__DUPLICATE_METHOD_MATCH = YES;
				"CODE_SIGN_IDENTITY[sdk=iphoneos*]" = "iPhone Developer";
				COPY_PHASE_STRIP = NO;
				ENABLE_STRICT_OBJC_MSGSEND = YES;
				GCC_C_LANGUAGE_STANDARD = gnu99;
				GCC_DYNAMIC_NO_PIC = NO;
				GCC_OPTIMIZATION_LEVEL = 0;
				GCC_PREPROCESSOR_DEFINITIONS = (
					"DEBUG=1",
					"$(inherited)",
				);
				GCC_SYMBOLS_PRIVATE_EXTERN = NO;
				GCC_WARN_64_TO_32_BIT_CONVERSION = YES;
				GCC_WARN_ABOUT_RETURN_TYPE = YES_ERROR;
				GCC_WARN_UNDECLARED_SELECTOR = YES;
				GCC_WARN_UNINITIALIZED_AUTOS = YES_AGGRESSIVE;
				GCC_WARN_UNUSED_FUNCTION = YES;
				GCC_WARN_UNUSED_VARIABLE = YES;
				IPHONEOS_DEPLOYMENT_TARGET = 8.1;
				MTL_ENABLE_DEBUG_INFO = YES;
				ONLY_ACTIVE_ARCH = YES;
				SDKROOT = iphoneos;
				SWIFT_OPTIMIZATION_LEVEL = "-Onone";
			};
			name = Debug;
		};
		D7325D821B0E2A8500A1FDD8 /* Release */ = {
			isa = XCBuildConfiguration;
			buildSettings = {
				ALWAYS_SEARCH_USER_PATHS = NO;
				CLANG_CXX_LANGUAGE_STANDARD = "gnu++0x";
				CLANG_CXX_LIBRARY = "libc++";
				CLANG_ENABLE_MODULES = YES;
				CLANG_ENABLE_OBJC_ARC = YES;
				CLANG_WARN_BOOL_CONVERSION = YES;
				CLANG_WARN_CONSTANT_CONVERSION = YES;
				CLANG_WARN_DIRECT_OBJC_ISA_USAGE = YES_ERROR;
				CLANG_WARN_EMPTY_BODY = YES;
				CLANG_WARN_ENUM_CONVERSION = YES;
				CLANG_WARN_INT_CONVERSION = YES;
				CLANG_WARN_OBJC_ROOT_CLASS = YES_ERROR;
				CLANG_WARN_UNREACHABLE_CODE = YES;
				CLANG_WARN__DUPLICATE_METHOD_MATCH = YES;
				"CODE_SIGN_IDENTITY[sdk=iphoneos*]" = "iPhone Developer";
				COPY_PHASE_STRIP = YES;
				ENABLE_NS_ASSERTIONS = NO;
				ENABLE_STRICT_OBJC_MSGSEND = YES;
				GCC_C_LANGUAGE_STANDARD = gnu99;
				GCC_WARN_64_TO_32_BIT_CONVERSION = YES;
				GCC_WARN_ABOUT_RETURN_TYPE = YES_ERROR;
				GCC_WARN_UNDECLARED_SELECTOR = YES;
				GCC_WARN_UNINITIALIZED_AUTOS = YES_AGGRESSIVE;
				GCC_WARN_UNUSED_FUNCTION = YES;
				GCC_WARN_UNUSED_VARIABLE = YES;
				IPHONEOS_DEPLOYMENT_TARGET = 8.1;
				MTL_ENABLE_DEBUG_INFO = NO;
				SDKROOT = iphoneos;
				VALIDATE_PRODUCT = YES;
			};
			name = Release;
		};
		D7325D841B0E2A8500A1FDD8 /* Debug */ = {
			isa = XCBuildConfiguration;
			buildSettings = {
				ASSETCATALOG_COMPILER_APPICON_NAME = AppIcon;
				INFOPLIST_FILE = "Memorable Places/Info.plist";
				LD_RUNPATH_SEARCH_PATHS = "$(inherited) @executable_path/Frameworks";
				PRODUCT_NAME = "$(TARGET_NAME)";
			};
			name = Debug;
		};
		D7325D851B0E2A8500A1FDD8 /* Release */ = {
			isa = XCBuildConfiguration;
			buildSettings = {
				ASSETCATALOG_COMPILER_APPICON_NAME = AppIcon;
				INFOPLIST_FILE = "Memorable Places/Info.plist";
				LD_RUNPATH_SEARCH_PATHS = "$(inherited) @executable_path/Frameworks";
				PRODUCT_NAME = "$(TARGET_NAME)";
			};
			name = Release;
		};
		D7325D871B0E2A8500A1FDD8 /* Debug */ = {
			isa = XCBuildConfiguration;
			buildSettings = {
				BUNDLE_LOADER = "$(TEST_HOST)";
				FRAMEWORK_SEARCH_PATHS = (
					"$(SDKROOT)/Developer/Library/Frameworks",
					"$(inherited)",
				);
				GCC_PREPROCESSOR_DEFINITIONS = (
					"DEBUG=1",
					"$(inherited)",
				);
				INFOPLIST_FILE = "Memorable PlacesTests/Info.plist";
				LD_RUNPATH_SEARCH_PATHS = "$(inherited) @executable_path/Frameworks @loader_path/Frameworks";
				PRODUCT_NAME = "$(TARGET_NAME)";
				TEST_HOST = "$(BUILT_PRODUCTS_DIR)/Memorable Places.app/Memorable Places";
			};
			name = Debug;
		};
		D7325D881B0E2A8500A1FDD8 /* Release */ = {
			isa = XCBuildConfiguration;
			buildSettings = {
				BUNDLE_LOADER = "$(TEST_HOST)";
				FRAMEWORK_SEARCH_PATHS = (
					"$(SDKROOT)/Developer/Library/Frameworks",
					"$(inherited)",
				);
				INFOPLIST_FILE = "Memorable PlacesTests/Info.plist";
				LD_RUNPATH_SEARCH_PATHS = "$(inherited) @executable_path/Frameworks @loader_path/Frameworks";
				PRODUCT_NAME = "$(TARGET_NAME)";
				TEST_HOST = "$(BUILT_PRODUCTS_DIR)/Memorable Places.app/Memorable Places";
			};
			name = Release;
		};
/* End XCBuildConfiguration section */

/* Begin XCConfigurationList section */
		D7325D5F1B0E2A8500A1FDD8 /* Build configuration list for PBXProject "Memorable Places" */ = {
			isa = XCConfigurationList;
			buildConfigurations = (
				D7325D811B0E2A8500A1FDD8 /* Debug */,
				D7325D821B0E2A8500A1FDD8 /* Release */,
			);
			defaultConfigurationIsVisible = 0;
			defaultConfigurationName = Release;
		};
		D7325D831B0E2A8500A1FDD8 /* Build configuration list for PBXNativeTarget "Memorable Places" */ = {
			isa = XCConfigurationList;
			buildConfigurations = (
				D7325D841B0E2A8500A1FDD8 /* Debug */,
				D7325D851B0E2A8500A1FDD8 /* Release */,
			);
			defaultConfigurationIsVisible = 0;
		};
		D7325D861B0E2A8500A1FDD8 /* Build configuration list for PBXNativeTarget "Memorable PlacesTests" */ = {
			isa = XCConfigurationList;
			buildConfigurations = (
				D7325D871B0E2A8500A1FDD8 /* Debug */,
				D7325D881B0E2A8500A1FDD8 /* Release */,
			);
			defaultConfigurationIsVisible = 0;
		};
/* End XCConfigurationList section */
	};
	rootObject = D7325D5C1B0E2A8500A1FDD8 /* Project object */;
}
