// !$*UTF8*$!
{
	archiveVersion = 1;
	classes = {
	};
	objectVersion = 46;
	objects = {

/* Begin PBXBuildFile section */
		D7CFDB961C3855BB009073ED /* AppDelegate.swift in Sources */ = {isa = PBXBuildFile; fileRef = D7CFDB951C3855BB009073ED /* AppDelegate.swift */; };
		D7CFDB991C3855BB009073ED /* Blog_Reader.xcdatamodeld in Sources */ = {isa = PBXBuildFile; fileRef = D7CFDB971C3855BB009073ED /* Blog_Reader.xcdatamodeld */; };
		D7CFDB9B1C3855BB009073ED /* MasterViewController.swift in Sources */ = {isa = PBXBuildFile; fileRef = D7CFDB9A1C3855BB009073ED /* MasterViewController.swift */; };
		D7CFDB9D1C3855BB009073ED /* DetailViewController.swift in Sources */ = {isa = PBXBuildFile; fileRef = D7CFDB9C1C3855BB009073ED /* DetailViewController.swift */; };
		D7CFDBA01C3855BB009073ED /* Main.storyboard in Resources */ = {isa = PBXBuildFile; fileRef = D7CFDB9E1C3855BB009073ED /* Main.storyboard */; };
		D7CFDBA21C3855BB009073ED /* Assets.xcassets in Resources */ = {isa = PBXBuildFile; fileRef = D7CFDBA11C3855BB009073ED /* Assets.xcassets */; };
		D7CFDBA51C3855BB009073ED /* LaunchScreen.storyboard in Resources */ = {isa = PBXBuildFile; fileRef = D7CFDBA31C3855BB009073ED /* LaunchScreen.storyboard */; };
		D7CFDBB01C3855BB009073ED /* Blog_ReaderTests.swift in Sources */ = {isa = PBXBuildFile; fileRef = D7CFDBAF1C3855BB009073ED /* Blog_ReaderTests.swift */; };
		D7CFDBBB1C3855BB009073ED /* Blog_ReaderUITests.swift in Sources */ = {isa = PBXBuildFile; fileRef = D7CFDBBA1C3855BB009073ED /* Blog_ReaderUITests.swift */; };
/* End PBXBuildFile section */

/* Begin PBXContainerItemProxy section */
		D7CFDBAC1C3855BB009073ED /* PBXContainerItemProxy */ = {
			isa = PBXContainerItemProxy;
			containerPortal = D7CFDB8A1C3855BB009073ED /* Project object */;
			proxyType = 1;
			remoteGlobalIDString = D7CFDB911C3855BB009073ED;
			remoteInfo = "Blog Reader";
		};
		D7CFDBB71C3855BB009073ED /* PBXContainerItemProxy */ = {
			isa = PBXContainerItemProxy;
			containerPortal = D7CFDB8A1C3855BB009073ED /* Project object */;
			proxyType = 1;
			remoteGlobalIDString = D7CFDB911C3855BB009073ED;
			remoteInfo = "Blog Reader";
		};
/* End PBXContainerItemProxy section */

/* Begin PBXFileReference section */
		D7CFDB921C3855BB009073ED /* Blog Reader.app */ = {isa = PBXFileReference; explicitFileType = wrapper.application; includeInIndex = 0; path = "Blog Reader.app"; sourceTree = BUILT_PRODUCTS_DIR; };
		D7CFDB951C3855BB009073ED /* AppDelegate.swift */ = {isa = PBXFileReference; lastKnownFileType = sourcecode.swift; path = AppDelegate.swift; sourceTree = "<group>"; };
		D7CFDB981C3855BB009073ED /* Blog_Reader.xcdatamodel */ = {isa = PBXFileReference; lastKnownFileType = wrapper.xcdatamodel; path = Blog_Reader.xcdatamodel; sourceTree = "<group>"; };
		D7CFDB9A1C3855BB009073ED /* MasterViewController.swift */ = {isa = PBXFileReference; lastKnownFileType = sourcecode.swift; path = MasterViewController.swift; sourceTree = "<group>"; };
		D7CFDB9C1C3855BB009073ED /* DetailViewController.swift */ = {isa = PBXFileReference; lastKnownFileType = sourcecode.swift; path = DetailViewController.swift; sourceTree = "<group>"; };
		D7CFDB9F1C3855BB009073ED /* Base */ = {isa = PBXFileReference; lastKnownFileType = file.storyboard; name = Base; path = Base.lproj/Main.storyboard; sourceTree = "<group>"; };
		D7CFDBA11C3855BB009073ED /* Assets.xcassets */ = {isa = PBXFileReference; lastKnownFileType = folder.assetcatalog; path = Assets.xcassets; sourceTree = "<group>"; };
		D7CFDBA41C3855BB009073ED /* Base */ = {isa = PBXFileReference; lastKnownFileType = file.storyboard; name = Base; path = Base.lproj/LaunchScreen.storyboard; sourceTree = "<group>"; };
		D7CFDBA61C3855BB009073ED /* Info.plist */ = {isa = PBXFileReference; lastKnownFileType = text.plist.xml; path = Info.plist; sourceTree = "<group>"; };
		D7CFDBAB1C3855BB009073ED /* Blog ReaderTests.xctest */ = {isa = PBXFileReference; explicitFileType = wrapper.cfbundle; includeInIndex = 0; path = "Blog ReaderTests.xctest"; sourceTree = BUILT_PRODUCTS_DIR; };
		D7CFDBAF1C3855BB009073ED /* Blog_ReaderTests.swift */ = {isa = PBXFileReference; lastKnownFileType = sourcecode.swift; path = Blog_ReaderTests.swift; sourceTree = "<group>"; };
		D7CFDBB11C3855BB009073ED /* Info.plist */ = {isa = PBXFileReference; lastKnownFileType = text.plist.xml; path = Info.plist; sourceTree = "<group>"; };
		D7CFDBB61C3855BB009073ED /* Blog ReaderUITests.xctest */ = {isa = PBXFileReference; explicitFileType = wrapper.cfbundle; includeInIndex = 0; path = "Blog ReaderUITests.xctest"; sourceTree = BUILT_PRODUCTS_DIR; };
		D7CFDBBA1C3855BB009073ED /* Blog_ReaderUITests.swift */ = {isa = PBXFileReference; lastKnownFileType = sourcecode.swift; path = Blog_ReaderUITests.swift; sourceTree = "<group>"; };
		D7CFDBBC1C3855BB009073ED /* Info.plist */ = {isa = PBXFileReference; lastKnownFileType = text.plist.xml; path = Info.plist; sourceTree = "<group>"; };
/* End PBXFileReference section */

/* Begin PBXFrameworksBuildPhase section */
		D7CFDB8F1C3855BB009073ED /* Frameworks */ = {
			isa = PBXFrameworksBuildPhase;
			buildActionMask = 2147483647;
			files = (
			);
			runOnlyForDeploymentPostprocessing = 0;
		};
		D7CFDBA81C3855BB009073ED /* Frameworks */ = {
			isa = PBXFrameworksBuildPhase;
			buildActionMask = 2147483647;
			files = (
			);
			runOnlyForDeploymentPostprocessing = 0;
		};
		D7CFDBB31C3855BB009073ED /* Frameworks */ = {
			isa = PBXFrameworksBuildPhase;
			buildActionMask = 2147483647;
			files = (
			);
			runOnlyForDeploymentPostprocessing = 0;
		};
/* End PBXFrameworksBuildPhase section */

/* Begin PBXGroup section */
		D7CFDB891C3855BB009073ED = {
			isa = PBXGroup;
			children = (
				D7CFDB941C3855BB009073ED /* Blog Reader */,
				D7CFDBAE1C3855BB009073ED /* Blog ReaderTests */,
				D7CFDBB91C3855BB009073ED /* Blog ReaderUITests */,
				D7CFDB931C3855BB009073ED /* Products */,
			);
			sourceTree = "<group>";
		};
		D7CFDB931C3855BB009073ED /* Products */ = {
			isa = PBXGroup;
			children = (
				D7CFDB921C3855BB009073ED /* Blog Reader.app */,
				D7CFDBAB1C3855BB009073ED /* Blog ReaderTests.xctest */,
				D7CFDBB61C3855BB009073ED /* Blog ReaderUITests.xctest */,
			);
			name = Products;
			sourceTree = "<group>";
		};
		D7CFDB941C3855BB009073ED /* Blog Reader */ = {
			isa = PBXGroup;
			children = (
				D7CFDB951C3855BB009073ED /* AppDelegate.swift */,
				D7CFDB9A1C3855BB009073ED /* MasterViewController.swift */,
				D7CFDB9C1C3855BB009073ED /* DetailViewController.swift */,
				D7CFDB9E1C3855BB009073ED /* Main.storyboard */,
				D7CFDBA11C3855BB009073ED /* Assets.xcassets */,
				D7CFDBA31C3855BB009073ED /* LaunchScreen.storyboard */,
				D7CFDBA61C3855BB009073ED /* Info.plist */,
				D7CFDB971C3855BB009073ED /* Blog_Reader.xcdatamodeld */,
			);
			path = "Blog Reader";
			sourceTree = "<group>";
		};
		D7CFDBAE1C3855BB009073ED /* Blog ReaderTests */ = {
			isa = PBXGroup;
			children = (
				D7CFDBAF1C3855BB009073ED /* Blog_ReaderTests.swift */,
				D7CFDBB11C3855BB009073ED /* Info.plist */,
			);
			path = "Blog ReaderTests";
			sourceTree = "<group>";
		};
		D7CFDBB91C3855BB009073ED /* Blog ReaderUITests */ = {
			isa = PBXGroup;
			children = (
				D7CFDBBA1C3855BB009073ED /* Blog_ReaderUITests.swift */,
				D7CFDBBC1C3855BB009073ED /* Info.plist */,
			);
			path = "Blog ReaderUITests";
			sourceTree = "<group>";
		};
/* End PBXGroup section */

/* Begin PBXNativeTarget section */
		D7CFDB911C3855BB009073ED /* Blog Reader */ = {
			isa = PBXNativeTarget;
			buildConfigurationList = D7CFDBBF1C3855BB009073ED /* Build configuration list for PBXNativeTarget "Blog Reader" */;
			buildPhases = (
				D7CFDB8E1C3855BB009073ED /* Sources */,
				D7CFDB8F1C3855BB009073ED /* Frameworks */,
				D7CFDB901C3855BB009073ED /* Resources */,
			);
			buildRules = (
			);
			dependencies = (
			);
			name = "Blog Reader";
			productName = "Blog Reader";
			productReference = D7CFDB921C3855BB009073ED /* Blog Reader.app */;
			productType = "com.apple.product-type.application";
		};
		D7CFDBAA1C3855BB009073ED /* Blog ReaderTests */ = {
			isa = PBXNativeTarget;
			buildConfigurationList = D7CFDBC21C3855BB009073ED /* Build configuration list for PBXNativeTarget "Blog ReaderTests" */;
			buildPhases = (
				D7CFDBA71C3855BB009073ED /* Sources */,
				D7CFDBA81C3855BB009073ED /* Frameworks */,
				D7CFDBA91C3855BB009073ED /* Resources */,
			);
			buildRules = (
			);
			dependencies = (
				D7CFDBAD1C3855BB009073ED /* PBXTargetDependency */,
			);
			name = "Blog ReaderTests";
			productName = "Blog ReaderTests";
			productReference = D7CFDBAB1C3855BB009073ED /* Blog ReaderTests.xctest */;
			productType = "com.apple.product-type.bundle.unit-test";
		};
		D7CFDBB51C3855BB009073ED /* Blog ReaderUITests */ = {
			isa = PBXNativeTarget;
			buildConfigurationList = D7CFDBC51C3855BB009073ED /* Build configuration list for PBXNativeTarget "Blog ReaderUITests" */;
			buildPhases = (
				D7CFDBB21C3855BB009073ED /* Sources */,
				D7CFDBB31C3855BB009073ED /* Frameworks */,
				D7CFDBB41C3855BB009073ED /* Resources */,
			);
			buildRules = (
			);
			dependencies = (
				D7CFDBB81C3855BB009073ED /* PBXTargetDependency */,
			);
			name = "Blog ReaderUITests";
			productName = "Blog ReaderUITests";
			productReference = D7CFDBB61C3855BB009073ED /* Blog ReaderUITests.xctest */;
			productType = "com.apple.product-type.bundle.ui-testing";
		};
/* End PBXNativeTarget section */

/* Begin PBXProject section */
		D7CFDB8A1C3855BB009073ED /* Project object */ = {
			isa = PBXProject;
			attributes = {
				LastUpgradeCheck = 0700;
				ORGANIZATIONNAME = "Mohan Dhar";
				TargetAttributes = {
					D7CFDB911C3855BB009073ED = {
						CreatedOnToolsVersion = 7.0;
						DevelopmentTeam = FYK6J92RSW;
					};
					D7CFDBAA1C3855BB009073ED = {
						CreatedOnToolsVersion = 7.0;
						DevelopmentTeam = FYK6J92RSW;
						TestTargetID = D7CFDB911C3855BB009073ED;
					};
					D7CFDBB51C3855BB009073ED = {
						CreatedOnToolsVersion = 7.0;
						DevelopmentTeam = FYK6J92RSW;
						TestTargetID = D7CFDB911C3855BB009073ED;
					};
				};
			};
			buildConfigurationList = D7CFDB8D1C3855BB009073ED /* Build configuration list for PBXProject "Blog Reader" */;
			compatibilityVersion = "Xcode 3.2";
			developmentRegion = English;
			hasScannedForEncodings = 0;
			knownRegions = (
				en,
				Base,
			);
			mainGroup = D7CFDB891C3855BB009073ED;
			productRefGroup = D7CFDB931C3855BB009073ED /* Products */;
			projectDirPath = "";
			projectRoot = "";
			targets = (
				D7CFDB911C3855BB009073ED /* Blog Reader */,
				D7CFDBAA1C3855BB009073ED /* Blog ReaderTests */,
				D7CFDBB51C3855BB009073ED /* Blog ReaderUITests */,
			);
		};
/* End PBXProject section */

/* Begin PBXResourcesBuildPhase section */
		D7CFDB901C3855BB009073ED /* Resources */ = {
			isa = PBXResourcesBuildPhase;
			buildActionMask = 2147483647;
			files = (
				D7CFDBA51C3855BB009073ED /* LaunchScreen.storyboard in Resources */,
				D7CFDBA21C3855BB009073ED /* Assets.xcassets in Resources */,
				D7CFDBA01C3855BB009073ED /* Main.storyboard in Resources */,
			);
			runOnlyForDeploymentPostprocessing = 0;
		};
		D7CFDBA91C3855BB009073ED /* Resources */ = {
			isa = PBXResourcesBuildPhase;
			buildActionMask = 2147483647;
			files = (
			);
			runOnlyForDeploymentPostprocessing = 0;
		};
		D7CFDBB41C3855BB009073ED /* Resources */ = {
			isa = PBXResourcesBuildPhase;
			buildActionMask = 2147483647;
			files = (
			);
			runOnlyForDeploymentPostprocessing = 0;
		};
/* End PBXResourcesBuildPhase section */

/* Begin PBXSourcesBuildPhase section */
		D7CFDB8E1C3855BB009073ED /* Sources */ = {
			isa = PBXSourcesBuildPhase;
			buildActionMask = 2147483647;
			files = (
				D7CFDB991C3855BB009073ED /* Blog_Reader.xcdatamodeld in Sources */,
				D7CFDB961C3855BB009073ED /* AppDelegate.swift in Sources */,
				D7CFDB9B1C3855BB009073ED /* MasterViewController.swift in Sources */,
				D7CFDB9D1C3855BB009073ED /* DetailViewController.swift in Sources */,
			);
			runOnlyForDeploymentPostprocessing = 0;
		};
		D7CFDBA71C3855BB009073ED /* Sources */ = {
			isa = PBXSourcesBuildPhase;
			buildActionMask = 2147483647;
			files = (
				D7CFDBB01C3855BB009073ED /* Blog_ReaderTests.swift in Sources */,
			);
			runOnlyForDeploymentPostprocessing = 0;
		};
		D7CFDBB21C3855BB009073ED /* Sources */ = {
			isa = PBXSourcesBuildPhase;
			buildActionMask = 2147483647;
			files = (
				D7CFDBBB1C3855BB009073ED /* Blog_ReaderUITests.swift in Sources */,
			);
			runOnlyForDeploymentPostprocessing = 0;
		};
/* End PBXSourcesBuildPhase section */

/* Begin PBXTargetDependency section */
		D7CFDBAD1C3855BB009073ED /* PBXTargetDependency */ = {
			isa = PBXTargetDependency;
			target = D7CFDB911C3855BB009073ED /* Blog Reader */;
			targetProxy = D7CFDBAC1C3855BB009073ED /* PBXContainerItemProxy */;
		};
		D7CFDBB81C3855BB009073ED /* PBXTargetDependency */ = {
			isa = PBXTargetDependency;
			target = D7CFDB911C3855BB009073ED /* Blog Reader */;
			targetProxy = D7CFDBB71C3855BB009073ED /* PBXContainerItemProxy */;
		};
/* End PBXTargetDependency section */

/* Begin PBXVariantGroup section */
		D7CFDB9E1C3855BB009073ED /* Main.storyboard */ = {
			isa = PBXVariantGroup;
			children = (
				D7CFDB9F1C3855BB009073ED /* Base */,
			);
			name = Main.storyboard;
			sourceTree = "<group>";
		};
		D7CFDBA31C3855BB009073ED /* LaunchScreen.storyboard */ = {
			isa = PBXVariantGroup;
			children = (
				D7CFDBA41C3855BB009073ED /* Base */,
			);
			name = LaunchScreen.storyboard;
			sourceTree = "<group>";
		};
/* End PBXVariantGroup section */

/* Begin XCBuildConfiguration section */
		D7CFDBBD1C3855BB009073ED /* Debug */ = {
			isa = XCBuildConfiguration;
			buildSettings = {
				ALWAYS_SEARCH_USER_PATHS = NO;
				CLANG_CXX_LANGUAGE_STANDARD = "gnu++0x";
				CLANG_CXX_LIBRARY = "libc++";
				CLANG_ENABLE_MODULES = YES;
				CLANG_ENABLE_OBJC_ARC = YES;
				CLANG_WARN_BOOL_CONVERSION = YES;
				CLANG_WARN_CONSTANT_CONVERSION = YES;
				CLANG_WARN_DIRECT_OBJC_ISA_USAGE = YES_ERROR;
				CLANG_WARN_EMPTY_BODY = YES;
				CLANG_WARN_ENUM_CONVERSION = YES;
				CLANG_WARN_INT_CONVERSION = YES;
				CLANG_WARN_OBJC_ROOT_CLASS = YES_ERROR;
				CLANG_WARN_UNREACHABLE_CODE = YES;
				CLANG_WARN__DUPLICATE_METHOD_MATCH = YES;
				"CODE_SIGN_IDENTITY[sdk=iphoneos*]" = "iPhone Developer";
				COPY_PHASE_STRIP = NO;
				DEBUG_INFORMATION_FORMAT = dwarf;
				ENABLE_STRICT_OBJC_MSGSEND = YES;
				ENABLE_TESTABILITY = YES;
				GCC_C_LANGUAGE_STANDARD = gnu99;
				GCC_DYNAMIC_NO_PIC = NO;
				GCC_NO_COMMON_BLOCKS = YES;
				GCC_OPTIMIZATION_LEVEL = 0;
				GCC_PREPROCESSOR_DEFINITIONS = (
					"DEBUG=1",
					"$(inherited)",
				);
				GCC_WARN_64_TO_32_BIT_CONVERSION = YES;
				GCC_WARN_ABOUT_RETURN_TYPE = YES_ERROR;
				GCC_WARN_UNDECLARED_SELECTOR = YES;
				GCC_WARN_UNINITIALIZED_AUTOS = YES_AGGRESSIVE;
				GCC_WARN_UNUSED_FUNCTION = YES;
				GCC_WARN_UNUSED_VARIABLE = YES;
				IPHONEOS_DEPLOYMENT_TARGET = 9.0;
				MTL_ENABLE_DEBUG_INFO = YES;
				ONLY_ACTIVE_ARCH = YES;
				SDKROOT = iphoneos;
				SWIFT_OPTIMIZATION_LEVEL = "-Onone";
				TARGETED_DEVICE_FAMILY = "1,2";
			};
			name = Debug;
		};
		D7CFDBBE1C3855BB009073ED /* Release */ = {
			isa = XCBuildConfiguration;
			buildSettings = {
				ALWAYS_SEARCH_USER_PATHS = NO;
				CLANG_CXX_LANGUAGE_STANDARD = "gnu++0x";
				CLANG_CXX_LIBRARY = "libc++";
				CLANG_ENABLE_MODULES = YES;
				CLANG_ENABLE_OBJC_ARC = YES;
				CLANG_WARN_BOOL_CONVERSION = YES;
				CLANG_WARN_CONSTANT_CONVERSION = YES;
				CLANG_WARN_DIRECT_OBJC_ISA_USAGE = YES_ERROR;
				CLANG_WARN_EMPTY_BODY = YES;
				CLANG_WARN_ENUM_CONVERSION = YES;
				CLANG_WARN_INT_CONVERSION = YES;
				CLANG_WARN_OBJC_ROOT_CLASS = YES_ERROR;
				CLANG_WARN_UNREACHABLE_CODE = YES;
				CLANG_WARN__DUPLICATE_METHOD_MATCH = YES;
				"CODE_SIGN_IDENTITY[sdk=iphoneos*]" = "iPhone Developer";
				COPY_PHASE_STRIP = NO;
				DEBUG_INFORMATION_FORMAT = "dwarf-with-dsym";
				ENABLE_NS_ASSERTIONS = NO;
				ENABLE_STRICT_OBJC_MSGSEND = YES;
				GCC_C_LANGUAGE_STANDARD = gnu99;
				GCC_NO_COMMON_BLOCKS = YES;
				GCC_WARN_64_TO_32_BIT_CONVERSION = YES;
				GCC_WARN_ABOUT_RETURN_TYPE = YES_ERROR;
				GCC_WARN_UNDECLARED_SELECTOR = YES;
				GCC_WARN_UNINITIALIZED_AUTOS = YES_AGGRESSIVE;
				GCC_WARN_UNUSED_FUNCTION = YES;
				GCC_WARN_UNUSED_VARIABLE = YES;
				IPHONEOS_DEPLOYMENT_TARGET = 9.0;
				MTL_ENABLE_DEBUG_INFO = NO;
				SDKROOT = iphoneos;
				TARGETED_DEVICE_FAMILY = "1,2";
				VALIDATE_PRODUCT = YES;
			};
			name = Release;
		};
		D7CFDBC01C3855BB009073ED /* Debug */ = {
			isa = XCBuildConfiguration;
			buildSettings = {
				ASSETCATALOG_COMPILER_APPICON_NAME = AppIcon;
				INFOPLIST_FILE = "Blog Reader/Info.plist";
				LD_RUNPATH_SEARCH_PATHS = "$(inherited) @executable_path/Frameworks";
				PRODUCT_BUNDLE_IDENTIFIER = "self.com.Mohan.Blog-Reader";
				PRODUCT_NAME = "$(TARGET_NAME)";
			};
			name = Debug;
		};
		D7CFDBC11C3855BB009073ED /* Release */ = {
			isa = XCBuildConfiguration;
			buildSettings = {
				ASSETCATALOG_COMPILER_APPICON_NAME = AppIcon;
				INFOPLIST_FILE = "Blog Reader/Info.plist";
				LD_RUNPATH_SEARCH_PATHS = "$(inherited) @executable_path/Frameworks";
				PRODUCT_BUNDLE_IDENTIFIER = "self.com.Mohan.Blog-Reader";
				PRODUCT_NAME = "$(TARGET_NAME)";
			};
			name = Release;
		};
		D7CFDBC31C3855BB009073ED /* Debug */ = {
			isa = XCBuildConfiguration;
			buildSettings = {
				BUNDLE_LOADER = "$(TEST_HOST)";
				INFOPLIST_FILE = "Blog ReaderTests/Info.plist";
				LD_RUNPATH_SEARCH_PATHS = "$(inherited) @executable_path/Frameworks @loader_path/Frameworks";
				PRODUCT_BUNDLE_IDENTIFIER = "self.com.Mohan.Blog-ReaderTests";
				PRODUCT_NAME = "$(TARGET_NAME)";
				TEST_HOST = "$(BUILT_PRODUCTS_DIR)/Blog Reader.app/Blog Reader";
			};
			name = Debug;
		};
		D7CFDBC41C3855BB009073ED /* Release */ = {
			isa = XCBuildConfiguration;
			buildSettings = {
				BUNDLE_LOADER = "$(TEST_HOST)";
				INFOPLIST_FILE = "Blog ReaderTests/Info.plist";
				LD_RUNPATH_SEARCH_PATHS = "$(inherited) @executable_path/Frameworks @loader_path/Frameworks";
				PRODUCT_BUNDLE_IDENTIFIER = "self.com.Mohan.Blog-ReaderTests";
				PRODUCT_NAME = "$(TARGET_NAME)";
				TEST_HOST = "$(BUILT_PRODUCTS_DIR)/Blog Reader.app/Blog Reader";
			};
			name = Release;
		};
		D7CFDBC61C3855BB009073ED /* Debug */ = {
			isa = XCBuildConfiguration;
			buildSettings = {
				INFOPLIST_FILE = "Blog ReaderUITests/Info.plist";
				LD_RUNPATH_SEARCH_PATHS = "$(inherited) @executable_path/Frameworks @loader_path/Frameworks";
				PRODUCT_BUNDLE_IDENTIFIER = "self.com.Mohan.Blog-ReaderUITests";
				PRODUCT_NAME = "$(TARGET_NAME)";
				TEST_TARGET_NAME = "Blog Reader";
				USES_XCTRUNNER = YES;
			};
			name = Debug;
		};
		D7CFDBC71C3855BB009073ED /* Release */ = {
			isa = XCBuildConfiguration;
			buildSettings = {
				INFOPLIST_FILE = "Blog ReaderUITests/Info.plist";
				LD_RUNPATH_SEARCH_PATHS = "$(inherited) @executable_path/Frameworks @loader_path/Frameworks";
				PRODUCT_BUNDLE_IDENTIFIER = "self.com.Mohan.Blog-ReaderUITests";
				PRODUCT_NAME = "$(TARGET_NAME)";
				TEST_TARGET_NAME = "Blog Reader";
				USES_XCTRUNNER = YES;
			};
			name = Release;
		};
/* End XCBuildConfiguration section */

/* Begin XCConfigurationList section */
		D7CFDB8D1C3855BB009073ED /* Build configuration list for PBXProject "Blog Reader" */ = {
			isa = XCConfigurationList;
			buildConfigurations = (
				D7CFDBBD1C3855BB009073ED /* Debug */,
				D7CFDBBE1C3855BB009073ED /* Release */,
			);
			defaultConfigurationIsVisible = 0;
			defaultConfigurationName = Release;
		};
		D7CFDBBF1C3855BB009073ED /* Build configuration list for PBXNativeTarget "Blog Reader" */ = {
			isa = XCConfigurationList;
			buildConfigurations = (
				D7CFDBC01C3855BB009073ED /* Debug */,
				D7CFDBC11C3855BB009073ED /* Release */,
			);
			defaultConfigurationIsVisible = 0;
		};
		D7CFDBC21C3855BB009073ED /* Build configuration list for PBXNativeTarget "Blog ReaderTests" */ = {
			isa = XCConfigurationList;
			buildConfigurations = (
				D7CFDBC31C3855BB009073ED /* Debug */,
				D7CFDBC41C3855BB009073ED /* Release */,
			);
			defaultConfigurationIsVisible = 0;
		};
		D7CFDBC51C3855BB009073ED /* Build configuration list for PBXNativeTarget "Blog ReaderUITests" */ = {
			isa = XCConfigurationList;
			buildConfigurations = (
				D7CFDBC61C3855BB009073ED /* Debug */,
				D7CFDBC71C3855BB009073ED /* Release */,
			);
			defaultConfigurationIsVisible = 0;
		};
/* End XCConfigurationList section */

/* Begin XCVersionGroup section */
		D7CFDB971C3855BB009073ED /* Blog_Reader.xcdatamodeld */ = {
			isa = XCVersionGroup;
			children = (
				D7CFDB981C3855BB009073ED /* Blog_Reader.xcdatamodel */,
			);
			currentVersion = D7CFDB981C3855BB009073ED /* Blog_Reader.xcdatamodel */;
			path = Blog_Reader.xcdatamodeld;
			sourceTree = "<group>";
			versionGroupType = wrapper.xcdatamodel;
		};
/* End XCVersionGroup section */
	};
	rootObject = D7CFDB8A1C3855BB009073ED /* Project object */;
}
