// !$*UTF8*$!
{
	archiveVersion = 1;
	classes = {
	};
	objectVersion = 46;
	objects = {

/* Begin PBXBuildFile section */
		D79E992B1C5479BE00DA9C6B /* AppDelegate.swift in Sources */ = {isa = PBXBuildFile; fileRef = D79E992A1C5479BE00DA9C6B /* AppDelegate.swift */; };
		D79E99301C5479BE00DA9C6B /* Main.storyboard in Resources */ = {isa = PBXBuildFile; fileRef = D79E992E1C5479BE00DA9C6B /* Main.storyboard */; };
		D79E99321C5479BE00DA9C6B /* Assets.xcassets in Resources */ = {isa = PBXBuildFile; fileRef = D79E99311C5479BE00DA9C6B /* Assets.xcassets */; };
		D79E99351C5479BE00DA9C6B /* LaunchScreen.storyboard in Resources */ = {isa = PBXBuildFile; fileRef = D79E99331C5479BE00DA9C6B /* LaunchScreen.storyboard */; };
		D79E99401C5479BE00DA9C6B /* CalculatorTests.swift in Sources */ = {isa = PBXBuildFile; fileRef = D79E993F1C5479BE00DA9C6B /* CalculatorTests.swift */; };
		D79E994B1C5479BE00DA9C6B /* CalculatorUITests.swift in Sources */ = {isa = PBXBuildFile; fileRef = D79E994A1C5479BE00DA9C6B /* CalculatorUITests.swift */; };
		D79E995B1C5479E700DA9C6B /* CalculatorViewController.swift in Sources */ = {isa = PBXBuildFile; fileRef = D79E995A1C5479E700DA9C6B /* CalculatorViewController.swift */; settings = {ASSET_TAGS = (); }; };
		D79E995D1C54812600DA9C6B /* Stack.swift in Sources */ = {isa = PBXBuildFile; fileRef = D79E995C1C54812600DA9C6B /* Stack.swift */; settings = {ASSET_TAGS = (); }; };
		D79E99611C548A1100DA9C6B /* Operator.swift in Sources */ = {isa = PBXBuildFile; fileRef = D79E99601C548A1100DA9C6B /* Operator.swift */; settings = {ASSET_TAGS = (); }; };
/* End PBXBuildFile section */

/* Begin PBXContainerItemProxy section */
		D79E993C1C5479BE00DA9C6B /* PBXContainerItemProxy */ = {
			isa = PBXContainerItemProxy;
			containerPortal = D79E991F1C5479BE00DA9C6B /* Project object */;
			proxyType = 1;
			remoteGlobalIDString = D79E99261C5479BE00DA9C6B;
			remoteInfo = Calculator;
		};
		D79E99471C5479BE00DA9C6B /* PBXContainerItemProxy */ = {
			isa = PBXContainerItemProxy;
			containerPortal = D79E991F1C5479BE00DA9C6B /* Project object */;
			proxyType = 1;
			remoteGlobalIDString = D79E99261C5479BE00DA9C6B;
			remoteInfo = Calculator;
		};
/* End PBXContainerItemProxy section */

/* Begin PBXFileReference section */
		D79E99271C5479BE00DA9C6B /* Calculator.app */ = {isa = PBXFileReference; explicitFileType = wrapper.application; includeInIndex = 0; path = Calculator.app; sourceTree = BUILT_PRODUCTS_DIR; };
		D79E992A1C5479BE00DA9C6B /* AppDelegate.swift */ = {isa = PBXFileReference; lastKnownFileType = sourcecode.swift; path = AppDelegate.swift; sourceTree = "<group>"; };
		D79E992F1C5479BE00DA9C6B /* Base */ = {isa = PBXFileReference; lastKnownFileType = file.storyboard; name = Base; path = Base.lproj/Main.storyboard; sourceTree = "<group>"; };
		D79E99311C5479BE00DA9C6B /* Assets.xcassets */ = {isa = PBXFileReference; lastKnownFileType = folder.assetcatalog; path = Assets.xcassets; sourceTree = "<group>"; };
		D79E99341C5479BE00DA9C6B /* Base */ = {isa = PBXFileReference; lastKnownFileType = file.storyboard; name = Base; path = Base.lproj/LaunchScreen.storyboard; sourceTree = "<group>"; };
		D79E99361C5479BE00DA9C6B /* Info.plist */ = {isa = PBXFileReference; lastKnownFileType = text.plist.xml; path = Info.plist; sourceTree = "<group>"; };
		D79E993B1C5479BE00DA9C6B /* CalculatorTests.xctest */ = {isa = PBXFileReference; explicitFileType = wrapper.cfbundle; includeInIndex = 0; path = CalculatorTests.xctest; sourceTree = BUILT_PRODUCTS_DIR; };
		D79E993F1C5479BE00DA9C6B /* CalculatorTests.swift */ = {isa = PBXFileReference; lastKnownFileType = sourcecode.swift; path = CalculatorTests.swift; sourceTree = "<group>"; };
		D79E99411C5479BE00DA9C6B /* Info.plist */ = {isa = PBXFileReference; lastKnownFileType = text.plist.xml; path = Info.plist; sourceTree = "<group>"; };
		D79E99461C5479BE00DA9C6B /* CalculatorUITests.xctest */ = {isa = PBXFileReference; explicitFileType = wrapper.cfbundle; includeInIndex = 0; path = CalculatorUITests.xctest; sourceTree = BUILT_PRODUCTS_DIR; };
		D79E994A1C5479BE00DA9C6B /* CalculatorUITests.swift */ = {isa = PBXFileReference; lastKnownFileType = sourcecode.swift; path = CalculatorUITests.swift; sourceTree = "<group>"; };
		D79E994C1C5479BE00DA9C6B /* Info.plist */ = {isa = PBXFileReference; lastKnownFileType = text.plist.xml; path = Info.plist; sourceTree = "<group>"; };
		D79E995A1C5479E700DA9C6B /* CalculatorViewController.swift */ = {isa = PBXFileReference; fileEncoding = 4; lastKnownFileType = sourcecode.swift; path = CalculatorViewController.swift; sourceTree = "<group>"; };
		D79E995C1C54812600DA9C6B /* Stack.swift */ = {isa = PBXFileReference; fileEncoding = 4; lastKnownFileType = sourcecode.swift; path = Stack.swift; sourceTree = "<group>"; };
		D79E99601C548A1100DA9C6B /* Operator.swift */ = {isa = PBXFileReference; fileEncoding = 4; lastKnownFileType = sourcecode.swift; path = Operator.swift; sourceTree = "<group>"; };
/* End PBXFileReference section */

/* Begin PBXFrameworksBuildPhase section */
		D79E99241C5479BE00DA9C6B /* Frameworks */ = {
			isa = PBXFrameworksBuildPhase;
			buildActionMask = 2147483647;
			files = (
			);
			runOnlyForDeploymentPostprocessing = 0;
		};
		D79E99381C5479BE00DA9C6B /* Frameworks */ = {
			isa = PBXFrameworksBuildPhase;
			buildActionMask = 2147483647;
			files = (
			);
			runOnlyForDeploymentPostprocessing = 0;
		};
		D79E99431C5479BE00DA9C6B /* Frameworks */ = {
			isa = PBXFrameworksBuildPhase;
			buildActionMask = 2147483647;
			files = (
			);
			runOnlyForDeploymentPostprocessing = 0;
		};
/* End PBXFrameworksBuildPhase section */

/* Begin PBXGroup section */
		D79E991E1C5479BE00DA9C6B = {
			isa = PBXGroup;
			children = (
				D79E99291C5479BE00DA9C6B /* Calculator */,
				D79E993E1C5479BE00DA9C6B /* CalculatorTests */,
				D79E99491C5479BE00DA9C6B /* CalculatorUITests */,
				D79E99281C5479BE00DA9C6B /* Products */,
			);
			sourceTree = "<group>";
		};
		D79E99281C5479BE00DA9C6B /* Products */ = {
			isa = PBXGroup;
			children = (
				D79E99271C5479BE00DA9C6B /* Calculator.app */,
				D79E993B1C5479BE00DA9C6B /* CalculatorTests.xctest */,
				D79E99461C5479BE00DA9C6B /* CalculatorUITests.xctest */,
			);
			name = Products;
			sourceTree = "<group>";
		};
		D79E99291C5479BE00DA9C6B /* Calculator */ = {
			isa = PBXGroup;
			children = (
				D79E992A1C5479BE00DA9C6B /* AppDelegate.swift */,
				D79E99601C548A1100DA9C6B /* Operator.swift */,
				D79E995C1C54812600DA9C6B /* Stack.swift */,
				D79E995A1C5479E700DA9C6B /* CalculatorViewController.swift */,
				D79E992E1C5479BE00DA9C6B /* Main.storyboard */,
				D79E99311C5479BE00DA9C6B /* Assets.xcassets */,
				D79E99331C5479BE00DA9C6B /* LaunchScreen.storyboard */,
				D79E99361C5479BE00DA9C6B /* Info.plist */,
			);
			path = Calculator;
			sourceTree = "<group>";
		};
		D79E993E1C5479BE00DA9C6B /* CalculatorTests */ = {
			isa = PBXGroup;
			children = (
				D79E993F1C5479BE00DA9C6B /* CalculatorTests.swift */,
				D79E99411C5479BE00DA9C6B /* Info.plist */,
			);
			path = CalculatorTests;
			sourceTree = "<group>";
		};
		D79E99491C5479BE00DA9C6B /* CalculatorUITests */ = {
			isa = PBXGroup;
			children = (
				D79E994A1C5479BE00DA9C6B /* CalculatorUITests.swift */,
				D79E994C1C5479BE00DA9C6B /* Info.plist */,
			);
			path = CalculatorUITests;
			sourceTree = "<group>";
		};
/* End PBXGroup section */

/* Begin PBXNativeTarget section */
		D79E99261C5479BE00DA9C6B /* Calculator */ = {
			isa = PBXNativeTarget;
			buildConfigurationList = D79E994F1C5479BE00DA9C6B /* Build configuration list for PBXNativeTarget "Calculator" */;
			buildPhases = (
				D79E99231C5479BE00DA9C6B /* Sources */,
				D79E99241C5479BE00DA9C6B /* Frameworks */,
				D79E99251C5479BE00DA9C6B /* Resources */,
			);
			buildRules = (
			);
			dependencies = (
			);
			name = Calculator;
			productName = Calculator;
			productReference = D79E99271C5479BE00DA9C6B /* Calculator.app */;
			productType = "com.apple.product-type.application";
		};
		D79E993A1C5479BE00DA9C6B /* CalculatorTests */ = {
			isa = PBXNativeTarget;
			buildConfigurationList = D79E99521C5479BE00DA9C6B /* Build configuration list for PBXNativeTarget "CalculatorTests" */;
			buildPhases = (
				D79E99371C5479BE00DA9C6B /* Sources */,
				D79E99381C5479BE00DA9C6B /* Frameworks */,
				D79E99391C5479BE00DA9C6B /* Resources */,
			);
			buildRules = (
			);
			dependencies = (
				D79E993D1C5479BE00DA9C6B /* PBXTargetDependency */,
			);
			name = CalculatorTests;
			productName = CalculatorTests;
			productReference = D79E993B1C5479BE00DA9C6B /* CalculatorTests.xctest */;
			productType = "com.apple.product-type.bundle.unit-test";
		};
		D79E99451C5479BE00DA9C6B /* CalculatorUITests */ = {
			isa = PBXNativeTarget;
			buildConfigurationList = D79E99551C5479BE00DA9C6B /* Build configuration list for PBXNativeTarget "CalculatorUITests" */;
			buildPhases = (
				D79E99421C5479BE00DA9C6B /* Sources */,
				D79E99431C5479BE00DA9C6B /* Frameworks */,
				D79E99441C5479BE00DA9C6B /* Resources */,
			);
			buildRules = (
			);
			dependencies = (
				D79E99481C5479BE00DA9C6B /* PBXTargetDependency */,
			);
			name = CalculatorUITests;
			productName = CalculatorUITests;
			productReference = D79E99461C5479BE00DA9C6B /* CalculatorUITests.xctest */;
			productType = "com.apple.product-type.bundle.ui-testing";
		};
/* End PBXNativeTarget section */

/* Begin PBXProject section */
		D79E991F1C5479BE00DA9C6B /* Project object */ = {
			isa = PBXProject;
			attributes = {
				LastUpgradeCheck = 0700;
				ORGANIZATIONNAME = "Mohan Dhar";
				TargetAttributes = {
					D79E99261C5479BE00DA9C6B = {
						CreatedOnToolsVersion = 7.0;
						DevelopmentTeam = FYK6J92RSW;
					};
					D79E993A1C5479BE00DA9C6B = {
						CreatedOnToolsVersion = 7.0;
						DevelopmentTeam = FYK6J92RSW;
						TestTargetID = D79E99261C5479BE00DA9C6B;
					};
					D79E99451C5479BE00DA9C6B = {
						CreatedOnToolsVersion = 7.0;
						DevelopmentTeam = FYK6J92RSW;
						TestTargetID = D79E99261C5479BE00DA9C6B;
					};
				};
			};
			buildConfigurationList = D79E99221C5479BE00DA9C6B /* Build configuration list for PBXProject "Calculator" */;
			compatibilityVersion = "Xcode 3.2";
			developmentRegion = English;
			hasScannedForEncodings = 0;
			knownRegions = (
				en,
				Base,
			);
			mainGroup = D79E991E1C5479BE00DA9C6B;
			productRefGroup = D79E99281C5479BE00DA9C6B /* Products */;
			projectDirPath = "";
			projectRoot = "";
			targets = (
				D79E99261C5479BE00DA9C6B /* Calculator */,
				D79E993A1C5479BE00DA9C6B /* CalculatorTests */,
				D79E99451C5479BE00DA9C6B /* CalculatorUITests */,
			);
		};
/* End PBXProject section */

/* Begin PBXResourcesBuildPhase section */
		D79E99251C5479BE00DA9C6B /* Resources */ = {
			isa = PBXResourcesBuildPhase;
			buildActionMask = 2147483647;
			files = (
				D79E99351C5479BE00DA9C6B /* LaunchScreen.storyboard in Resources */,
				D79E99321C5479BE00DA9C6B /* Assets.xcassets in Resources */,
				D79E99301C5479BE00DA9C6B /* Main.storyboard in Resources */,
			);
			runOnlyForDeploymentPostprocessing = 0;
		};
		D79E99391C5479BE00DA9C6B /* Resources */ = {
			isa = PBXResourcesBuildPhase;
			buildActionMask = 2147483647;
			files = (
			);
			runOnlyForDeploymentPostprocessing = 0;
		};
		D79E99441C5479BE00DA9C6B /* Resources */ = {
			isa = PBXResourcesBuildPhase;
			buildActionMask = 2147483647;
			files = (
			);
			runOnlyForDeploymentPostprocessing = 0;
		};
/* End PBXResourcesBuildPhase section */

/* Begin PBXSourcesBuildPhase section */
		D79E99231C5479BE00DA9C6B /* Sources */ = {
			isa = PBXSourcesBuildPhase;
			buildActionMask = 2147483647;
			files = (
				D79E995B1C5479E700DA9C6B /* CalculatorViewController.swift in Sources */,
				D79E99611C548A1100DA9C6B /* Operator.swift in Sources */,
				D79E995D1C54812600DA9C6B /* Stack.swift in Sources */,
				D79E992B1C5479BE00DA9C6B /* AppDelegate.swift in Sources */,
			);
			runOnlyForDeploymentPostprocessing = 0;
		};
		D79E99371C5479BE00DA9C6B /* Sources */ = {
			isa = PBXSourcesBuildPhase;
			buildActionMask = 2147483647;
			files = (
				D79E99401C5479BE00DA9C6B /* CalculatorTests.swift in Sources */,
			);
			runOnlyForDeploymentPostprocessing = 0;
		};
		D79E99421C5479BE00DA9C6B /* Sources */ = {
			isa = PBXSourcesBuildPhase;
			buildActionMask = 2147483647;
			files = (
				D79E994B1C5479BE00DA9C6B /* CalculatorUITests.swift in Sources */,
			);
			runOnlyForDeploymentPostprocessing = 0;
		};
/* End PBXSourcesBuildPhase section */

/* Begin PBXTargetDependency section */
		D79E993D1C5479BE00DA9C6B /* PBXTargetDependency */ = {
			isa = PBXTargetDependency;
			target = D79E99261C5479BE00DA9C6B /* Calculator */;
			targetProxy = D79E993C1C5479BE00DA9C6B /* PBXContainerItemProxy */;
		};
		D79E99481C5479BE00DA9C6B /* PBXTargetDependency */ = {
			isa = PBXTargetDependency;
			target = D79E99261C5479BE00DA9C6B /* Calculator */;
			targetProxy = D79E99471C5479BE00DA9C6B /* PBXContainerItemProxy */;
		};
/* End PBXTargetDependency section */

/* Begin PBXVariantGroup section */
		D79E992E1C5479BE00DA9C6B /* Main.storyboard */ = {
			isa = PBXVariantGroup;
			children = (
				D79E992F1C5479BE00DA9C6B /* Base */,
			);
			name = Main.storyboard;
			sourceTree = "<group>";
		};
		D79E99331C5479BE00DA9C6B /* LaunchScreen.storyboard */ = {
			isa = PBXVariantGroup;
			children = (
				D79E99341C5479BE00DA9C6B /* Base */,
			);
			name = LaunchScreen.storyboard;
			sourceTree = "<group>";
		};
/* End PBXVariantGroup section */

/* Begin XCBuildConfiguration section */
		D79E994D1C5479BE00DA9C6B /* Debug */ = {
			isa = XCBuildConfiguration;
			buildSettings = {
				ALWAYS_SEARCH_USER_PATHS = NO;
				CLANG_CXX_LANGUAGE_STANDARD = "gnu++0x";
				CLANG_CXX_LIBRARY = "libc++";
				CLANG_ENABLE_MODULES = YES;
				CLANG_ENABLE_OBJC_ARC = YES;
				CLANG_WARN_BOOL_CONVERSION = YES;
				CLANG_WARN_CONSTANT_CONVERSION = YES;
				CLANG_WARN_DIRECT_OBJC_ISA_USAGE = YES_ERROR;
				CLANG_WARN_EMPTY_BODY = YES;
				CLANG_WARN_ENUM_CONVERSION = YES;
				CLANG_WARN_INT_CONVERSION = YES;
				CLANG_WARN_OBJC_ROOT_CLASS = YES_ERROR;
				CLANG_WARN_UNREACHABLE_CODE = YES;
				CLANG_WARN__DUPLICATE_METHOD_MATCH = YES;
				"CODE_SIGN_IDENTITY[sdk=iphoneos*]" = "iPhone Developer";
				COPY_PHASE_STRIP = NO;
				DEBUG_INFORMATION_FORMAT = dwarf;
				ENABLE_STRICT_OBJC_MSGSEND = YES;
				ENABLE_TESTABILITY = YES;
				GCC_C_LANGUAGE_STANDARD = gnu99;
				GCC_DYNAMIC_NO_PIC = NO;
				GCC_NO_COMMON_BLOCKS = YES;
				GCC_OPTIMIZATION_LEVEL = 0;
				GCC_PREPROCESSOR_DEFINITIONS = (
					"DEBUG=1",
					"$(inherited)",
				);
				GCC_WARN_64_TO_32_BIT_CONVERSION = YES;
				GCC_WARN_ABOUT_RETURN_TYPE = YES_ERROR;
				GCC_WARN_UNDECLARED_SELECTOR = YES;
				GCC_WARN_UNINITIALIZED_AUTOS = YES_AGGRESSIVE;
				GCC_WARN_UNUSED_FUNCTION = YES;
				GCC_WARN_UNUSED_VARIABLE = YES;
				IPHONEOS_DEPLOYMENT_TARGET = 9.0;
				MTL_ENABLE_DEBUG_INFO = YES;
				ONLY_ACTIVE_ARCH = YES;
				SDKROOT = iphoneos;
				SWIFT_OPTIMIZATION_LEVEL = "-Onone";
				TARGETED_DEVICE_FAMILY = "1,2";
			};
			name = Debug;
		};
		D79E994E1C5479BE00DA9C6B /* Release */ = {
			isa = XCBuildConfiguration;
			buildSettings = {
				ALWAYS_SEARCH_USER_PATHS = NO;
				CLANG_CXX_LANGUAGE_STANDARD = "gnu++0x";
				CLANG_CXX_LIBRARY = "libc++";
				CLANG_ENABLE_MODULES = YES;
				CLANG_ENABLE_OBJC_ARC = YES;
				CLANG_WARN_BOOL_CONVERSION = YES;
				CLANG_WARN_CONSTANT_CONVERSION = YES;
				CLANG_WARN_DIRECT_OBJC_ISA_USAGE = YES_ERROR;
				CLANG_WARN_EMPTY_BODY = YES;
				CLANG_WARN_ENUM_CONVERSION = YES;
				CLANG_WARN_INT_CONVERSION = YES;
				CLANG_WARN_OBJC_ROOT_CLASS = YES_ERROR;
				CLANG_WARN_UNREACHABLE_CODE = YES;
				CLANG_WARN__DUPLICATE_METHOD_MATCH = YES;
				"CODE_SIGN_IDENTITY[sdk=iphoneos*]" = "iPhone Developer";
				COPY_PHASE_STRIP = NO;
				DEBUG_INFORMATION_FORMAT = "dwarf-with-dsym";
				ENABLE_NS_ASSERTIONS = NO;
				ENABLE_STRICT_OBJC_MSGSEND = YES;
				GCC_C_LANGUAGE_STANDARD = gnu99;
				GCC_NO_COMMON_BLOCKS = YES;
				GCC_WARN_64_TO_32_BIT_CONVERSION = YES;
				GCC_WARN_ABOUT_RETURN_TYPE = YES_ERROR;
				GCC_WARN_UNDECLARED_SELECTOR = YES;
				GCC_WARN_UNINITIALIZED_AUTOS = YES_AGGRESSIVE;
				GCC_WARN_UNUSED_FUNCTION = YES;
				GCC_WARN_UNUSED_VARIABLE = YES;
				IPHONEOS_DEPLOYMENT_TARGET = 9.0;
				MTL_ENABLE_DEBUG_INFO = NO;
				SDKROOT = iphoneos;
				TARGETED_DEVICE_FAMILY = "1,2";
				VALIDATE_PRODUCT = YES;
			};
			name = Release;
		};
		D79E99501C5479BE00DA9C6B /* Debug */ = {
			isa = XCBuildConfiguration;
			buildSettings = {
				ASSETCATALOG_COMPILER_APPICON_NAME = AppIcon;
				INFOPLIST_FILE = Calculator/Info.plist;
				LD_RUNPATH_SEARCH_PATHS = "$(inherited) @executable_path/Frameworks";
				PRODUCT_BUNDLE_IDENTIFIER = self.com.Mohan.Calculator;
				PRODUCT_NAME = "$(TARGET_NAME)";
			};
			name = Debug;
		};
		D79E99511C5479BE00DA9C6B /* Release */ = {
			isa = XCBuildConfiguration;
			buildSettings = {
				ASSETCATALOG_COMPILER_APPICON_NAME = AppIcon;
				INFOPLIST_FILE = Calculator/Info.plist;
				LD_RUNPATH_SEARCH_PATHS = "$(inherited) @executable_path/Frameworks";
				PRODUCT_BUNDLE_IDENTIFIER = self.com.Mohan.Calculator;
				PRODUCT_NAME = "$(TARGET_NAME)";
			};
			name = Release;
		};
		D79E99531C5479BE00DA9C6B /* Debug */ = {
			isa = XCBuildConfiguration;
			buildSettings = {
				BUNDLE_LOADER = "$(TEST_HOST)";
				INFOPLIST_FILE = CalculatorTests/Info.plist;
				LD_RUNPATH_SEARCH_PATHS = "$(inherited) @executable_path/Frameworks @loader_path/Frameworks";
				PRODUCT_BUNDLE_IDENTIFIER = self.com.Mohan.CalculatorTests;
				PRODUCT_NAME = "$(TARGET_NAME)";
				TEST_HOST = "$(BUILT_PRODUCTS_DIR)/Calculator.app/Calculator";
			};
			name = Debug;
		};
		D79E99541C5479BE00DA9C6B /* Release */ = {
			isa = XCBuildConfiguration;
			buildSettings = {
				BUNDLE_LOADER = "$(TEST_HOST)";
				INFOPLIST_FILE = CalculatorTests/Info.plist;
				LD_RUNPATH_SEARCH_PATHS = "$(inherited) @executable_path/Frameworks @loader_path/Frameworks";
				PRODUCT_BUNDLE_IDENTIFIER = self.com.Mohan.CalculatorTests;
				PRODUCT_NAME = "$(TARGET_NAME)";
				TEST_HOST = "$(BUILT_PRODUCTS_DIR)/Calculator.app/Calculator";
			};
			name = Release;
		};
		D79E99561C5479BE00DA9C6B /* Debug */ = {
			isa = XCBuildConfiguration;
			buildSettings = {
				INFOPLIST_FILE = CalculatorUITests/Info.plist;
				LD_RUNPATH_SEARCH_PATHS = "$(inherited) @executable_path/Frameworks @loader_path/Frameworks";
				PRODUCT_BUNDLE_IDENTIFIER = self.com.Mohan.CalculatorUITests;
				PRODUCT_NAME = "$(TARGET_NAME)";
				TEST_TARGET_NAME = Calculator;
				USES_XCTRUNNER = YES;
			};
			name = Debug;
		};
		D79E99571C5479BE00DA9C6B /* Release */ = {
			isa = XCBuildConfiguration;
			buildSettings = {
				INFOPLIST_FILE = CalculatorUITests/Info.plist;
				LD_RUNPATH_SEARCH_PATHS = "$(inherited) @executable_path/Frameworks @loader_path/Frameworks";
				PRODUCT_BUNDLE_IDENTIFIER = self.com.Mohan.CalculatorUITests;
				PRODUCT_NAME = "$(TARGET_NAME)";
				TEST_TARGET_NAME = Calculator;
				USES_XCTRUNNER = YES;
			};
			name = Release;
		};
/* End XCBuildConfiguration section */

/* Begin XCConfigurationList section */
		D79E99221C5479BE00DA9C6B /* Build configuration list for PBXProject "Calculator" */ = {
			isa = XCConfigurationList;
			buildConfigurations = (
				D79E994D1C5479BE00DA9C6B /* Debug */,
				D79E994E1C5479BE00DA9C6B /* Release */,
			);
			defaultConfigurationIsVisible = 0;
			defaultConfigurationName = Release;
		};
		D79E994F1C5479BE00DA9C6B /* Build configuration list for PBXNativeTarget "Calculator" */ = {
			isa = XCConfigurationList;
			buildConfigurations = (
				D79E99501C5479BE00DA9C6B /* Debug */,
				D79E99511C5479BE00DA9C6B /* Release */,
			);
			defaultConfigurationIsVisible = 0;
		};
		D79E99521C5479BE00DA9C6B /* Build configuration list for PBXNativeTarget "CalculatorTests" */ = {
			isa = XCConfigurationList;
			buildConfigurations = (
				D79E99531C5479BE00DA9C6B /* Debug */,
				D79E99541C5479BE00DA9C6B /* Release */,
			);
			defaultConfigurationIsVisible = 0;
		};
		D79E99551C5479BE00DA9C6B /* Build configuration list for PBXNativeTarget "CalculatorUITests" */ = {
			isa = XCConfigurationList;
			buildConfigurations = (
				D79E99561C5479BE00DA9C6B /* Debug */,
				D79E99571C5479BE00DA9C6B /* Release */,
			);
			defaultConfigurationIsVisible = 0;
		};
/* End XCConfigurationList section */
	};
	rootObject = D79E991F1C5479BE00DA9C6B /* Project object */;
}
