// !$*UTF8*$!
{
	archiveVersion = 1;
	classes = {
	};
	objectVersion = 46;
	objects = {

/* Begin PBXBuildFile section */
		D7455DEF1A48FDA300A52006 /* AppDelegate.swift in Sources */ = {isa = PBXBuildFile; fileRef = D7455DEE1A48FDA300A52006 /* AppDelegate.swift */; };
		D7455DF11A48FDA300A52006 /* ViewController.swift in Sources */ = {isa = PBXBuildFile; fileRef = D7455DF01A48FDA300A52006 /* ViewController.swift */; };
		D7455DF41A48FDA300A52006 /* Main.storyboard in Resources */ = {isa = PBXBuildFile; fileRef = D7455DF21A48FDA300A52006 /* Main.storyboard */; };
		D7455DF61A48FDA300A52006 /* Images.xcassets in Resources */ = {isa = PBXBuildFile; fileRef = D7455DF51A48FDA300A52006 /* Images.xcassets */; };
		D7455DF91A48FDA300A52006 /* LaunchScreen.xib in Resources */ = {isa = PBXBuildFile; fileRef = D7455DF71A48FDA300A52006 /* LaunchScreen.xib */; };
		D7455E051A48FDA300A52006 /* Is_it_PrimeTests.swift in Sources */ = {isa = PBXBuildFile; fileRef = D7455E041A48FDA300A52006 /* Is_it_PrimeTests.swift */; };
/* End PBXBuildFile section */

/* Begin PBXContainerItemProxy section */
		D7455DFF1A48FDA300A52006 /* PBXContainerItemProxy */ = {
			isa = PBXContainerItemProxy;
			containerPortal = D7455DE11A48FDA300A52006 /* Project object */;
			proxyType = 1;
			remoteGlobalIDString = D7455DE81A48FDA300A52006;
			remoteInfo = "Is it Prime";
		};
/* End PBXContainerItemProxy section */

/* Begin PBXFileReference section */
		D7455DE91A48FDA300A52006 /* Is it Prime.app */ = {isa = PBXFileReference; explicitFileType = wrapper.application; includeInIndex = 0; path = "Is it Prime.app"; sourceTree = BUILT_PRODUCTS_DIR; };
		D7455DED1A48FDA300A52006 /* Info.plist */ = {isa = PBXFileReference; lastKnownFileType = text.plist.xml; path = Info.plist; sourceTree = "<group>"; };
		D7455DEE1A48FDA300A52006 /* AppDelegate.swift */ = {isa = PBXFileReference; lastKnownFileType = sourcecode.swift; path = AppDelegate.swift; sourceTree = "<group>"; };
		D7455DF01A48FDA300A52006 /* ViewController.swift */ = {isa = PBXFileReference; lastKnownFileType = sourcecode.swift; path = ViewController.swift; sourceTree = "<group>"; };
		D7455DF31A48FDA300A52006 /* Base */ = {isa = PBXFileReference; lastKnownFileType = file.storyboard; name = Base; path = Base.lproj/Main.storyboard; sourceTree = "<group>"; };
		D7455DF51A48FDA300A52006 /* Images.xcassets */ = {isa = PBXFileReference; lastKnownFileType = folder.assetcatalog; path = Images.xcassets; sourceTree = "<group>"; };
		D7455DF81A48FDA300A52006 /* Base */ = {isa = PBXFileReference; lastKnownFileType = file.xib; name = Base; path = Base.lproj/LaunchScreen.xib; sourceTree = "<group>"; };
		D7455DFE1A48FDA300A52006 /* Is it PrimeTests.xctest */ = {isa = PBXFileReference; explicitFileType = wrapper.cfbundle; includeInIndex = 0; path = "Is it PrimeTests.xctest"; sourceTree = BUILT_PRODUCTS_DIR; };
		D7455E031A48FDA300A52006 /* Info.plist */ = {isa = PBXFileReference; lastKnownFileType = text.plist.xml; path = Info.plist; sourceTree = "<group>"; };
		D7455E041A48FDA300A52006 /* Is_it_PrimeTests.swift */ = {isa = PBXFileReference; lastKnownFileType = sourcecode.swift; path = Is_it_PrimeTests.swift; sourceTree = "<group>"; };
/* End PBXFileReference section */

/* Begin PBXFrameworksBuildPhase section */
		D7455DE61A48FDA300A52006 /* Frameworks */ = {
			isa = PBXFrameworksBuildPhase;
			buildActionMask = 2147483647;
			files = (
			);
			runOnlyForDeploymentPostprocessing = 0;
		};
		D7455DFB1A48FDA300A52006 /* Frameworks */ = {
			isa = PBXFrameworksBuildPhase;
			buildActionMask = 2147483647;
			files = (
			);
			runOnlyForDeploymentPostprocessing = 0;
		};
/* End PBXFrameworksBuildPhase section */

/* Begin PBXGroup section */
		D7455DE01A48FDA300A52006 = {
			isa = PBXGroup;
			children = (
				D7455DEB1A48FDA300A52006 /* Is it Prime */,
				D7455E011A48FDA300A52006 /* Is it PrimeTests */,
				D7455DEA1A48FDA300A52006 /* Products */,
			);
			sourceTree = "<group>";
		};
		D7455DEA1A48FDA300A52006 /* Products */ = {
			isa = PBXGroup;
			children = (
				D7455DE91A48FDA300A52006 /* Is it Prime.app */,
				D7455DFE1A48FDA300A52006 /* Is it PrimeTests.xctest */,
			);
			name = Products;
			sourceTree = "<group>";
		};
		D7455DEB1A48FDA300A52006 /* Is it Prime */ = {
			isa = PBXGroup;
			children = (
				D7455DEE1A48FDA300A52006 /* AppDelegate.swift */,
				D7455DF01A48FDA300A52006 /* ViewController.swift */,
				D7455DF21A48FDA300A52006 /* Main.storyboard */,
				D7455DF51A48FDA300A52006 /* Images.xcassets */,
				D7455DF71A48FDA300A52006 /* LaunchScreen.xib */,
				D7455DEC1A48FDA300A52006 /* Supporting Files */,
			);
			path = "Is it Prime";
			sourceTree = "<group>";
		};
		D7455DEC1A48FDA300A52006 /* Supporting Files */ = {
			isa = PBXGroup;
			children = (
				D7455DED1A48FDA300A52006 /* Info.plist */,
			);
			name = "Supporting Files";
			sourceTree = "<group>";
		};
		D7455E011A48FDA300A52006 /* Is it PrimeTests */ = {
			isa = PBXGroup;
			children = (
				D7455E041A48FDA300A52006 /* Is_it_PrimeTests.swift */,
				D7455E021A48FDA300A52006 /* Supporting Files */,
			);
			path = "Is it PrimeTests";
			sourceTree = "<group>";
		};
		D7455E021A48FDA300A52006 /* Supporting Files */ = {
			isa = PBXGroup;
			children = (
				D7455E031A48FDA300A52006 /* Info.plist */,
			);
			name = "Supporting Files";
			sourceTree = "<group>";
		};
/* End PBXGroup section */

/* Begin PBXNativeTarget section */
		D7455DE81A48FDA300A52006 /* Is it Prime */ = {
			isa = PBXNativeTarget;
			buildConfigurationList = D7455E081A48FDA300A52006 /* Build configuration list for PBXNativeTarget "Is it Prime" */;
			buildPhases = (
				D7455DE51A48FDA300A52006 /* Sources */,
				D7455DE61A48FDA300A52006 /* Frameworks */,
				D7455DE71A48FDA300A52006 /* Resources */,
			);
			buildRules = (
			);
			dependencies = (
			);
			name = "Is it Prime";
			productName = "Is it Prime";
			productReference = D7455DE91A48FDA300A52006 /* Is it Prime.app */;
			productType = "com.apple.product-type.application";
		};
		D7455DFD1A48FDA300A52006 /* Is it PrimeTests */ = {
			isa = PBXNativeTarget;
			buildConfigurationList = D7455E0B1A48FDA300A52006 /* Build configuration list for PBXNativeTarget "Is it PrimeTests" */;
			buildPhases = (
				D7455DFA1A48FDA300A52006 /* Sources */,
				D7455DFB1A48FDA300A52006 /* Frameworks */,
				D7455DFC1A48FDA300A52006 /* Resources */,
			);
			buildRules = (
			);
			dependencies = (
				D7455E001A48FDA300A52006 /* PBXTargetDependency */,
			);
			name = "Is it PrimeTests";
			productName = "Is it PrimeTests";
			productReference = D7455DFE1A48FDA300A52006 /* Is it PrimeTests.xctest */;
			productType = "com.apple.product-type.bundle.unit-test";
		};
/* End PBXNativeTarget section */

/* Begin PBXProject section */
		D7455DE11A48FDA300A52006 /* Project object */ = {
			isa = PBXProject;
			attributes = {
				LastUpgradeCheck = 0610;
				ORGANIZATIONNAME = "Mohan Dhar";
				TargetAttributes = {
					D7455DE81A48FDA300A52006 = {
						CreatedOnToolsVersion = 6.1.1;
					};
					D7455DFD1A48FDA300A52006 = {
						CreatedOnToolsVersion = 6.1.1;
						TestTargetID = D7455DE81A48FDA300A52006;
					};
				};
			};
			buildConfigurationList = D7455DE41A48FDA300A52006 /* Build configuration list for PBXProject "Is it Prime" */;
			compatibilityVersion = "Xcode 3.2";
			developmentRegion = English;
			hasScannedForEncodings = 0;
			knownRegions = (
				en,
				Base,
			);
			mainGroup = D7455DE01A48FDA300A52006;
			productRefGroup = D7455DEA1A48FDA300A52006 /* Products */;
			projectDirPath = "";
			projectRoot = "";
			targets = (
				D7455DE81A48FDA300A52006 /* Is it Prime */,
				D7455DFD1A48FDA300A52006 /* Is it PrimeTests */,
			);
		};
/* End PBXProject section */

/* Begin PBXResourcesBuildPhase section */
		D7455DE71A48FDA300A52006 /* Resources */ = {
			isa = PBXResourcesBuildPhase;
			buildActionMask = 2147483647;
			files = (
				D7455DF41A48FDA300A52006 /* Main.storyboard in Resources */,
				D7455DF91A48FDA300A52006 /* LaunchScreen.xib in Resources */,
				D7455DF61A48FDA300A52006 /* Images.xcassets in Resources */,
			);
			runOnlyForDeploymentPostprocessing = 0;
		};
		D7455DFC1A48FDA300A52006 /* Resources */ = {
			isa = PBXResourcesBuildPhase;
			buildActionMask = 2147483647;
			files = (
			);
			runOnlyForDeploymentPostprocessing = 0;
		};
/* End PBXResourcesBuildPhase section */

/* Begin PBXSourcesBuildPhase section */
		D7455DE51A48FDA300A52006 /* Sources */ = {
			isa = PBXSourcesBuildPhase;
			buildActionMask = 2147483647;
			files = (
				D7455DF11A48FDA300A52006 /* ViewController.swift in Sources */,
				D7455DEF1A48FDA300A52006 /* AppDelegate.swift in Sources */,
			);
			runOnlyForDeploymentPostprocessing = 0;
		};
		D7455DFA1A48FDA300A52006 /* Sources */ = {
			isa = PBXSourcesBuildPhase;
			buildActionMask = 2147483647;
			files = (
				D7455E051A48FDA300A52006 /* Is_it_PrimeTests.swift in Sources */,
			);
			runOnlyForDeploymentPostprocessing = 0;
		};
/* End PBXSourcesBuildPhase section */

/* Begin PBXTargetDependency section */
		D7455E001A48FDA300A52006 /* PBXTargetDependency */ = {
			isa = PBXTargetDependency;
			target = D7455DE81A48FDA300A52006 /* Is it Prime */;
			targetProxy = D7455DFF1A48FDA300A52006 /* PBXContainerItemProxy */;
		};
/* End PBXTargetDependency section */

/* Begin PBXVariantGroup section */
		D7455DF21A48FDA300A52006 /* Main.storyboard */ = {
			isa = PBXVariantGroup;
			children = (
				D7455DF31A48FDA300A52006 /* Base */,
			);
			name = Main.storyboard;
			sourceTree = "<group>";
		};
		D7455DF71A48FDA300A52006 /* LaunchScreen.xib */ = {
			isa = PBXVariantGroup;
			children = (
				D7455DF81A48FDA300A52006 /* Base */,
			);
			name = LaunchScreen.xib;
			sourceTree = "<group>";
		};
/* End PBXVariantGroup section */

/* Begin XCBuildConfiguration section */
		D7455E061A48FDA300A52006 /* Debug */ = {
			isa = XCBuildConfiguration;
			buildSettings = {
				ALWAYS_SEARCH_USER_PATHS = NO;
				CLANG_CXX_LANGUAGE_STANDARD = "gnu++0x";
				CLANG_CXX_LIBRARY = "libc++";
				CLANG_ENABLE_MODULES = YES;
				CLANG_ENABLE_OBJC_ARC = YES;
				CLANG_WARN_BOOL_CONVERSION = YES;
				CLANG_WARN_CONSTANT_CONVERSION = YES;
				CLANG_WARN_DIRECT_OBJC_ISA_USAGE = YES_ERROR;
				CLANG_WARN_EMPTY_BODY = YES;
				CLANG_WARN_ENUM_CONVERSION = YES;
				CLANG_WARN_INT_CONVERSION = YES;
				CLANG_WARN_OBJC_ROOT_CLASS = YES_ERROR;
				CLANG_WARN_UNREACHABLE_CODE = YES;
				CLANG_WARN__DUPLICATE_METHOD_MATCH = YES;
				"CODE_SIGN_IDENTITY[sdk=iphoneos*]" = "iPhone Developer";
				COPY_PHASE_STRIP = NO;
				ENABLE_STRICT_OBJC_MSGSEND = YES;
				GCC_C_LANGUAGE_STANDARD = gnu99;
				GCC_DYNAMIC_NO_PIC = NO;
				GCC_OPTIMIZATION_LEVEL = 0;
				GCC_PREPROCESSOR_DEFINITIONS = (
					"DEBUG=1",
					"$(inherited)",
				);
				GCC_SYMBOLS_PRIVATE_EXTERN = NO;
				GCC_WARN_64_TO_32_BIT_CONVERSION = YES;
				GCC_WARN_ABOUT_RETURN_TYPE = YES_ERROR;
				GCC_WARN_UNDECLARED_SELECTOR = YES;
				GCC_WARN_UNINITIALIZED_AUTOS = YES_AGGRESSIVE;
				GCC_WARN_UNUSED_FUNCTION = YES;
				GCC_WARN_UNUSED_VARIABLE = YES;
				IPHONEOS_DEPLOYMENT_TARGET = 8.1;
				MTL_ENABLE_DEBUG_INFO = YES;
				ONLY_ACTIVE_ARCH = YES;
				SDKROOT = iphoneos;
				SWIFT_OPTIMIZATION_LEVEL = "-Onone";
			};
			name = Debug;
		};
		D7455E071A48FDA300A52006 /* Release */ = {
			isa = XCBuildConfiguration;
			buildSettings = {
				ALWAYS_SEARCH_USER_PATHS = NO;
				CLANG_CXX_LANGUAGE_STANDARD = "gnu++0x";
				CLANG_CXX_LIBRARY = "libc++";
				CLANG_ENABLE_MODULES = YES;
				CLANG_ENABLE_OBJC_ARC = YES;
				CLANG_WARN_BOOL_CONVERSION = YES;
				CLANG_WARN_CONSTANT_CONVERSION = YES;
				CLANG_WARN_DIRECT_OBJC_ISA_USAGE = YES_ERROR;
				CLANG_WARN_EMPTY_BODY = YES;
				CLANG_WARN_ENUM_CONVERSION = YES;
				CLANG_WARN_INT_CONVERSION = YES;
				CLANG_WARN_OBJC_ROOT_CLASS = YES_ERROR;
				CLANG_WARN_UNREACHABLE_CODE = YES;
				CLANG_WARN__DUPLICATE_METHOD_MATCH = YES;
				"CODE_SIGN_IDENTITY[sdk=iphoneos*]" = "iPhone Developer";
				COPY_PHASE_STRIP = YES;
				ENABLE_NS_ASSERTIONS = NO;
				ENABLE_STRICT_OBJC_MSGSEND = YES;
				GCC_C_LANGUAGE_STANDARD = gnu99;
				GCC_WARN_64_TO_32_BIT_CONVERSION = YES;
				GCC_WARN_ABOUT_RETURN_TYPE = YES_ERROR;
				GCC_WARN_UNDECLARED_SELECTOR = YES;
				GCC_WARN_UNINITIALIZED_AUTOS = YES_AGGRESSIVE;
				GCC_WARN_UNUSED_FUNCTION = YES;
				GCC_WARN_UNUSED_VARIABLE = YES;
				IPHONEOS_DEPLOYMENT_TARGET = 8.1;
				MTL_ENABLE_DEBUG_INFO = NO;
				SDKROOT = iphoneos;
				VALIDATE_PRODUCT = YES;
			};
			name = Release;
		};
		D7455E091A48FDA300A52006 /* Debug */ = {
			isa = XCBuildConfiguration;
			buildSettings = {
				ASSETCATALOG_COMPILER_APPICON_NAME = AppIcon;
				INFOPLIST_FILE = "Is it Prime/Info.plist";
				LD_RUNPATH_SEARCH_PATHS = "$(inherited) @executable_path/Frameworks";
				PRODUCT_NAME = "$(TARGET_NAME)";
			};
			name = Debug;
		};
		D7455E0A1A48FDA300A52006 /* Release */ = {
			isa = XCBuildConfiguration;
			buildSettings = {
				ASSETCATALOG_COMPILER_APPICON_NAME = AppIcon;
				INFOPLIST_FILE = "Is it Prime/Info.plist";
				LD_RUNPATH_SEARCH_PATHS = "$(inherited) @executable_path/Frameworks";
				PRODUCT_NAME = "$(TARGET_NAME)";
			};
			name = Release;
		};
		D7455E0C1A48FDA300A52006 /* Debug */ = {
			isa = XCBuildConfiguration;
			buildSettings = {
				BUNDLE_LOADER = "$(TEST_HOST)";
				FRAMEWORK_SEARCH_PATHS = (
					"$(SDKROOT)/Developer/Library/Frameworks",
					"$(inherited)",
				);
				GCC_PREPROCESSOR_DEFINITIONS = (
					"DEBUG=1",
					"$(inherited)",
				);
				INFOPLIST_FILE = "Is it PrimeTests/Info.plist";
				LD_RUNPATH_SEARCH_PATHS = "$(inherited) @executable_path/Frameworks @loader_path/Frameworks";
				PRODUCT_NAME = "$(TARGET_NAME)";
				TEST_HOST = "$(BUILT_PRODUCTS_DIR)/Is it Prime.app/Is it Prime";
			};
			name = Debug;
		};
		D7455E0D1A48FDA300A52006 /* Release */ = {
			isa = XCBuildConfiguration;
			buildSettings = {
				BUNDLE_LOADER = "$(TEST_HOST)";
				FRAMEWORK_SEARCH_PATHS = (
					"$(SDKROOT)/Developer/Library/Frameworks",
					"$(inherited)",
				);
				INFOPLIST_FILE = "Is it PrimeTests/Info.plist";
				LD_RUNPATH_SEARCH_PATHS = "$(inherited) @executable_path/Frameworks @loader_path/Frameworks";
				PRODUCT_NAME = "$(TARGET_NAME)";
				TEST_HOST = "$(BUILT_PRODUCTS_DIR)/Is it Prime.app/Is it Prime";
			};
			name = Release;
		};
/* End XCBuildConfiguration section */

/* Begin XCConfigurationList section */
		D7455DE41A48FDA300A52006 /* Build configuration list for PBXProject "Is it Prime" */ = {
			isa = XCConfigurationList;
			buildConfigurations = (
				D7455E061A48FDA300A52006 /* Debug */,
				D7455E071A48FDA300A52006 /* Release */,
			);
			defaultConfigurationIsVisible = 0;
			defaultConfigurationName = Release;
		};
		D7455E081A48FDA300A52006 /* Build configuration list for PBXNativeTarget "Is it Prime" */ = {
			isa = XCConfigurationList;
			buildConfigurations = (
				D7455E091A48FDA300A52006 /* Debug */,
				D7455E0A1A48FDA300A52006 /* Release */,
			);
			defaultConfigurationIsVisible = 0;
		};
		D7455E0B1A48FDA300A52006 /* Build configuration list for PBXNativeTarget "Is it PrimeTests" */ = {
			isa = XCConfigurationList;
			buildConfigurations = (
				D7455E0C1A48FDA300A52006 /* Debug */,
				D7455E0D1A48FDA300A52006 /* Release */,
			);
			defaultConfigurationIsVisible = 0;
		};
/* End XCConfigurationList section */
	};
	rootObject = D7455DE11A48FDA300A52006 /* Project object */;
}
